
Microsoft Visual Studio Solution File, Format Version 12.00
# Visual Studio 14
VisualStudioVersion = 14.0.25420.1
MinimumVisualStudioVersion = 10.0.40219.1
Project("{FAE04EC0-301F-11D3-BF4B-00C04F79EFBC}") = "Sample.Windows81", "Sample.Windows81\Sample.Windows81.csproj", "{A1A4356B-0505-49F7-8AE4-ED7C83FF98F4}"
EndProject
Project("{D954291E-2A0B-460D-934E-DC6B0785DB48}") = "SignaturePad.Shared", "..\..\src\SignaturePad.Shared\SignaturePad.Shared.shproj", "{05D1E7C0-73FC-41DE-A7D6-01AE4C1A4DD3}"
EndProject
Project("{FAE04EC0-301F-11D3-BF4B-00C04F79EFBC}") = "SignaturePad.Windows81", "..\..\src\SignaturePad.Windows81\SignaturePad.Windows81.csproj", "{D084E70F-D32B-4E17-8583-73BFA4D1EDE6}"
EndProject
Global
	GlobalSection(SharedMSBuildProjectFiles) = preSolution
		..\..\src\SignaturePad.Shared\SignaturePad.Shared.projitems*{05d1e7c0-73fc-41de-a7d6-01ae4c1a4dd3}*SharedItemsImports = 13
		..\..\src\SignaturePad.Shared\SignaturePad.Shared.projitems*{d084e70f-d32b-4e17-8583-73bfa4d1ede6}*SharedItemsImports = 4
	EndGlobalSection
	GlobalSection(SolutionConfigurationPlatforms) = preSolution
		Debug|Any CPU = Debug|Any CPU
		Debug|ARM = Debug|ARM
		Debug|x64 = Debug|x64
		Debug|x86 = Debug|x86
		Release|Any CPU = Release|Any CPU
		Release|ARM = Release|ARM
		Release|x64 = Release|x64
		Release|x86 = Release|x86
	EndGlobalSection
	GlobalSection(ProjectConfigurationPlatforms) = postSolution
		{A1A4356B-0505-49F7-8AE4-ED7C83FF98F4}.Debug|Any CPU.ActiveCfg = Debug|Any CPU
		{A1A4356B-0505-49F7-8AE4-ED7C83FF98F4}.Debug|Any CPU.Build.0 = Debug|Any CPU
		{A1A4356B-0505-49F7-8AE4-ED7C83FF98F4}.Debug|Any CPU.Deploy.0 = Debug|Any CPU
		{A1A4356B-0505-49F7-8AE4-ED7C83FF98F4}.Debug|ARM.ActiveCfg = Debug|ARM
		{A1A4356B-0505-49F7-8AE4-ED7C83FF98F4}.Debug|ARM.Build.0 = Debug|ARM
		{A1A4356B-0505-49F7-8AE4-ED7C83FF98F4}.Debug|ARM.Deploy.0 = Debug|ARM
		{A1A4356B-0505-49F7-8AE4-ED7C83FF98F4}.Debug|x64.ActiveCfg = Debug|x64
		{A1A4356B-0505-49F7-8AE4-ED7C83FF98F4}.Debug|x64.Build.0 = Debug|x64
		{A1A4356B-0505-49F7-8AE4-ED7C83FF98F4}.Debug|x64.Deploy.0 = Debug|x64
		{A1A4356B-0505-49F7-8AE4-ED7C83FF98F4}.Debug|x86.ActiveCfg = Debug|x86
		{A1A4356B-0505-49F7-8AE4-ED7C83FF98F4}.Debug|x86.Build.0 = Debug|x86
		{A1A4356B-0505-49F7-8AE4-ED7C83FF98F4}.Debug|x86.Deploy.0 = Debug|x86
		{A1A4356B-0505-49F7-8AE4-ED7C83FF98F4}.Release|Any CPU.ActiveCfg = Release|Any CPU
		{A1A4356B-0505-49F7-8AE4-ED7C83FF98F4}.Release|Any CPU.Build.0 = Release|Any CPU
		{A1A4356B-0505-49F7-8AE4-ED7C83FF98F4}.Release|Any CPU.Deploy.0 = Release|Any CPU
		{A1A4356B-0505-49F7-8AE4-ED7C83FF98F4}.Release|ARM.ActiveCfg = Release|ARM
		{A1A4356B-0505-49F7-8AE4-ED7C83FF98F4}.Release|ARM.Build.0 = Release|ARM
		{A1A4356B-0505-49F7-8AE4-ED7C83FF98F4}.Release|ARM.Deploy.0 = Release|ARM
		{A1A4356B-0505-49F7-8AE4-ED7C83FF98F4}.Release|x64.ActiveCfg = Release|x64
		{A1A4356B-0505-49F7-8AE4-ED7C83FF98F4}.Release|x64.Build.0 = Release|x64
		{A1A4356B-0505-49F7-8AE4-ED7C83FF98F4}.Release|x64.Deploy.0 = Release|x64
		{A1A4356B-0505-49F7-8AE4-ED7C83FF98F4}.Release|x86.ActiveCfg = Release|x86
		{A1A4356B-0505-49F7-8AE4-ED7C83FF98F4}.Release|x86.Build.0 = Release|x86
		{A1A4356B-0505-49F7-8AE4-ED7C83FF98F4}.Release|x86.Deploy.0 = Release|x86
		{D084E70F-D32B-4E17-8583-73BFA4D1EDE6}.Debug|Any CPU.ActiveCfg = Debug|Any CPU
		{D084E70F-D32B-4E17-8583-73BFA4D1EDE6}.Debug|Any CPU.Build.0 = Debug|Any CPU
		{D084E70F-D32B-4E17-8583-73BFA4D1EDE6}.Debug|ARM.ActiveCfg = Debug|Any CPU
		{D084E70F-D32B-4E17-8583-73BFA4D1EDE6}.Debug|ARM.Build.0 = Debug|Any CPU
		{D084E70F-D32B-4E17-8583-73BFA4D1EDE6}.Debug|x64.ActiveCfg = Debug|Any CPU
		{D084E70F-D32B-4E17-8583-73BFA4D1EDE6}.Debug|x64.Build.0 = Debug|Any CPU
		{D084E70F-D32B-4E17-8583-73BFA4D1EDE6}.Debug|x86.ActiveCfg = Debug|Any CPU
		{D084E70F-D32B-4E17-8583-73BFA4D1EDE6}.Debug|x86.Build.0 = Debug|Any CPU
		{D084E70F-D32B-4E17-8583-73BFA4D1EDE6}.Release|Any CPU.ActiveCfg = Release|Any CPU
		{D084E70F-D32B-4E17-8583-73BFA4D1EDE6}.Release|Any CPU.Build.0 = Release|Any CPU
		{D084E70F-D32B-4E17-8583-73BFA4D1EDE6}.Release|ARM.ActiveCfg = Release|Any CPU
		{D084E70F-D32B-4E17-8583-73BFA4D1EDE6}.Release|ARM.Build.0 = Release|Any CPU
		{D084E70F-D32B-4E17-8583-73BFA4D1EDE6}.Release|x64.ActiveCfg = Release|Any CPU
		{D084E70F-D32B-4E17-8583-73BFA4D1EDE6}.Release|x64.Build.0 = Release|Any CPU
		{D084E70F-D32B-4E17-8583-73BFA4D1EDE6}.Release|x86.ActiveCfg = Release|Any CPU
		{D084E70F-D32B-4E17-8583-73BFA4D1EDE6}.Release|x86.Build.0 = Release|Any CPU
	EndGlobalSection
	GlobalSection(SolutionProperties) = preSolution
		HideSolutionNode = FALSE
	EndGlobalSection
EndGlobal
