
Microsoft Visual Studio Solution File, Format Version 12.00
# Visual Studio 15
VisualStudioVersion = 15.0.26228.10
MinimumVisualStudioVersion = 10.0.40219.1
Project("{FAE04EC0-301F-11D3-BF4B-00C04F79EFBC}") = "Sample.Android", "Sample.Android.csproj", "{B07C8650-5086-4650-AC6F-ACCF1291A952}"
EndProject
Project("{FAE04EC0-301F-11D3-BF4B-00C04F79EFBC}") = "SignaturePad.Android", "..\..\src\SignaturePad.Android\SignaturePad.Android.csproj", "{F1A16CB9-A759-42C8-8F0B-3C9698A55336}"
EndProject
Project("{D954291E-2A0B-460D-934E-DC6B0785DB48}") = "SignaturePad.Shared", "..\..\src\SignaturePad.Shared\SignaturePad.Shared.shproj", "{05D1E7C0-73FC-41DE-A7D6-01AE4C1A4DD3}"
EndProject
Global
	GlobalSection(SharedMSBuildProjectFiles) = preSolution
		..\..\src\SignaturePad.Shared\SignaturePad.Shared.projitems*{05d1e7c0-73fc-41de-a7d6-01ae4c1a4dd3}*SharedItemsImports = 13
		..\..\src\SignaturePad.InkPresenter.Shared\SignaturePad.InkPresenter.Shared.projitems*{f1a16cb9-a759-42c8-8f0b-3c9698a55336}*SharedItemsImports = 4
		..\..\src\SignaturePad.Shared\SignaturePad.Shared.projitems*{f1a16cb9-a759-42c8-8f0b-3c9698a55336}*SharedItemsImports = 4
	EndGlobalSection
	GlobalSection(SolutionConfigurationPlatforms) = preSolution
		Debug|Any CPU = Debug|Any CPU
		Release|Any CPU = Release|Any CPU
	EndGlobalSection
	GlobalSection(ProjectConfigurationPlatforms) = postSolution
		{B07C8650-5086-4650-AC6F-ACCF1291A952}.Debug|Any CPU.ActiveCfg = Debug|Any CPU
		{B07C8650-5086-4650-AC6F-ACCF1291A952}.Debug|Any CPU.Build.0 = Debug|Any CPU
		{B07C8650-5086-4650-AC6F-ACCF1291A952}.Debug|Any CPU.Deploy.0 = Debug|Any CPU
		{B07C8650-5086-4650-AC6F-ACCF1291A952}.Release|Any CPU.ActiveCfg = Release|Any CPU
		{B07C8650-5086-4650-AC6F-ACCF1291A952}.Release|Any CPU.Build.0 = Release|Any CPU
		{B07C8650-5086-4650-AC6F-ACCF1291A952}.Release|Any CPU.Deploy.0 = Release|Any CPU
		{F1A16CB9-A759-42C8-8F0B-3C9698A55336}.Debug|Any CPU.ActiveCfg = Debug|Any CPU
		{F1A16CB9-A759-42C8-8F0B-3C9698A55336}.Debug|Any CPU.Build.0 = Debug|Any CPU
		{F1A16CB9-A759-42C8-8F0B-3C9698A55336}.Release|Any CPU.ActiveCfg = Release|Any CPU
		{F1A16CB9-A759-42C8-8F0B-3C9698A55336}.Release|Any CPU.Build.0 = Release|Any CPU
	EndGlobalSection
	GlobalSection(SolutionProperties) = preSolution
		HideSolutionNode = FALSE
	EndGlobalSection
	GlobalSection(MonoDevelopProperties) = preSolution
		StartupItem = Sample.Android.csproj
	EndGlobalSection
EndGlobal
