
Microsoft Visual Studio Solution File, Format Version 12.00
# Visual Studio 14
VisualStudioVersion = 14.0.25123.0
MinimumVisualStudioVersion = 10.0.40219.1
Project("{FAE04EC0-301F-11D3-BF4B-00C04F79EFBC}") = "Sample.WP7", "Sample.WP7.csproj", "{CBF96D56-4CC2-41C3-8A1F-C5B8FF0663CD}"
EndProject
Project("{FAE04EC0-301F-11D3-BF4B-00C04F79EFBC}") = "SignaturePad.WP7", "..\..\src\SignaturePad.WP7\SignaturePad.WP7.csproj", "{105D08DE-982A-4F39-9FB2-82735CF2F3F1}"
EndProject
Global
	GlobalSection(SolutionConfigurationPlatforms) = preSolution
		Debug|Any CPU = Debug|Any CPU
		Debug|ARM = Debug|ARM
		Debug|x86 = Debug|x86
		Release|Any CPU = Release|Any CPU
		Release|ARM = Release|ARM
		Release|x86 = Release|x86
	EndGlobalSection
	GlobalSection(ProjectConfigurationPlatforms) = postSolution
		{CBF96D56-4CC2-41C3-8A1F-C5B8FF0663CD}.Debug|Any CPU.ActiveCfg = Debug|Any CPU
		{CBF96D56-4CC2-41C3-8A1F-C5B8FF0663CD}.Debug|Any CPU.Build.0 = Debug|Any CPU
		{CBF96D56-4CC2-41C3-8A1F-C5B8FF0663CD}.Debug|Any CPU.Deploy.0 = Debug|Any CPU
		{CBF96D56-4CC2-41C3-8A1F-C5B8FF0663CD}.Debug|ARM.ActiveCfg = Debug|ARM
		{CBF96D56-4CC2-41C3-8A1F-C5B8FF0663CD}.Debug|ARM.Build.0 = Debug|ARM
		{CBF96D56-4CC2-41C3-8A1F-C5B8FF0663CD}.Debug|ARM.Deploy.0 = Debug|ARM
		{CBF96D56-4CC2-41C3-8A1F-C5B8FF0663CD}.Debug|x86.ActiveCfg = Debug|x86
		{CBF96D56-4CC2-41C3-8A1F-C5B8FF0663CD}.Debug|x86.Build.0 = Debug|x86
		{CBF96D56-4CC2-41C3-8A1F-C5B8FF0663CD}.Debug|x86.Deploy.0 = Debug|x86
		{CBF96D56-4CC2-41C3-8A1F-C5B8FF0663CD}.Release|Any CPU.ActiveCfg = Release|Any CPU
		{CBF96D56-4CC2-41C3-8A1F-C5B8FF0663CD}.Release|Any CPU.Build.0 = Release|Any CPU
		{CBF96D56-4CC2-41C3-8A1F-C5B8FF0663CD}.Release|Any CPU.Deploy.0 = Release|Any CPU
		{CBF96D56-4CC2-41C3-8A1F-C5B8FF0663CD}.Release|ARM.ActiveCfg = Release|ARM
		{CBF96D56-4CC2-41C3-8A1F-C5B8FF0663CD}.Release|ARM.Build.0 = Release|ARM
		{CBF96D56-4CC2-41C3-8A1F-C5B8FF0663CD}.Release|ARM.Deploy.0 = Release|ARM
		{CBF96D56-4CC2-41C3-8A1F-C5B8FF0663CD}.Release|x86.ActiveCfg = Release|x86
		{CBF96D56-4CC2-41C3-8A1F-C5B8FF0663CD}.Release|x86.Build.0 = Release|x86
		{CBF96D56-4CC2-41C3-8A1F-C5B8FF0663CD}.Release|x86.Deploy.0 = Release|x86
		{105D08DE-982A-4F39-9FB2-82735CF2F3F1}.Debug|Any CPU.ActiveCfg = Debug|Any CPU
		{105D08DE-982A-4F39-9FB2-82735CF2F3F1}.Debug|Any CPU.Build.0 = Debug|Any CPU
		{105D08DE-982A-4F39-9FB2-82735CF2F3F1}.Debug|ARM.ActiveCfg = Debug|ARM
		{105D08DE-982A-4F39-9FB2-82735CF2F3F1}.Debug|ARM.Build.0 = Debug|ARM
		{105D08DE-982A-4F39-9FB2-82735CF2F3F1}.Debug|x86.ActiveCfg = Debug|x86
		{105D08DE-982A-4F39-9FB2-82735CF2F3F1}.Debug|x86.Build.0 = Debug|x86
		{105D08DE-982A-4F39-9FB2-82735CF2F3F1}.Release|Any CPU.ActiveCfg = Release|Any CPU
		{105D08DE-982A-4F39-9FB2-82735CF2F3F1}.Release|Any CPU.Build.0 = Release|Any CPU
		{105D08DE-982A-4F39-9FB2-82735CF2F3F1}.Release|ARM.ActiveCfg = Release|ARM
		{105D08DE-982A-4F39-9FB2-82735CF2F3F1}.Release|ARM.Build.0 = Release|ARM
		{105D08DE-982A-4F39-9FB2-82735CF2F3F1}.Release|x86.ActiveCfg = Release|x86
		{105D08DE-982A-4F39-9FB2-82735CF2F3F1}.Release|x86.Build.0 = Release|x86
	EndGlobalSection
	GlobalSection(SolutionProperties) = preSolution
		HideSolutionNode = FALSE
	EndGlobalSection
EndGlobal
