
Microsoft Visual Studio Solution File, Format Version 11.00
# Visual Studio 2010
Project("{FAE04EC0-301F-11D3-BF4B-00C04F79EFBC}") = "Sample.WP7", "Sample.WP7.csproj", "{CBF96D56-4CC2-41C3-8A1F-C5B8FF0663CD}"
EndProject
Global
	GlobalSection(SolutionConfigurationPlatforms) = preSolution
		Debug|Any CPU = Debug|Any CPU
		Release|Any CPU = Release|Any CPU
	EndGlobalSection
	GlobalSection(ProjectConfigurationPlatforms) = postSolution
		{CBF96D56-4CC2-41C3-8A1F-C5B8FF0663CD}.Debug|Any CPU.ActiveCfg = Debug|Any CPU
		{CBF96D56-4CC2-41C3-8A1F-C5B8FF0663CD}.Debug|Any CPU.Build.0 = Debug|Any CPU
		{CBF96D56-4CC2-41C3-8A1F-C5B8FF0663CD}.Debug|Any CPU.Deploy.0 = Debug|Any CPU
		{CBF96D56-4CC2-41C3-8A1F-C5B8FF0663CD}.Release|Any CPU.ActiveCfg = Release|Any CPU
		{CBF96D56-4CC2-41C3-8A1F-C5B8FF0663CD}.Release|Any CPU.Build.0 = Release|Any CPU
		{CBF96D56-4CC2-41C3-8A1F-C5B8FF0663CD}.Release|Any CPU.Deploy.0 = Release|Any CPU
	EndGlobalSection
	GlobalSection(SolutionProperties) = preSolution
		HideSolutionNode = FALSE
	EndGlobalSection
EndGlobal
