
Microsoft Visual Studio Solution File, Format Version 12.00
# Visual Studio 15
VisualStudioVersion = 15.0.26228.10
MinimumVisualStudioVersion = 10.0.40219.1
Project("{9A19103F-16F7-4668-BE54-9A1E7A4F7556}") = "SignaturePad.iOS", "..\..\src\SignaturePad.iOS\SignaturePad.iOS.csproj", "{BEF71536-787B-431F-AC7F-A6469710D11F}"
EndProject
Project("{9A19103F-16F7-4668-BE54-9A1E7A4F7556}") = "SignaturePad.Android", "..\..\src\SignaturePad.Android\SignaturePad.Android.csproj", "{F1A16CB9-A759-42C8-8F0B-3C9698A55336}"
EndProject
Project("{9A19103F-16F7-4668-BE54-9A1E7A4F7556}") = "SignaturePad.Forms", "..\..\src\SignaturePad.Forms\SignaturePad.Forms.csproj", "{B2AF970D-D640-451C-95AF-92AF531B8C1E}"
EndProject
Project("{9A19103F-16F7-4668-BE54-9A1E7A4F7556}") = "SignaturePad.Forms.Droid", "..\..\src\SignaturePad.Forms.Droid\SignaturePad.Forms.Droid.csproj", "{1D5482F6-AA89-422C-9E34-88A8A1AD8AB6}"
EndProject
Project("{9A19103F-16F7-4668-BE54-9A1E7A4F7556}") = "SignaturePad.Forms.iOS", "..\..\src\SignaturePad.Forms.iOS\SignaturePad.Forms.iOS.csproj", "{B12D20AA-0EDF-4903-B385-BB8090848532}"
EndProject
Project("{9A19103F-16F7-4668-BE54-9A1E7A4F7556}") = "Samples", "Samples\Samples.csproj", "{CC18E151-5792-4DA5-ADE6-7CFBA16A593E}"
EndProject
Project("{FAE04EC0-301F-11D3-BF4B-00C04F79EFBC}") = "Samples.Android", "Samples.Android\Samples.Android.csproj", "{3AC4ED82-3D1E-4767-8C17-39EF6337AA64}"
EndProject
Project("{FAE04EC0-301F-11D3-BF4B-00C04F79EFBC}") = "Samples.iOS", "Samples.iOS\Samples.iOS.csproj", "{2142B859-21E9-484D-880A-26AD708569DB}"
EndProject
Project("{FAE04EC0-301F-11D3-BF4B-00C04F79EFBC}") = "Samples.UWP", "Samples.UWP\Samples.UWP.csproj", "{DDFB13E8-92EC-4F6F-AAEF-90A71F12812E}"
EndProject
Project("{9A19103F-16F7-4668-BE54-9A1E7A4F7556}") = "SignaturePad.UWP", "..\..\src\SignaturePad.UWP\SignaturePad.UWP.csproj", "{16131FDC-D50B-4EF2-8ECC-661184FF80DB}"
EndProject
Project("{9A19103F-16F7-4668-BE54-9A1E7A4F7556}") = "SignaturePad.Forms.UWP", "..\..\src\SignaturePad.Forms.UWP\SignaturePad.Forms.UWP.csproj", "{6FC62387-6717-4577-A48B-D15848741F08}"
EndProject
Global
	GlobalSection(SolutionConfigurationPlatforms) = preSolution
		Debug|Any CPU = Debug|Any CPU
		Debug|ARM = Debug|ARM
		Debug|iPhone = Debug|iPhone
		Debug|iPhoneSimulator = Debug|iPhoneSimulator
		Debug|x64 = Debug|x64
		Debug|x86 = Debug|x86
		Release|Any CPU = Release|Any CPU
		Release|ARM = Release|ARM
		Release|iPhone = Release|iPhone
		Release|iPhoneSimulator = Release|iPhoneSimulator
		Release|x64 = Release|x64
		Release|x86 = Release|x86
	EndGlobalSection
	GlobalSection(ProjectConfigurationPlatforms) = postSolution
		{BEF71536-787B-431F-AC7F-A6469710D11F}.Debug|Any CPU.ActiveCfg = Debug|Any CPU
		{BEF71536-787B-431F-AC7F-A6469710D11F}.Debug|Any CPU.Build.0 = Debug|Any CPU
		{BEF71536-787B-431F-AC7F-A6469710D11F}.Debug|ARM.ActiveCfg = Debug|Any CPU
		{BEF71536-787B-431F-AC7F-A6469710D11F}.Debug|ARM.Build.0 = Debug|Any CPU
		{BEF71536-787B-431F-AC7F-A6469710D11F}.Debug|iPhone.ActiveCfg = Debug|Any CPU
		{BEF71536-787B-431F-AC7F-A6469710D11F}.Debug|iPhone.Build.0 = Debug|Any CPU
		{BEF71536-787B-431F-AC7F-A6469710D11F}.Debug|iPhoneSimulator.ActiveCfg = Debug|Any CPU
		{BEF71536-787B-431F-AC7F-A6469710D11F}.Debug|iPhoneSimulator.Build.0 = Debug|Any CPU
		{BEF71536-787B-431F-AC7F-A6469710D11F}.Debug|x64.ActiveCfg = Debug|Any CPU
		{BEF71536-787B-431F-AC7F-A6469710D11F}.Debug|x64.Build.0 = Debug|Any CPU
		{BEF71536-787B-431F-AC7F-A6469710D11F}.Debug|x86.ActiveCfg = Debug|Any CPU
		{BEF71536-787B-431F-AC7F-A6469710D11F}.Debug|x86.Build.0 = Debug|Any CPU
		{BEF71536-787B-431F-AC7F-A6469710D11F}.Release|Any CPU.ActiveCfg = Release|Any CPU
		{BEF71536-787B-431F-AC7F-A6469710D11F}.Release|Any CPU.Build.0 = Release|Any CPU
		{BEF71536-787B-431F-AC7F-A6469710D11F}.Release|ARM.ActiveCfg = Release|Any CPU
		{BEF71536-787B-431F-AC7F-A6469710D11F}.Release|ARM.Build.0 = Release|Any CPU
		{BEF71536-787B-431F-AC7F-A6469710D11F}.Release|iPhone.ActiveCfg = Release|Any CPU
		{BEF71536-787B-431F-AC7F-A6469710D11F}.Release|iPhone.Build.0 = Release|Any CPU
		{BEF71536-787B-431F-AC7F-A6469710D11F}.Release|iPhoneSimulator.ActiveCfg = Release|Any CPU
		{BEF71536-787B-431F-AC7F-A6469710D11F}.Release|iPhoneSimulator.Build.0 = Release|Any CPU
		{BEF71536-787B-431F-AC7F-A6469710D11F}.Release|x64.ActiveCfg = Release|Any CPU
		{BEF71536-787B-431F-AC7F-A6469710D11F}.Release|x64.Build.0 = Release|Any CPU
		{BEF71536-787B-431F-AC7F-A6469710D11F}.Release|x86.ActiveCfg = Release|Any CPU
		{BEF71536-787B-431F-AC7F-A6469710D11F}.Release|x86.Build.0 = Release|Any CPU
		{F1A16CB9-A759-42C8-8F0B-3C9698A55336}.Debug|Any CPU.ActiveCfg = Debug|Any CPU
		{F1A16CB9-A759-42C8-8F0B-3C9698A55336}.Debug|Any CPU.Build.0 = Debug|Any CPU
		{F1A16CB9-A759-42C8-8F0B-3C9698A55336}.Debug|ARM.ActiveCfg = Debug|Any CPU
		{F1A16CB9-A759-42C8-8F0B-3C9698A55336}.Debug|ARM.Build.0 = Debug|Any CPU
		{F1A16CB9-A759-42C8-8F0B-3C9698A55336}.Debug|iPhone.ActiveCfg = Debug|Any CPU
		{F1A16CB9-A759-42C8-8F0B-3C9698A55336}.Debug|iPhone.Build.0 = Debug|Any CPU
		{F1A16CB9-A759-42C8-8F0B-3C9698A55336}.Debug|iPhoneSimulator.ActiveCfg = Debug|Any CPU
		{F1A16CB9-A759-42C8-8F0B-3C9698A55336}.Debug|iPhoneSimulator.Build.0 = Debug|Any CPU
		{F1A16CB9-A759-42C8-8F0B-3C9698A55336}.Debug|x64.ActiveCfg = Debug|Any CPU
		{F1A16CB9-A759-42C8-8F0B-3C9698A55336}.Debug|x64.Build.0 = Debug|Any CPU
		{F1A16CB9-A759-42C8-8F0B-3C9698A55336}.Debug|x86.ActiveCfg = Debug|Any CPU
		{F1A16CB9-A759-42C8-8F0B-3C9698A55336}.Debug|x86.Build.0 = Debug|Any CPU
		{F1A16CB9-A759-42C8-8F0B-3C9698A55336}.Release|Any CPU.ActiveCfg = Release|Any CPU
		{F1A16CB9-A759-42C8-8F0B-3C9698A55336}.Release|Any CPU.Build.0 = Release|Any CPU
		{F1A16CB9-A759-42C8-8F0B-3C9698A55336}.Release|ARM.ActiveCfg = Release|Any CPU
		{F1A16CB9-A759-42C8-8F0B-3C9698A55336}.Release|ARM.Build.0 = Release|Any CPU
		{F1A16CB9-A759-42C8-8F0B-3C9698A55336}.Release|iPhone.ActiveCfg = Release|Any CPU
		{F1A16CB9-A759-42C8-8F0B-3C9698A55336}.Release|iPhone.Build.0 = Release|Any CPU
		{F1A16CB9-A759-42C8-8F0B-3C9698A55336}.Release|iPhoneSimulator.ActiveCfg = Release|Any CPU
		{F1A16CB9-A759-42C8-8F0B-3C9698A55336}.Release|iPhoneSimulator.Build.0 = Release|Any CPU
		{F1A16CB9-A759-42C8-8F0B-3C9698A55336}.Release|x64.ActiveCfg = Release|Any CPU
		{F1A16CB9-A759-42C8-8F0B-3C9698A55336}.Release|x64.Build.0 = Release|Any CPU
		{F1A16CB9-A759-42C8-8F0B-3C9698A55336}.Release|x86.ActiveCfg = Release|Any CPU
		{F1A16CB9-A759-42C8-8F0B-3C9698A55336}.Release|x86.Build.0 = Release|Any CPU
		{B2AF970D-D640-451C-95AF-92AF531B8C1E}.Debug|Any CPU.ActiveCfg = Debug|Any CPU
		{B2AF970D-D640-451C-95AF-92AF531B8C1E}.Debug|Any CPU.Build.0 = Debug|Any CPU
		{B2AF970D-D640-451C-95AF-92AF531B8C1E}.Debug|ARM.ActiveCfg = Debug|Any CPU
		{B2AF970D-D640-451C-95AF-92AF531B8C1E}.Debug|ARM.Build.0 = Debug|Any CPU
		{B2AF970D-D640-451C-95AF-92AF531B8C1E}.Debug|iPhone.ActiveCfg = Debug|Any CPU
		{B2AF970D-D640-451C-95AF-92AF531B8C1E}.Debug|iPhone.Build.0 = Debug|Any CPU
		{B2AF970D-D640-451C-95AF-92AF531B8C1E}.Debug|iPhoneSimulator.ActiveCfg = Debug|Any CPU
		{B2AF970D-D640-451C-95AF-92AF531B8C1E}.Debug|iPhoneSimulator.Build.0 = Debug|Any CPU
		{B2AF970D-D640-451C-95AF-92AF531B8C1E}.Debug|x64.ActiveCfg = Debug|Any CPU
		{B2AF970D-D640-451C-95AF-92AF531B8C1E}.Debug|x64.Build.0 = Debug|Any CPU
		{B2AF970D-D640-451C-95AF-92AF531B8C1E}.Debug|x86.ActiveCfg = Debug|Any CPU
		{B2AF970D-D640-451C-95AF-92AF531B8C1E}.Debug|x86.Build.0 = Debug|Any CPU
		{B2AF970D-D640-451C-95AF-92AF531B8C1E}.Release|Any CPU.ActiveCfg = Release|Any CPU
		{B2AF970D-D640-451C-95AF-92AF531B8C1E}.Release|Any CPU.Build.0 = Release|Any CPU
		{B2AF970D-D640-451C-95AF-92AF531B8C1E}.Release|ARM.ActiveCfg = Release|Any CPU
		{B2AF970D-D640-451C-95AF-92AF531B8C1E}.Release|ARM.Build.0 = Release|Any CPU
		{B2AF970D-D640-451C-95AF-92AF531B8C1E}.Release|iPhone.ActiveCfg = Release|Any CPU
		{B2AF970D-D640-451C-95AF-92AF531B8C1E}.Release|iPhone.Build.0 = Release|Any CPU
		{B2AF970D-D640-451C-95AF-92AF531B8C1E}.Release|iPhoneSimulator.ActiveCfg = Release|Any CPU
		{B2AF970D-D640-451C-95AF-92AF531B8C1E}.Release|iPhoneSimulator.Build.0 = Release|Any CPU
		{B2AF970D-D640-451C-95AF-92AF531B8C1E}.Release|x64.ActiveCfg = Release|Any CPU
		{B2AF970D-D640-451C-95AF-92AF531B8C1E}.Release|x64.Build.0 = Release|Any CPU
		{B2AF970D-D640-451C-95AF-92AF531B8C1E}.Release|x86.ActiveCfg = Release|Any CPU
		{B2AF970D-D640-451C-95AF-92AF531B8C1E}.Release|x86.Build.0 = Release|Any CPU
		{1D5482F6-AA89-422C-9E34-88A8A1AD8AB6}.Debug|Any CPU.ActiveCfg = Debug|Any CPU
		{1D5482F6-AA89-422C-9E34-88A8A1AD8AB6}.Debug|Any CPU.Build.0 = Debug|Any CPU
		{1D5482F6-AA89-422C-9E34-88A8A1AD8AB6}.Debug|ARM.ActiveCfg = Debug|Any CPU
		{1D5482F6-AA89-422C-9E34-88A8A1AD8AB6}.Debug|ARM.Build.0 = Debug|Any CPU
		{1D5482F6-AA89-422C-9E34-88A8A1AD8AB6}.Debug|iPhone.ActiveCfg = Debug|Any CPU
		{1D5482F6-AA89-422C-9E34-88A8A1AD8AB6}.Debug|iPhone.Build.0 = Debug|Any CPU
		{1D5482F6-AA89-422C-9E34-88A8A1AD8AB6}.Debug|iPhoneSimulator.ActiveCfg = Debug|Any CPU
		{1D5482F6-AA89-422C-9E34-88A8A1AD8AB6}.Debug|iPhoneSimulator.Build.0 = Debug|Any CPU
		{1D5482F6-AA89-422C-9E34-88A8A1AD8AB6}.Debug|x64.ActiveCfg = Debug|Any CPU
		{1D5482F6-AA89-422C-9E34-88A8A1AD8AB6}.Debug|x64.Build.0 = Debug|Any CPU
		{1D5482F6-AA89-422C-9E34-88A8A1AD8AB6}.Debug|x86.ActiveCfg = Debug|Any CPU
		{1D5482F6-AA89-422C-9E34-88A8A1AD8AB6}.Debug|x86.Build.0 = Debug|Any CPU
		{1D5482F6-AA89-422C-9E34-88A8A1AD8AB6}.Release|Any CPU.ActiveCfg = Release|Any CPU
		{1D5482F6-AA89-422C-9E34-88A8A1AD8AB6}.Release|Any CPU.Build.0 = Release|Any CPU
		{1D5482F6-AA89-422C-9E34-88A8A1AD8AB6}.Release|ARM.ActiveCfg = Release|Any CPU
		{1D5482F6-AA89-422C-9E34-88A8A1AD8AB6}.Release|ARM.Build.0 = Release|Any CPU
		{1D5482F6-AA89-422C-9E34-88A8A1AD8AB6}.Release|iPhone.ActiveCfg = Release|Any CPU
		{1D5482F6-AA89-422C-9E34-88A8A1AD8AB6}.Release|iPhone.Build.0 = Release|Any CPU
		{1D5482F6-AA89-422C-9E34-88A8A1AD8AB6}.Release|iPhoneSimulator.ActiveCfg = Release|Any CPU
		{1D5482F6-AA89-422C-9E34-88A8A1AD8AB6}.Release|iPhoneSimulator.Build.0 = Release|Any CPU
		{1D5482F6-AA89-422C-9E34-88A8A1AD8AB6}.Release|x64.ActiveCfg = Release|Any CPU
		{1D5482F6-AA89-422C-9E34-88A8A1AD8AB6}.Release|x64.Build.0 = Release|Any CPU
		{1D5482F6-AA89-422C-9E34-88A8A1AD8AB6}.Release|x86.ActiveCfg = Release|Any CPU
		{1D5482F6-AA89-422C-9E34-88A8A1AD8AB6}.Release|x86.Build.0 = Release|Any CPU
		{B12D20AA-0EDF-4903-B385-BB8090848532}.Debug|Any CPU.ActiveCfg = Debug|Any CPU
		{B12D20AA-0EDF-4903-B385-BB8090848532}.Debug|Any CPU.Build.0 = Debug|Any CPU
		{B12D20AA-0EDF-4903-B385-BB8090848532}.Debug|ARM.ActiveCfg = Debug|Any CPU
		{B12D20AA-0EDF-4903-B385-BB8090848532}.Debug|ARM.Build.0 = Debug|Any CPU
		{B12D20AA-0EDF-4903-B385-BB8090848532}.Debug|iPhone.ActiveCfg = Debug|Any CPU
		{B12D20AA-0EDF-4903-B385-BB8090848532}.Debug|iPhone.Build.0 = Debug|Any CPU
		{B12D20AA-0EDF-4903-B385-BB8090848532}.Debug|iPhoneSimulator.ActiveCfg = Debug|Any CPU
		{B12D20AA-0EDF-4903-B385-BB8090848532}.Debug|iPhoneSimulator.Build.0 = Debug|Any CPU
		{B12D20AA-0EDF-4903-B385-BB8090848532}.Debug|x64.ActiveCfg = Debug|Any CPU
		{B12D20AA-0EDF-4903-B385-BB8090848532}.Debug|x64.Build.0 = Debug|Any CPU
		{B12D20AA-0EDF-4903-B385-BB8090848532}.Debug|x86.ActiveCfg = Debug|Any CPU
		{B12D20AA-0EDF-4903-B385-BB8090848532}.Debug|x86.Build.0 = Debug|Any CPU
		{B12D20AA-0EDF-4903-B385-BB8090848532}.Release|Any CPU.ActiveCfg = Release|Any CPU
		{B12D20AA-0EDF-4903-B385-BB8090848532}.Release|Any CPU.Build.0 = Release|Any CPU
		{B12D20AA-0EDF-4903-B385-BB8090848532}.Release|ARM.ActiveCfg = Release|Any CPU
		{B12D20AA-0EDF-4903-B385-BB8090848532}.Release|ARM.Build.0 = Release|Any CPU
		{B12D20AA-0EDF-4903-B385-BB8090848532}.Release|iPhone.ActiveCfg = Release|Any CPU
		{B12D20AA-0EDF-4903-B385-BB8090848532}.Release|iPhone.Build.0 = Release|Any CPU
		{B12D20AA-0EDF-4903-B385-BB8090848532}.Release|iPhoneSimulator.ActiveCfg = Release|Any CPU
		{B12D20AA-0EDF-4903-B385-BB8090848532}.Release|iPhoneSimulator.Build.0 = Release|Any CPU
		{B12D20AA-0EDF-4903-B385-BB8090848532}.Release|x64.ActiveCfg = Release|Any CPU
		{B12D20AA-0EDF-4903-B385-BB8090848532}.Release|x64.Build.0 = Release|Any CPU
		{B12D20AA-0EDF-4903-B385-BB8090848532}.Release|x86.ActiveCfg = Release|Any CPU
		{B12D20AA-0EDF-4903-B385-BB8090848532}.Release|x86.Build.0 = Release|Any CPU
		{CC18E151-5792-4DA5-ADE6-7CFBA16A593E}.Debug|Any CPU.ActiveCfg = Debug|Any CPU
		{CC18E151-5792-4DA5-ADE6-7CFBA16A593E}.Debug|Any CPU.Build.0 = Debug|Any CPU
		{CC18E151-5792-4DA5-ADE6-7CFBA16A593E}.Debug|ARM.ActiveCfg = Debug|Any CPU
		{CC18E151-5792-4DA5-ADE6-7CFBA16A593E}.Debug|ARM.Build.0 = Debug|Any CPU
		{CC18E151-5792-4DA5-ADE6-7CFBA16A593E}.Debug|iPhone.ActiveCfg = Debug|Any CPU
		{CC18E151-5792-4DA5-ADE6-7CFBA16A593E}.Debug|iPhone.Build.0 = Debug|Any CPU
		{CC18E151-5792-4DA5-ADE6-7CFBA16A593E}.Debug|iPhoneSimulator.ActiveCfg = Debug|Any CPU
		{CC18E151-5792-4DA5-ADE6-7CFBA16A593E}.Debug|iPhoneSimulator.Build.0 = Debug|Any CPU
		{CC18E151-5792-4DA5-ADE6-7CFBA16A593E}.Debug|x64.ActiveCfg = Debug|Any CPU
		{CC18E151-5792-4DA5-ADE6-7CFBA16A593E}.Debug|x64.Build.0 = Debug|Any CPU
		{CC18E151-5792-4DA5-ADE6-7CFBA16A593E}.Debug|x86.ActiveCfg = Debug|Any CPU
		{CC18E151-5792-4DA5-ADE6-7CFBA16A593E}.Debug|x86.Build.0 = Debug|Any CPU
		{CC18E151-5792-4DA5-ADE6-7CFBA16A593E}.Release|Any CPU.ActiveCfg = Release|Any CPU
		{CC18E151-5792-4DA5-ADE6-7CFBA16A593E}.Release|Any CPU.Build.0 = Release|Any CPU
		{CC18E151-5792-4DA5-ADE6-7CFBA16A593E}.Release|ARM.ActiveCfg = Release|Any CPU
		{CC18E151-5792-4DA5-ADE6-7CFBA16A593E}.Release|ARM.Build.0 = Release|Any CPU
		{CC18E151-5792-4DA5-ADE6-7CFBA16A593E}.Release|iPhone.ActiveCfg = Release|Any CPU
		{CC18E151-5792-4DA5-ADE6-7CFBA16A593E}.Release|iPhone.Build.0 = Release|Any CPU
		{CC18E151-5792-4DA5-ADE6-7CFBA16A593E}.Release|iPhoneSimulator.ActiveCfg = Release|Any CPU
		{CC18E151-5792-4DA5-ADE6-7CFBA16A593E}.Release|iPhoneSimulator.Build.0 = Release|Any CPU
		{CC18E151-5792-4DA5-ADE6-7CFBA16A593E}.Release|x64.ActiveCfg = Release|Any CPU
		{CC18E151-5792-4DA5-ADE6-7CFBA16A593E}.Release|x64.Build.0 = Release|Any CPU
		{CC18E151-5792-4DA5-ADE6-7CFBA16A593E}.Release|x86.ActiveCfg = Release|Any CPU
		{CC18E151-5792-4DA5-ADE6-7CFBA16A593E}.Release|x86.Build.0 = Release|Any CPU
		{3AC4ED82-3D1E-4767-8C17-39EF6337AA64}.Debug|Any CPU.ActiveCfg = Debug|Any CPU
		{3AC4ED82-3D1E-4767-8C17-39EF6337AA64}.Debug|Any CPU.Build.0 = Debug|Any CPU
		{3AC4ED82-3D1E-4767-8C17-39EF6337AA64}.Debug|Any CPU.Deploy.0 = Debug|Any CPU
		{3AC4ED82-3D1E-4767-8C17-39EF6337AA64}.Debug|ARM.ActiveCfg = Debug|Any CPU
		{3AC4ED82-3D1E-4767-8C17-39EF6337AA64}.Debug|ARM.Build.0 = Debug|Any CPU
		{3AC4ED82-3D1E-4767-8C17-39EF6337AA64}.Debug|ARM.Deploy.0 = Debug|Any CPU
		{3AC4ED82-3D1E-4767-8C17-39EF6337AA64}.Debug|iPhone.ActiveCfg = Debug|Any CPU
		{3AC4ED82-3D1E-4767-8C17-39EF6337AA64}.Debug|iPhone.Build.0 = Debug|Any CPU
		{3AC4ED82-3D1E-4767-8C17-39EF6337AA64}.Debug|iPhone.Deploy.0 = Debug|Any CPU
		{3AC4ED82-3D1E-4767-8C17-39EF6337AA64}.Debug|iPhoneSimulator.ActiveCfg = Debug|Any CPU
		{3AC4ED82-3D1E-4767-8C17-39EF6337AA64}.Debug|iPhoneSimulator.Build.0 = Debug|Any CPU
		{3AC4ED82-3D1E-4767-8C17-39EF6337AA64}.Debug|iPhoneSimulator.Deploy.0 = Debug|Any CPU
		{3AC4ED82-3D1E-4767-8C17-39EF6337AA64}.Debug|x64.ActiveCfg = Debug|Any CPU
		{3AC4ED82-3D1E-4767-8C17-39EF6337AA64}.Debug|x64.Build.0 = Debug|Any CPU
		{3AC4ED82-3D1E-4767-8C17-39EF6337AA64}.Debug|x64.Deploy.0 = Debug|Any CPU
		{3AC4ED82-3D1E-4767-8C17-39EF6337AA64}.Debug|x86.ActiveCfg = Debug|Any CPU
		{3AC4ED82-3D1E-4767-8C17-39EF6337AA64}.Debug|x86.Build.0 = Debug|Any CPU
		{3AC4ED82-3D1E-4767-8C17-39EF6337AA64}.Debug|x86.Deploy.0 = Debug|Any CPU
		{3AC4ED82-3D1E-4767-8C17-39EF6337AA64}.Release|Any CPU.ActiveCfg = Release|Any CPU
		{3AC4ED82-3D1E-4767-8C17-39EF6337AA64}.Release|Any CPU.Build.0 = Release|Any CPU
		{3AC4ED82-3D1E-4767-8C17-39EF6337AA64}.Release|Any CPU.Deploy.0 = Release|Any CPU
		{3AC4ED82-3D1E-4767-8C17-39EF6337AA64}.Release|ARM.ActiveCfg = Release|Any CPU
		{3AC4ED82-3D1E-4767-8C17-39EF6337AA64}.Release|ARM.Build.0 = Release|Any CPU
		{3AC4ED82-3D1E-4767-8C17-39EF6337AA64}.Release|ARM.Deploy.0 = Release|Any CPU
		{3AC4ED82-3D1E-4767-8C17-39EF6337AA64}.Release|iPhone.ActiveCfg = Release|Any CPU
		{3AC4ED82-3D1E-4767-8C17-39EF6337AA64}.Release|iPhone.Build.0 = Release|Any CPU
		{3AC4ED82-3D1E-4767-8C17-39EF6337AA64}.Release|iPhone.Deploy.0 = Release|Any CPU
		{3AC4ED82-3D1E-4767-8C17-39EF6337AA64}.Release|iPhoneSimulator.ActiveCfg = Release|Any CPU
		{3AC4ED82-3D1E-4767-8C17-39EF6337AA64}.Release|iPhoneSimulator.Build.0 = Release|Any CPU
		{3AC4ED82-3D1E-4767-8C17-39EF6337AA64}.Release|iPhoneSimulator.Deploy.0 = Release|Any CPU
		{3AC4ED82-3D1E-4767-8C17-39EF6337AA64}.Release|x64.ActiveCfg = Release|Any CPU
		{3AC4ED82-3D1E-4767-8C17-39EF6337AA64}.Release|x64.Build.0 = Release|Any CPU
		{3AC4ED82-3D1E-4767-8C17-39EF6337AA64}.Release|x64.Deploy.0 = Release|Any CPU
		{3AC4ED82-3D1E-4767-8C17-39EF6337AA64}.Release|x86.ActiveCfg = Release|Any CPU
		{3AC4ED82-3D1E-4767-8C17-39EF6337AA64}.Release|x86.Build.0 = Release|Any CPU
		{3AC4ED82-3D1E-4767-8C17-39EF6337AA64}.Release|x86.Deploy.0 = Release|Any CPU
		{2142B859-21E9-484D-880A-26AD708569DB}.Debug|Any CPU.ActiveCfg = Debug|iPhone
		{2142B859-21E9-484D-880A-26AD708569DB}.Debug|Any CPU.Build.0 = Debug|iPhone
		{2142B859-21E9-484D-880A-26AD708569DB}.Debug|ARM.ActiveCfg = Debug|iPhone
		{2142B859-21E9-484D-880A-26AD708569DB}.Debug|ARM.Build.0 = Debug|iPhone
		{2142B859-21E9-484D-880A-26AD708569DB}.Debug|iPhone.ActiveCfg = Debug|iPhone
		{2142B859-21E9-484D-880A-26AD708569DB}.Debug|iPhone.Build.0 = Debug|iPhone
		{2142B859-21E9-484D-880A-26AD708569DB}.Debug|iPhoneSimulator.ActiveCfg = Debug|iPhoneSimulator
		{2142B859-21E9-484D-880A-26AD708569DB}.Debug|iPhoneSimulator.Build.0 = Debug|iPhoneSimulator
		{2142B859-21E9-484D-880A-26AD708569DB}.Debug|x64.ActiveCfg = Debug|iPhoneSimulator
		{2142B859-21E9-484D-880A-26AD708569DB}.Debug|x64.Build.0 = Debug|iPhoneSimulator
		{2142B859-21E9-484D-880A-26AD708569DB}.Debug|x86.ActiveCfg = Debug|iPhoneSimulator
		{2142B859-21E9-484D-880A-26AD708569DB}.Debug|x86.Build.0 = Debug|iPhoneSimulator
		{2142B859-21E9-484D-880A-26AD708569DB}.Release|Any CPU.ActiveCfg = Release|iPhone
		{2142B859-21E9-484D-880A-26AD708569DB}.Release|Any CPU.Build.0 = Release|iPhone
		{2142B859-21E9-484D-880A-26AD708569DB}.Release|ARM.ActiveCfg = Release|iPhone
		{2142B859-21E9-484D-880A-26AD708569DB}.Release|ARM.Build.0 = Release|iPhone
		{2142B859-21E9-484D-880A-26AD708569DB}.Release|iPhone.ActiveCfg = Release|iPhone
		{2142B859-21E9-484D-880A-26AD708569DB}.Release|iPhone.Build.0 = Release|iPhone
		{2142B859-21E9-484D-880A-26AD708569DB}.Release|iPhoneSimulator.ActiveCfg = Release|iPhoneSimulator
		{2142B859-21E9-484D-880A-26AD708569DB}.Release|iPhoneSimulator.Build.0 = Release|iPhoneSimulator
		{2142B859-21E9-484D-880A-26AD708569DB}.Release|x64.ActiveCfg = Release|iPhoneSimulator
		{2142B859-21E9-484D-880A-26AD708569DB}.Release|x64.Build.0 = Release|iPhoneSimulator
		{2142B859-21E9-484D-880A-26AD708569DB}.Release|x86.ActiveCfg = Release|iPhoneSimulator
		{2142B859-21E9-484D-880A-26AD708569DB}.Release|x86.Build.0 = Release|iPhoneSimulator
		{DDFB13E8-92EC-4F6F-AAEF-90A71F12812E}.Debug|Any CPU.ActiveCfg = Debug|x86
		{DDFB13E8-92EC-4F6F-AAEF-90A71F12812E}.Debug|Any CPU.Build.0 = Debug|x86
		{DDFB13E8-92EC-4F6F-AAEF-90A71F12812E}.Debug|Any CPU.Deploy.0 = Debug|x86
		{DDFB13E8-92EC-4F6F-AAEF-90A71F12812E}.Debug|ARM.ActiveCfg = Debug|ARM
		{DDFB13E8-92EC-4F6F-AAEF-90A71F12812E}.Debug|ARM.Build.0 = Debug|ARM
		{DDFB13E8-92EC-4F6F-AAEF-90A71F12812E}.Debug|ARM.Deploy.0 = Debug|ARM
		{DDFB13E8-92EC-4F6F-AAEF-90A71F12812E}.Debug|iPhone.ActiveCfg = Debug|ARM
		{DDFB13E8-92EC-4F6F-AAEF-90A71F12812E}.Debug|iPhone.Build.0 = Debug|ARM
		{DDFB13E8-92EC-4F6F-AAEF-90A71F12812E}.Debug|iPhone.Deploy.0 = Debug|ARM
		{DDFB13E8-92EC-4F6F-AAEF-90A71F12812E}.Debug|iPhoneSimulator.ActiveCfg = Debug|x86
		{DDFB13E8-92EC-4F6F-AAEF-90A71F12812E}.Debug|iPhoneSimulator.Build.0 = Debug|x86
		{DDFB13E8-92EC-4F6F-AAEF-90A71F12812E}.Debug|iPhoneSimulator.Deploy.0 = Debug|x86
		{DDFB13E8-92EC-4F6F-AAEF-90A71F12812E}.Debug|x64.ActiveCfg = Debug|x64
		{DDFB13E8-92EC-4F6F-AAEF-90A71F12812E}.Debug|x64.Build.0 = Debug|x64
		{DDFB13E8-92EC-4F6F-AAEF-90A71F12812E}.Debug|x64.Deploy.0 = Debug|x64
		{DDFB13E8-92EC-4F6F-AAEF-90A71F12812E}.Debug|x86.ActiveCfg = Debug|x86
		{DDFB13E8-92EC-4F6F-AAEF-90A71F12812E}.Debug|x86.Build.0 = Debug|x86
		{DDFB13E8-92EC-4F6F-AAEF-90A71F12812E}.Debug|x86.Deploy.0 = Debug|x86
		{DDFB13E8-92EC-4F6F-AAEF-90A71F12812E}.Release|Any CPU.ActiveCfg = Release|x64
		{DDFB13E8-92EC-4F6F-AAEF-90A71F12812E}.Release|Any CPU.Build.0 = Release|x64
		{DDFB13E8-92EC-4F6F-AAEF-90A71F12812E}.Release|Any CPU.Deploy.0 = Release|x64
		{DDFB13E8-92EC-4F6F-AAEF-90A71F12812E}.Release|ARM.ActiveCfg = Release|ARM
		{DDFB13E8-92EC-4F6F-AAEF-90A71F12812E}.Release|ARM.Build.0 = Release|ARM
		{DDFB13E8-92EC-4F6F-AAEF-90A71F12812E}.Release|ARM.Deploy.0 = Release|ARM
		{DDFB13E8-92EC-4F6F-AAEF-90A71F12812E}.Release|iPhone.ActiveCfg = Release|ARM
		{DDFB13E8-92EC-4F6F-AAEF-90A71F12812E}.Release|iPhone.Build.0 = Release|ARM
		{DDFB13E8-92EC-4F6F-AAEF-90A71F12812E}.Release|iPhone.Deploy.0 = Release|ARM
		{DDFB13E8-92EC-4F6F-AAEF-90A71F12812E}.Release|iPhoneSimulator.ActiveCfg = Release|x86
		{DDFB13E8-92EC-4F6F-AAEF-90A71F12812E}.Release|iPhoneSimulator.Build.0 = Release|x86
		{DDFB13E8-92EC-4F6F-AAEF-90A71F12812E}.Release|iPhoneSimulator.Deploy.0 = Release|x86
		{DDFB13E8-92EC-4F6F-AAEF-90A71F12812E}.Release|x64.ActiveCfg = Release|x64
		{DDFB13E8-92EC-4F6F-AAEF-90A71F12812E}.Release|x64.Build.0 = Release|x64
		{DDFB13E8-92EC-4F6F-AAEF-90A71F12812E}.Release|x64.Deploy.0 = Release|x64
		{DDFB13E8-92EC-4F6F-AAEF-90A71F12812E}.Release|x86.ActiveCfg = Release|x86
		{DDFB13E8-92EC-4F6F-AAEF-90A71F12812E}.Release|x86.Build.0 = Release|x86
		{DDFB13E8-92EC-4F6F-AAEF-90A71F12812E}.Release|x86.Deploy.0 = Release|x86
		{16131FDC-D50B-4EF2-8ECC-661184FF80DB}.Debug|Any CPU.ActiveCfg = Debug|Any CPU
		{16131FDC-D50B-4EF2-8ECC-661184FF80DB}.Debug|Any CPU.Build.0 = Debug|Any CPU
		{16131FDC-D50B-4EF2-8ECC-661184FF80DB}.Debug|ARM.ActiveCfg = Debug|Any CPU
		{16131FDC-D50B-4EF2-8ECC-661184FF80DB}.Debug|ARM.Build.0 = Debug|Any CPU
		{16131FDC-D50B-4EF2-8ECC-661184FF80DB}.Debug|iPhone.ActiveCfg = Debug|Any CPU
		{16131FDC-D50B-4EF2-8ECC-661184FF80DB}.Debug|iPhone.Build.0 = Debug|Any CPU
		{16131FDC-D50B-4EF2-8ECC-661184FF80DB}.Debug|iPhoneSimulator.ActiveCfg = Debug|Any CPU
		{16131FDC-D50B-4EF2-8ECC-661184FF80DB}.Debug|iPhoneSimulator.Build.0 = Debug|Any CPU
		{16131FDC-D50B-4EF2-8ECC-661184FF80DB}.Debug|x64.ActiveCfg = Debug|Any CPU
		{16131FDC-D50B-4EF2-8ECC-661184FF80DB}.Debug|x64.Build.0 = Debug|Any CPU
		{16131FDC-D50B-4EF2-8ECC-661184FF80DB}.Debug|x86.ActiveCfg = Debug|Any CPU
		{16131FDC-D50B-4EF2-8ECC-661184FF80DB}.Debug|x86.Build.0 = Debug|Any CPU
		{16131FDC-D50B-4EF2-8ECC-661184FF80DB}.Release|Any CPU.ActiveCfg = Release|Any CPU
		{16131FDC-D50B-4EF2-8ECC-661184FF80DB}.Release|Any CPU.Build.0 = Release|Any CPU
		{16131FDC-D50B-4EF2-8ECC-661184FF80DB}.Release|ARM.ActiveCfg = Release|Any CPU
		{16131FDC-D50B-4EF2-8ECC-661184FF80DB}.Release|ARM.Build.0 = Release|Any CPU
		{16131FDC-D50B-4EF2-8ECC-661184FF80DB}.Release|iPhone.ActiveCfg = Release|Any CPU
		{16131FDC-D50B-4EF2-8ECC-661184FF80DB}.Release|iPhone.Build.0 = Release|Any CPU
		{16131FDC-D50B-4EF2-8ECC-661184FF80DB}.Release|iPhoneSimulator.ActiveCfg = Release|Any CPU
		{16131FDC-D50B-4EF2-8ECC-661184FF80DB}.Release|iPhoneSimulator.Build.0 = Release|Any CPU
		{16131FDC-D50B-4EF2-8ECC-661184FF80DB}.Release|x64.ActiveCfg = Release|Any CPU
		{16131FDC-D50B-4EF2-8ECC-661184FF80DB}.Release|x64.Build.0 = Release|Any CPU
		{16131FDC-D50B-4EF2-8ECC-661184FF80DB}.Release|x86.ActiveCfg = Release|Any CPU
		{16131FDC-D50B-4EF2-8ECC-661184FF80DB}.Release|x86.Build.0 = Release|Any CPU
		{6FC62387-6717-4577-A48B-D15848741F08}.Debug|Any CPU.ActiveCfg = Debug|Any CPU
		{6FC62387-6717-4577-A48B-D15848741F08}.Debug|Any CPU.Build.0 = Debug|Any CPU
		{6FC62387-6717-4577-A48B-D15848741F08}.Debug|ARM.ActiveCfg = Debug|Any CPU
		{6FC62387-6717-4577-A48B-D15848741F08}.Debug|ARM.Build.0 = Debug|Any CPU
		{6FC62387-6717-4577-A48B-D15848741F08}.Debug|iPhone.ActiveCfg = Debug|Any CPU
		{6FC62387-6717-4577-A48B-D15848741F08}.Debug|iPhone.Build.0 = Debug|Any CPU
		{6FC62387-6717-4577-A48B-D15848741F08}.Debug|iPhoneSimulator.ActiveCfg = Debug|Any CPU
		{6FC62387-6717-4577-A48B-D15848741F08}.Debug|iPhoneSimulator.Build.0 = Debug|Any CPU
		{6FC62387-6717-4577-A48B-D15848741F08}.Debug|x64.ActiveCfg = Debug|Any CPU
		{6FC62387-6717-4577-A48B-D15848741F08}.Debug|x64.Build.0 = Debug|Any CPU
		{6FC62387-6717-4577-A48B-D15848741F08}.Debug|x86.ActiveCfg = Debug|Any CPU
		{6FC62387-6717-4577-A48B-D15848741F08}.Debug|x86.Build.0 = Debug|Any CPU
		{6FC62387-6717-4577-A48B-D15848741F08}.Release|Any CPU.ActiveCfg = Release|Any CPU
		{6FC62387-6717-4577-A48B-D15848741F08}.Release|Any CPU.Build.0 = Release|Any CPU
		{6FC62387-6717-4577-A48B-D15848741F08}.Release|ARM.ActiveCfg = Release|Any CPU
		{6FC62387-6717-4577-A48B-D15848741F08}.Release|ARM.Build.0 = Release|Any CPU
		{6FC62387-6717-4577-A48B-D15848741F08}.Release|iPhone.ActiveCfg = Release|Any CPU
		{6FC62387-6717-4577-A48B-D15848741F08}.Release|iPhone.Build.0 = Release|Any CPU
		{6FC62387-6717-4577-A48B-D15848741F08}.Release|iPhoneSimulator.ActiveCfg = Release|Any CPU
		{6FC62387-6717-4577-A48B-D15848741F08}.Release|iPhoneSimulator.Build.0 = Release|Any CPU
		{6FC62387-6717-4577-A48B-D15848741F08}.Release|x64.ActiveCfg = Release|Any CPU
		{6FC62387-6717-4577-A48B-D15848741F08}.Release|x64.Build.0 = Release|Any CPU
		{6FC62387-6717-4577-A48B-D15848741F08}.Release|x86.ActiveCfg = Release|Any CPU
		{6FC62387-6717-4577-A48B-D15848741F08}.Release|x86.Build.0 = Release|Any CPU
	EndGlobalSection
	GlobalSection(SolutionProperties) = preSolution
		HideSolutionNode = FALSE
	EndGlobalSection
	GlobalSection(ExtensibilityGlobals) = postSolution
		SolutionGuid = {6E5B2192-8C7B-4902-9EB8-51708EE9BBE1}
	EndGlobalSection
EndGlobal
