
Microsoft Visual Studio Solution File, Format Version 12.00
# Visual Studio 15
VisualStudioVersion = 15.0.26228.10
MinimumVisualStudioVersion = 10.0.40219.1
Project("{FAE04EC0-301F-11D3-BF4B-00C04F79EFBC}") = "SignaturePad.WP8", "..\..\src\SignaturePad.WP8\SignaturePad.WP8.csproj", "{105D08DE-982A-4F39-9FB2-82735CF2F3F1}"
EndProject
Project("{FAE04EC0-301F-11D3-BF4B-00C04F79EFBC}") = "SignaturePad.iOS", "..\..\src\SignaturePad.iOS\SignaturePad.iOS.csproj", "{BEF71536-787B-431F-AC7F-A6469710D11F}"
EndProject
Project("{FAE04EC0-301F-11D3-BF4B-00C04F79EFBC}") = "SignaturePad.Android", "..\..\src\SignaturePad.Android\SignaturePad.Android.csproj", "{F1A16CB9-A759-42C8-8F0B-3C9698A55336}"
EndProject
Project("{FAE04EC0-301F-11D3-BF4B-00C04F79EFBC}") = "SignaturePad.Forms", "..\..\src\SignaturePad.Forms\SignaturePad.Forms.csproj", "{B2AF970D-D640-451C-95AF-92AF531B8C1E}"
EndProject
Project("{FAE04EC0-301F-11D3-BF4B-00C04F79EFBC}") = "SignaturePad.Forms.Droid", "..\..\src\SignaturePad.Forms.Droid\SignaturePad.Forms.Droid.csproj", "{1D5482F6-AA89-422C-9E34-88A8A1AD8AB6}"
EndProject
Project("{FAE04EC0-301F-11D3-BF4B-00C04F79EFBC}") = "SignaturePad.Forms.iOS", "..\..\src\SignaturePad.Forms.iOS\SignaturePad.Forms.iOS.csproj", "{B12D20AA-0EDF-4903-B385-BB8090848532}"
EndProject
Project("{FAE04EC0-301F-11D3-BF4B-00C04F79EFBC}") = "SignaturePad.Forms.WindowsPhone", "..\..\src\SignaturePad.Forms.WindowsPhone\SignaturePad.Forms.WindowsPhone.csproj", "{FB73D461-D197-42A2-8928-086333277E54}"
EndProject
Project("{FAE04EC0-301F-11D3-BF4B-00C04F79EFBC}") = "Samples", "Samples\Samples.csproj", "{CC18E151-5792-4DA5-ADE6-7CFBA16A593E}"
EndProject
Project("{FAE04EC0-301F-11D3-BF4B-00C04F79EFBC}") = "Samples.Android", "Samples.Android\Samples.Android.csproj", "{3AC4ED82-3D1E-4767-8C17-39EF6337AA64}"
EndProject
Project("{FAE04EC0-301F-11D3-BF4B-00C04F79EFBC}") = "Samples.iOS", "Samples.iOS\Samples.iOS.csproj", "{2142B859-21E9-484D-880A-26AD708569DB}"
EndProject
Project("{FAE04EC0-301F-11D3-BF4B-00C04F79EFBC}") = "Samples.WinPhone", "Samples.WinPhone\Samples.WinPhone.csproj", "{5446C4A3-ED4C-48F0-99BD-F2B60F867475}"
EndProject
Project("{D954291E-2A0B-460D-934E-DC6B0785DB48}") = "SignaturePad.Forms.Platform.Shared", "..\..\src\SignaturePad.Forms.Platform.Shared\SignaturePad.Forms.Platform.Shared.shproj", "{4C55BDD7-F049-4742-9E00-CDD480E53A54}"
EndProject
Project("{FAE04EC0-301F-11D3-BF4B-00C04F79EFBC}") = "Samples.UWP", "Samples.UWP\Samples.UWP.csproj", "{DDFB13E8-92EC-4F6F-AAEF-90A71F12812E}"
EndProject
Project("{FAE04EC0-301F-11D3-BF4B-00C04F79EFBC}") = "SignaturePad.UWP", "..\..\src\SignaturePad.UWP\SignaturePad.UWP.csproj", "{16131FDC-D50B-4EF2-8ECC-661184FF80DB}"
EndProject
Project("{FAE04EC0-301F-11D3-BF4B-00C04F79EFBC}") = "SignaturePad.Forms.UWP", "..\..\src\SignaturePad.Forms.UWP\SignaturePad.Forms.UWP.csproj", "{6FC62387-6717-4577-A48B-D15848741F08}"
EndProject
Project("{D954291E-2A0B-460D-934E-DC6B0785DB48}") = "SignaturePad.Shared", "..\..\src\SignaturePad.Shared\SignaturePad.Shared.shproj", "{05D1E7C0-73FC-41DE-A7D6-01AE4C1A4DD3}"
EndProject
Project("{D954291E-2A0B-460D-934E-DC6B0785DB48}") = "SignaturePad.InkPresenter.Shared", "..\..\src\SignaturePad.InkPresenter.Shared\SignaturePad.InkPresenter.Shared.shproj", "{A839EE31-E686-433E-B1F4-52A56C384D30}"
EndProject
Project("{D954291E-2A0B-460D-934E-DC6B0785DB48}") = "SignaturePad.Forms.Shared", "..\..\src\SignaturePad.Forms.Shared\SignaturePad.Forms.Shared.shproj", "{D522B5D1-E475-4E17-9282-564952CAD281}"
EndProject
Project("{FAE04EC0-301F-11D3-BF4B-00C04F79EFBC}") = "SignaturePad.Windows81", "..\..\src\SignaturePad.Windows81\SignaturePad.Windows81.csproj", "{D084E70F-D32B-4E17-8583-73BFA4D1EDE6}"
EndProject
Project("{FAE04EC0-301F-11D3-BF4B-00C04F79EFBC}") = "SignaturePad.WindowsPhone81", "..\..\src\SignaturePad.WindowsPhone81\SignaturePad.WindowsPhone81.csproj", "{F7B2FD45-EAC0-4CF1-8BFD-43E2C080ED3E}"
EndProject
Project("{FAE04EC0-301F-11D3-BF4B-00C04F79EFBC}") = "SignaturePad.WindowsRuntime81", "..\..\src\SignaturePad.WindowsRuntime81\SignaturePad.WindowsRuntime81.csproj", "{71AC63E4-ECE4-4412-B318-D5E7BD65EC50}"
EndProject
Project("{FAE04EC0-301F-11D3-BF4B-00C04F79EFBC}") = "Samples.Windows81", "Samples.Windows81\Samples.Windows81.csproj", "{8BC139B3-13FE-489D-A8E0-976418E846AA}"
EndProject
Project("{FAE04EC0-301F-11D3-BF4B-00C04F79EFBC}") = "SignaturePad.Forms.WindowsPhone81", "..\..\src\SignaturePad.Forms.WindowsPhone81\SignaturePad.Forms.WindowsPhone81.csproj", "{F36EE8E1-F28E-48EE-852E-274186D49DF3}"
EndProject
Project("{FAE04EC0-301F-11D3-BF4B-00C04F79EFBC}") = "SignaturePad.Forms.Windows81", "..\..\src\SignaturePad.Forms.Windows81\SignaturePad.Forms.Windows81.csproj", "{FFF4B94A-54F1-4C45-9027-211AD220391C}"
EndProject
Project("{FAE04EC0-301F-11D3-BF4B-00C04F79EFBC}") = "Samples.WindowsPhone81", "Samples.WindowsPhone81\Samples.WindowsPhone81.csproj", "{02B59E22-8682-4C38-907F-866A7497FE3F}"
EndProject
Global
	GlobalSection(SharedMSBuildProjectFiles) = preSolution
		..\..\src\SignaturePad.Shared\SignaturePad.Shared.projitems*{05d1e7c0-73fc-41de-a7d6-01ae4c1a4dd3}*SharedItemsImports = 13
		..\..\src\SignaturePad.Shared\SignaturePad.Shared.projitems*{105d08de-982a-4f39-9fb2-82735cf2f3f1}*SharedItemsImports = 4
		..\..\src\SignaturePad.Shared\SignaturePad.Shared.projitems*{16131fdc-d50b-4ef2-8ecc-661184ff80db}*SharedItemsImports = 4
		..\..\src\SignaturePad.Forms.Platform.Shared\SignaturePad.Forms.Platform.Shared.projitems*{1d5482f6-aa89-422c-9e34-88a8a1ad8ab6}*SharedItemsImports = 4
		..\..\src\SignaturePad.Forms.Shared\SignaturePad.Forms.Shared.projitems*{1d5482f6-aa89-422c-9e34-88a8a1ad8ab6}*SharedItemsImports = 4
		..\..\src\SignaturePad.Forms.Platform.Shared\SignaturePad.Forms.Platform.Shared.projitems*{4c55bdd7-f049-4742-9e00-cdd480e53a54}*SharedItemsImports = 13
		..\..\src\SignaturePad.Forms.Platform.Shared\SignaturePad.Forms.Platform.Shared.projitems*{6fc62387-6717-4577-a48b-d15848741f08}*SharedItemsImports = 4
		..\..\src\SignaturePad.Forms.Shared\SignaturePad.Forms.Shared.projitems*{6fc62387-6717-4577-a48b-d15848741f08}*SharedItemsImports = 4
		..\..\src\SignaturePad.InkPresenter.Shared\SignaturePad.InkPresenter.Shared.projitems*{a839ee31-e686-433e-b1f4-52a56c384d30}*SharedItemsImports = 13
		..\..\src\SignaturePad.Forms.Platform.Shared\SignaturePad.Forms.Platform.Shared.projitems*{b12d20aa-0edf-4903-b385-bb8090848532}*SharedItemsImports = 4
		..\..\src\SignaturePad.Forms.Shared\SignaturePad.Forms.Shared.projitems*{b12d20aa-0edf-4903-b385-bb8090848532}*SharedItemsImports = 4
		..\..\src\SignaturePad.Forms.Shared\SignaturePad.Forms.Shared.projitems*{b2af970d-d640-451c-95af-92af531b8c1e}*SharedItemsImports = 4
		..\..\src\SignaturePad.InkPresenter.Shared\SignaturePad.InkPresenter.Shared.projitems*{bef71536-787b-431f-ac7f-a6469710d11f}*SharedItemsImports = 4
		..\..\src\SignaturePad.Shared\SignaturePad.Shared.projitems*{bef71536-787b-431f-ac7f-a6469710d11f}*SharedItemsImports = 4
		..\..\src\SignaturePad.Shared\SignaturePad.Shared.projitems*{d084e70f-d32b-4e17-8583-73bfa4d1ede6}*SharedItemsImports = 4
		..\..\src\SignaturePad.Forms.Shared\SignaturePad.Forms.Shared.projitems*{d522b5d1-e475-4e17-9282-564952cad281}*SharedItemsImports = 13
		..\..\src\SignaturePad.InkPresenter.Shared\SignaturePad.InkPresenter.Shared.projitems*{f1a16cb9-a759-42c8-8f0b-3c9698a55336}*SharedItemsImports = 4
		..\..\src\SignaturePad.Shared\SignaturePad.Shared.projitems*{f1a16cb9-a759-42c8-8f0b-3c9698a55336}*SharedItemsImports = 4
		..\..\src\SignaturePad.Forms.Platform.Shared\SignaturePad.Forms.Platform.Shared.projitems*{f36ee8e1-f28e-48ee-852e-274186d49df3}*SharedItemsImports = 4
		..\..\src\SignaturePad.Forms.Shared\SignaturePad.Forms.Shared.projitems*{f36ee8e1-f28e-48ee-852e-274186d49df3}*SharedItemsImports = 4
		..\..\src\SignaturePad.InkPresenter.Shared\SignaturePad.InkPresenter.Shared.projitems*{f7b2fd45-eac0-4cf1-8bfd-43e2c080ed3e}*SharedItemsImports = 4
		..\..\src\SignaturePad.Shared\SignaturePad.Shared.projitems*{f7b2fd45-eac0-4cf1-8bfd-43e2c080ed3e}*SharedItemsImports = 4
		..\..\src\SignaturePad.Forms.Platform.Shared\SignaturePad.Forms.Platform.Shared.projitems*{fb73d461-d197-42a2-8928-086333277e54}*SharedItemsImports = 4
		..\..\src\SignaturePad.Forms.Shared\SignaturePad.Forms.Shared.projitems*{fb73d461-d197-42a2-8928-086333277e54}*SharedItemsImports = 4
		..\..\src\SignaturePad.Forms.Platform.Shared\SignaturePad.Forms.Platform.Shared.projitems*{fff4b94a-54f1-4c45-9027-211ad220391c}*SharedItemsImports = 4
		..\..\src\SignaturePad.Forms.Shared\SignaturePad.Forms.Shared.projitems*{fff4b94a-54f1-4c45-9027-211ad220391c}*SharedItemsImports = 4
	EndGlobalSection
	GlobalSection(SolutionConfigurationPlatforms) = preSolution
		Debug|Any CPU = Debug|Any CPU
		Debug|ARM = Debug|ARM
		Debug|iPhone = Debug|iPhone
		Debug|iPhoneSimulator = Debug|iPhoneSimulator
		Debug|x64 = Debug|x64
		Debug|x86 = Debug|x86
		Release|Any CPU = Release|Any CPU
		Release|ARM = Release|ARM
		Release|iPhone = Release|iPhone
		Release|iPhoneSimulator = Release|iPhoneSimulator
		Release|x64 = Release|x64
		Release|x86 = Release|x86
	EndGlobalSection
	GlobalSection(ProjectConfigurationPlatforms) = postSolution
		{105D08DE-982A-4F39-9FB2-82735CF2F3F1}.Debug|Any CPU.ActiveCfg = Debug|Any CPU
		{105D08DE-982A-4F39-9FB2-82735CF2F3F1}.Debug|Any CPU.Build.0 = Debug|Any CPU
		{105D08DE-982A-4F39-9FB2-82735CF2F3F1}.Debug|ARM.ActiveCfg = Debug|Any CPU
		{105D08DE-982A-4F39-9FB2-82735CF2F3F1}.Debug|ARM.Build.0 = Debug|Any CPU
		{105D08DE-982A-4F39-9FB2-82735CF2F3F1}.Debug|iPhone.ActiveCfg = Debug|Any CPU
		{105D08DE-982A-4F39-9FB2-82735CF2F3F1}.Debug|iPhone.Build.0 = Debug|Any CPU
		{105D08DE-982A-4F39-9FB2-82735CF2F3F1}.Debug|iPhoneSimulator.ActiveCfg = Debug|Any CPU
		{105D08DE-982A-4F39-9FB2-82735CF2F3F1}.Debug|iPhoneSimulator.Build.0 = Debug|Any CPU
		{105D08DE-982A-4F39-9FB2-82735CF2F3F1}.Debug|x64.ActiveCfg = Debug|Any CPU
		{105D08DE-982A-4F39-9FB2-82735CF2F3F1}.Debug|x64.Build.0 = Debug|Any CPU
		{105D08DE-982A-4F39-9FB2-82735CF2F3F1}.Debug|x86.ActiveCfg = Debug|Any CPU
		{105D08DE-982A-4F39-9FB2-82735CF2F3F1}.Debug|x86.Build.0 = Debug|Any CPU
		{105D08DE-982A-4F39-9FB2-82735CF2F3F1}.Release|Any CPU.ActiveCfg = Release|Any CPU
		{105D08DE-982A-4F39-9FB2-82735CF2F3F1}.Release|Any CPU.Build.0 = Release|Any CPU
		{105D08DE-982A-4F39-9FB2-82735CF2F3F1}.Release|ARM.ActiveCfg = Release|Any CPU
		{105D08DE-982A-4F39-9FB2-82735CF2F3F1}.Release|ARM.Build.0 = Release|Any CPU
		{105D08DE-982A-4F39-9FB2-82735CF2F3F1}.Release|iPhone.ActiveCfg = Release|Any CPU
		{105D08DE-982A-4F39-9FB2-82735CF2F3F1}.Release|iPhone.Build.0 = Release|Any CPU
		{105D08DE-982A-4F39-9FB2-82735CF2F3F1}.Release|iPhoneSimulator.ActiveCfg = Release|Any CPU
		{105D08DE-982A-4F39-9FB2-82735CF2F3F1}.Release|iPhoneSimulator.Build.0 = Release|Any CPU
		{105D08DE-982A-4F39-9FB2-82735CF2F3F1}.Release|x64.ActiveCfg = Release|Any CPU
		{105D08DE-982A-4F39-9FB2-82735CF2F3F1}.Release|x64.Build.0 = Release|Any CPU
		{105D08DE-982A-4F39-9FB2-82735CF2F3F1}.Release|x86.ActiveCfg = Release|Any CPU
		{105D08DE-982A-4F39-9FB2-82735CF2F3F1}.Release|x86.Build.0 = Release|Any CPU
		{BEF71536-787B-431F-AC7F-A6469710D11F}.Debug|Any CPU.ActiveCfg = Debug|Any CPU
		{BEF71536-787B-431F-AC7F-A6469710D11F}.Debug|Any CPU.Build.0 = Debug|Any CPU
		{BEF71536-787B-431F-AC7F-A6469710D11F}.Debug|ARM.ActiveCfg = Debug|Any CPU
		{BEF71536-787B-431F-AC7F-A6469710D11F}.Debug|ARM.Build.0 = Debug|Any CPU
		{BEF71536-787B-431F-AC7F-A6469710D11F}.Debug|iPhone.ActiveCfg = Debug|Any CPU
		{BEF71536-787B-431F-AC7F-A6469710D11F}.Debug|iPhone.Build.0 = Debug|Any CPU
		{BEF71536-787B-431F-AC7F-A6469710D11F}.Debug|iPhoneSimulator.ActiveCfg = Debug|Any CPU
		{BEF71536-787B-431F-AC7F-A6469710D11F}.Debug|iPhoneSimulator.Build.0 = Debug|Any CPU
		{BEF71536-787B-431F-AC7F-A6469710D11F}.Debug|x64.ActiveCfg = Debug|Any CPU
		{BEF71536-787B-431F-AC7F-A6469710D11F}.Debug|x64.Build.0 = Debug|Any CPU
		{BEF71536-787B-431F-AC7F-A6469710D11F}.Debug|x86.ActiveCfg = Debug|Any CPU
		{BEF71536-787B-431F-AC7F-A6469710D11F}.Debug|x86.Build.0 = Debug|Any CPU
		{BEF71536-787B-431F-AC7F-A6469710D11F}.Release|Any CPU.ActiveCfg = Release|Any CPU
		{BEF71536-787B-431F-AC7F-A6469710D11F}.Release|Any CPU.Build.0 = Release|Any CPU
		{BEF71536-787B-431F-AC7F-A6469710D11F}.Release|ARM.ActiveCfg = Release|Any CPU
		{BEF71536-787B-431F-AC7F-A6469710D11F}.Release|ARM.Build.0 = Release|Any CPU
		{BEF71536-787B-431F-AC7F-A6469710D11F}.Release|iPhone.ActiveCfg = Release|Any CPU
		{BEF71536-787B-431F-AC7F-A6469710D11F}.Release|iPhone.Build.0 = Release|Any CPU
		{BEF71536-787B-431F-AC7F-A6469710D11F}.Release|iPhoneSimulator.ActiveCfg = Release|Any CPU
		{BEF71536-787B-431F-AC7F-A6469710D11F}.Release|iPhoneSimulator.Build.0 = Release|Any CPU
		{BEF71536-787B-431F-AC7F-A6469710D11F}.Release|x64.ActiveCfg = Release|Any CPU
		{BEF71536-787B-431F-AC7F-A6469710D11F}.Release|x64.Build.0 = Release|Any CPU
		{BEF71536-787B-431F-AC7F-A6469710D11F}.Release|x86.ActiveCfg = Release|Any CPU
		{BEF71536-787B-431F-AC7F-A6469710D11F}.Release|x86.Build.0 = Release|Any CPU
		{F1A16CB9-A759-42C8-8F0B-3C9698A55336}.Debug|Any CPU.ActiveCfg = Debug|Any CPU
		{F1A16CB9-A759-42C8-8F0B-3C9698A55336}.Debug|Any CPU.Build.0 = Debug|Any CPU
		{F1A16CB9-A759-42C8-8F0B-3C9698A55336}.Debug|ARM.ActiveCfg = Debug|Any CPU
		{F1A16CB9-A759-42C8-8F0B-3C9698A55336}.Debug|ARM.Build.0 = Debug|Any CPU
		{F1A16CB9-A759-42C8-8F0B-3C9698A55336}.Debug|iPhone.ActiveCfg = Debug|Any CPU
		{F1A16CB9-A759-42C8-8F0B-3C9698A55336}.Debug|iPhone.Build.0 = Debug|Any CPU
		{F1A16CB9-A759-42C8-8F0B-3C9698A55336}.Debug|iPhoneSimulator.ActiveCfg = Debug|Any CPU
		{F1A16CB9-A759-42C8-8F0B-3C9698A55336}.Debug|iPhoneSimulator.Build.0 = Debug|Any CPU
		{F1A16CB9-A759-42C8-8F0B-3C9698A55336}.Debug|x64.ActiveCfg = Debug|Any CPU
		{F1A16CB9-A759-42C8-8F0B-3C9698A55336}.Debug|x64.Build.0 = Debug|Any CPU
		{F1A16CB9-A759-42C8-8F0B-3C9698A55336}.Debug|x86.ActiveCfg = Debug|Any CPU
		{F1A16CB9-A759-42C8-8F0B-3C9698A55336}.Debug|x86.Build.0 = Debug|Any CPU
		{F1A16CB9-A759-42C8-8F0B-3C9698A55336}.Release|Any CPU.ActiveCfg = Release|Any CPU
		{F1A16CB9-A759-42C8-8F0B-3C9698A55336}.Release|Any CPU.Build.0 = Release|Any CPU
		{F1A16CB9-A759-42C8-8F0B-3C9698A55336}.Release|ARM.ActiveCfg = Release|Any CPU
		{F1A16CB9-A759-42C8-8F0B-3C9698A55336}.Release|ARM.Build.0 = Release|Any CPU
		{F1A16CB9-A759-42C8-8F0B-3C9698A55336}.Release|iPhone.ActiveCfg = Release|Any CPU
		{F1A16CB9-A759-42C8-8F0B-3C9698A55336}.Release|iPhone.Build.0 = Release|Any CPU
		{F1A16CB9-A759-42C8-8F0B-3C9698A55336}.Release|iPhoneSimulator.ActiveCfg = Release|Any CPU
		{F1A16CB9-A759-42C8-8F0B-3C9698A55336}.Release|iPhoneSimulator.Build.0 = Release|Any CPU
		{F1A16CB9-A759-42C8-8F0B-3C9698A55336}.Release|x64.ActiveCfg = Release|Any CPU
		{F1A16CB9-A759-42C8-8F0B-3C9698A55336}.Release|x64.Build.0 = Release|Any CPU
		{F1A16CB9-A759-42C8-8F0B-3C9698A55336}.Release|x86.ActiveCfg = Release|Any CPU
		{F1A16CB9-A759-42C8-8F0B-3C9698A55336}.Release|x86.Build.0 = Release|Any CPU
		{B2AF970D-D640-451C-95AF-92AF531B8C1E}.Debug|Any CPU.ActiveCfg = Debug|Any CPU
		{B2AF970D-D640-451C-95AF-92AF531B8C1E}.Debug|Any CPU.Build.0 = Debug|Any CPU
		{B2AF970D-D640-451C-95AF-92AF531B8C1E}.Debug|ARM.ActiveCfg = Debug|Any CPU
		{B2AF970D-D640-451C-95AF-92AF531B8C1E}.Debug|ARM.Build.0 = Debug|Any CPU
		{B2AF970D-D640-451C-95AF-92AF531B8C1E}.Debug|iPhone.ActiveCfg = Debug|Any CPU
		{B2AF970D-D640-451C-95AF-92AF531B8C1E}.Debug|iPhone.Build.0 = Debug|Any CPU
		{B2AF970D-D640-451C-95AF-92AF531B8C1E}.Debug|iPhoneSimulator.ActiveCfg = Debug|Any CPU
		{B2AF970D-D640-451C-95AF-92AF531B8C1E}.Debug|iPhoneSimulator.Build.0 = Debug|Any CPU
		{B2AF970D-D640-451C-95AF-92AF531B8C1E}.Debug|x64.ActiveCfg = Debug|Any CPU
		{B2AF970D-D640-451C-95AF-92AF531B8C1E}.Debug|x64.Build.0 = Debug|Any CPU
		{B2AF970D-D640-451C-95AF-92AF531B8C1E}.Debug|x86.ActiveCfg = Debug|Any CPU
		{B2AF970D-D640-451C-95AF-92AF531B8C1E}.Debug|x86.Build.0 = Debug|Any CPU
		{B2AF970D-D640-451C-95AF-92AF531B8C1E}.Release|Any CPU.ActiveCfg = Release|Any CPU
		{B2AF970D-D640-451C-95AF-92AF531B8C1E}.Release|Any CPU.Build.0 = Release|Any CPU
		{B2AF970D-D640-451C-95AF-92AF531B8C1E}.Release|ARM.ActiveCfg = Release|Any CPU
		{B2AF970D-D640-451C-95AF-92AF531B8C1E}.Release|ARM.Build.0 = Release|Any CPU
		{B2AF970D-D640-451C-95AF-92AF531B8C1E}.Release|iPhone.ActiveCfg = Release|Any CPU
		{B2AF970D-D640-451C-95AF-92AF531B8C1E}.Release|iPhone.Build.0 = Release|Any CPU
		{B2AF970D-D640-451C-95AF-92AF531B8C1E}.Release|iPhoneSimulator.ActiveCfg = Release|Any CPU
		{B2AF970D-D640-451C-95AF-92AF531B8C1E}.Release|iPhoneSimulator.Build.0 = Release|Any CPU
		{B2AF970D-D640-451C-95AF-92AF531B8C1E}.Release|x64.ActiveCfg = Release|Any CPU
		{B2AF970D-D640-451C-95AF-92AF531B8C1E}.Release|x64.Build.0 = Release|Any CPU
		{B2AF970D-D640-451C-95AF-92AF531B8C1E}.Release|x86.ActiveCfg = Release|Any CPU
		{B2AF970D-D640-451C-95AF-92AF531B8C1E}.Release|x86.Build.0 = Release|Any CPU
		{1D5482F6-AA89-422C-9E34-88A8A1AD8AB6}.Debug|Any CPU.ActiveCfg = Debug|Any CPU
		{1D5482F6-AA89-422C-9E34-88A8A1AD8AB6}.Debug|Any CPU.Build.0 = Debug|Any CPU
		{1D5482F6-AA89-422C-9E34-88A8A1AD8AB6}.Debug|ARM.ActiveCfg = Debug|Any CPU
		{1D5482F6-AA89-422C-9E34-88A8A1AD8AB6}.Debug|ARM.Build.0 = Debug|Any CPU
		{1D5482F6-AA89-422C-9E34-88A8A1AD8AB6}.Debug|iPhone.ActiveCfg = Debug|Any CPU
		{1D5482F6-AA89-422C-9E34-88A8A1AD8AB6}.Debug|iPhone.Build.0 = Debug|Any CPU
		{1D5482F6-AA89-422C-9E34-88A8A1AD8AB6}.Debug|iPhoneSimulator.ActiveCfg = Debug|Any CPU
		{1D5482F6-AA89-422C-9E34-88A8A1AD8AB6}.Debug|iPhoneSimulator.Build.0 = Debug|Any CPU
		{1D5482F6-AA89-422C-9E34-88A8A1AD8AB6}.Debug|x64.ActiveCfg = Debug|Any CPU
		{1D5482F6-AA89-422C-9E34-88A8A1AD8AB6}.Debug|x64.Build.0 = Debug|Any CPU
		{1D5482F6-AA89-422C-9E34-88A8A1AD8AB6}.Debug|x86.ActiveCfg = Debug|Any CPU
		{1D5482F6-AA89-422C-9E34-88A8A1AD8AB6}.Debug|x86.Build.0 = Debug|Any CPU
		{1D5482F6-AA89-422C-9E34-88A8A1AD8AB6}.Release|Any CPU.ActiveCfg = Release|Any CPU
		{1D5482F6-AA89-422C-9E34-88A8A1AD8AB6}.Release|Any CPU.Build.0 = Release|Any CPU
		{1D5482F6-AA89-422C-9E34-88A8A1AD8AB6}.Release|ARM.ActiveCfg = Release|Any CPU
		{1D5482F6-AA89-422C-9E34-88A8A1AD8AB6}.Release|ARM.Build.0 = Release|Any CPU
		{1D5482F6-AA89-422C-9E34-88A8A1AD8AB6}.Release|iPhone.ActiveCfg = Release|Any CPU
		{1D5482F6-AA89-422C-9E34-88A8A1AD8AB6}.Release|iPhone.Build.0 = Release|Any CPU
		{1D5482F6-AA89-422C-9E34-88A8A1AD8AB6}.Release|iPhoneSimulator.ActiveCfg = Release|Any CPU
		{1D5482F6-AA89-422C-9E34-88A8A1AD8AB6}.Release|iPhoneSimulator.Build.0 = Release|Any CPU
		{1D5482F6-AA89-422C-9E34-88A8A1AD8AB6}.Release|x64.ActiveCfg = Release|Any CPU
		{1D5482F6-AA89-422C-9E34-88A8A1AD8AB6}.Release|x64.Build.0 = Release|Any CPU
		{1D5482F6-AA89-422C-9E34-88A8A1AD8AB6}.Release|x86.ActiveCfg = Release|Any CPU
		{1D5482F6-AA89-422C-9E34-88A8A1AD8AB6}.Release|x86.Build.0 = Release|Any CPU
		{B12D20AA-0EDF-4903-B385-BB8090848532}.Debug|Any CPU.ActiveCfg = Debug|Any CPU
		{B12D20AA-0EDF-4903-B385-BB8090848532}.Debug|Any CPU.Build.0 = Debug|Any CPU
		{B12D20AA-0EDF-4903-B385-BB8090848532}.Debug|ARM.ActiveCfg = Debug|Any CPU
		{B12D20AA-0EDF-4903-B385-BB8090848532}.Debug|ARM.Build.0 = Debug|Any CPU
		{B12D20AA-0EDF-4903-B385-BB8090848532}.Debug|iPhone.ActiveCfg = Debug|Any CPU
		{B12D20AA-0EDF-4903-B385-BB8090848532}.Debug|iPhone.Build.0 = Debug|Any CPU
		{B12D20AA-0EDF-4903-B385-BB8090848532}.Debug|iPhoneSimulator.ActiveCfg = Debug|Any CPU
		{B12D20AA-0EDF-4903-B385-BB8090848532}.Debug|iPhoneSimulator.Build.0 = Debug|Any CPU
		{B12D20AA-0EDF-4903-B385-BB8090848532}.Debug|x64.ActiveCfg = Debug|Any CPU
		{B12D20AA-0EDF-4903-B385-BB8090848532}.Debug|x64.Build.0 = Debug|Any CPU
		{B12D20AA-0EDF-4903-B385-BB8090848532}.Debug|x86.ActiveCfg = Debug|Any CPU
		{B12D20AA-0EDF-4903-B385-BB8090848532}.Debug|x86.Build.0 = Debug|Any CPU
		{B12D20AA-0EDF-4903-B385-BB8090848532}.Release|Any CPU.ActiveCfg = Release|Any CPU
		{B12D20AA-0EDF-4903-B385-BB8090848532}.Release|Any CPU.Build.0 = Release|Any CPU
		{B12D20AA-0EDF-4903-B385-BB8090848532}.Release|ARM.ActiveCfg = Release|Any CPU
		{B12D20AA-0EDF-4903-B385-BB8090848532}.Release|ARM.Build.0 = Release|Any CPU
		{B12D20AA-0EDF-4903-B385-BB8090848532}.Release|iPhone.ActiveCfg = Release|Any CPU
		{B12D20AA-0EDF-4903-B385-BB8090848532}.Release|iPhone.Build.0 = Release|Any CPU
		{B12D20AA-0EDF-4903-B385-BB8090848532}.Release|iPhoneSimulator.ActiveCfg = Release|Any CPU
		{B12D20AA-0EDF-4903-B385-BB8090848532}.Release|iPhoneSimulator.Build.0 = Release|Any CPU
		{B12D20AA-0EDF-4903-B385-BB8090848532}.Release|x64.ActiveCfg = Release|Any CPU
		{B12D20AA-0EDF-4903-B385-BB8090848532}.Release|x64.Build.0 = Release|Any CPU
		{B12D20AA-0EDF-4903-B385-BB8090848532}.Release|x86.ActiveCfg = Release|Any CPU
		{B12D20AA-0EDF-4903-B385-BB8090848532}.Release|x86.Build.0 = Release|Any CPU
		{FB73D461-D197-42A2-8928-086333277E54}.Debug|Any CPU.ActiveCfg = Debug|Any CPU
		{FB73D461-D197-42A2-8928-086333277E54}.Debug|Any CPU.Build.0 = Debug|Any CPU
		{FB73D461-D197-42A2-8928-086333277E54}.Debug|ARM.ActiveCfg = Debug|Any CPU
		{FB73D461-D197-42A2-8928-086333277E54}.Debug|ARM.Build.0 = Debug|Any CPU
		{FB73D461-D197-42A2-8928-086333277E54}.Debug|iPhone.ActiveCfg = Debug|Any CPU
		{FB73D461-D197-42A2-8928-086333277E54}.Debug|iPhone.Build.0 = Debug|Any CPU
		{FB73D461-D197-42A2-8928-086333277E54}.Debug|iPhoneSimulator.ActiveCfg = Debug|Any CPU
		{FB73D461-D197-42A2-8928-086333277E54}.Debug|iPhoneSimulator.Build.0 = Debug|Any CPU
		{FB73D461-D197-42A2-8928-086333277E54}.Debug|x64.ActiveCfg = Debug|Any CPU
		{FB73D461-D197-42A2-8928-086333277E54}.Debug|x64.Build.0 = Debug|Any CPU
		{FB73D461-D197-42A2-8928-086333277E54}.Debug|x86.ActiveCfg = Debug|Any CPU
		{FB73D461-D197-42A2-8928-086333277E54}.Debug|x86.Build.0 = Debug|Any CPU
		{FB73D461-D197-42A2-8928-086333277E54}.Release|Any CPU.ActiveCfg = Release|Any CPU
		{FB73D461-D197-42A2-8928-086333277E54}.Release|Any CPU.Build.0 = Release|Any CPU
		{FB73D461-D197-42A2-8928-086333277E54}.Release|ARM.ActiveCfg = Release|Any CPU
		{FB73D461-D197-42A2-8928-086333277E54}.Release|ARM.Build.0 = Release|Any CPU
		{FB73D461-D197-42A2-8928-086333277E54}.Release|iPhone.ActiveCfg = Release|Any CPU
		{FB73D461-D197-42A2-8928-086333277E54}.Release|iPhone.Build.0 = Release|Any CPU
		{FB73D461-D197-42A2-8928-086333277E54}.Release|iPhoneSimulator.ActiveCfg = Release|Any CPU
		{FB73D461-D197-42A2-8928-086333277E54}.Release|iPhoneSimulator.Build.0 = Release|Any CPU
		{FB73D461-D197-42A2-8928-086333277E54}.Release|x64.ActiveCfg = Release|Any CPU
		{FB73D461-D197-42A2-8928-086333277E54}.Release|x64.Build.0 = Release|Any CPU
		{FB73D461-D197-42A2-8928-086333277E54}.Release|x86.ActiveCfg = Release|Any CPU
		{FB73D461-D197-42A2-8928-086333277E54}.Release|x86.Build.0 = Release|Any CPU
		{CC18E151-5792-4DA5-ADE6-7CFBA16A593E}.Debug|Any CPU.ActiveCfg = Debug|Any CPU
		{CC18E151-5792-4DA5-ADE6-7CFBA16A593E}.Debug|Any CPU.Build.0 = Debug|Any CPU
		{CC18E151-5792-4DA5-ADE6-7CFBA16A593E}.Debug|ARM.ActiveCfg = Debug|Any CPU
		{CC18E151-5792-4DA5-ADE6-7CFBA16A593E}.Debug|ARM.Build.0 = Debug|Any CPU
		{CC18E151-5792-4DA5-ADE6-7CFBA16A593E}.Debug|iPhone.ActiveCfg = Debug|Any CPU
		{CC18E151-5792-4DA5-ADE6-7CFBA16A593E}.Debug|iPhone.Build.0 = Debug|Any CPU
		{CC18E151-5792-4DA5-ADE6-7CFBA16A593E}.Debug|iPhoneSimulator.ActiveCfg = Debug|Any CPU
		{CC18E151-5792-4DA5-ADE6-7CFBA16A593E}.Debug|iPhoneSimulator.Build.0 = Debug|Any CPU
		{CC18E151-5792-4DA5-ADE6-7CFBA16A593E}.Debug|x64.ActiveCfg = Debug|Any CPU
		{CC18E151-5792-4DA5-ADE6-7CFBA16A593E}.Debug|x64.Build.0 = Debug|Any CPU
		{CC18E151-5792-4DA5-ADE6-7CFBA16A593E}.Debug|x86.ActiveCfg = Debug|Any CPU
		{CC18E151-5792-4DA5-ADE6-7CFBA16A593E}.Debug|x86.Build.0 = Debug|Any CPU
		{CC18E151-5792-4DA5-ADE6-7CFBA16A593E}.Release|Any CPU.ActiveCfg = Release|Any CPU
		{CC18E151-5792-4DA5-ADE6-7CFBA16A593E}.Release|Any CPU.Build.0 = Release|Any CPU
		{CC18E151-5792-4DA5-ADE6-7CFBA16A593E}.Release|ARM.ActiveCfg = Release|Any CPU
		{CC18E151-5792-4DA5-ADE6-7CFBA16A593E}.Release|ARM.Build.0 = Release|Any CPU
		{CC18E151-5792-4DA5-ADE6-7CFBA16A593E}.Release|iPhone.ActiveCfg = Release|Any CPU
		{CC18E151-5792-4DA5-ADE6-7CFBA16A593E}.Release|iPhone.Build.0 = Release|Any CPU
		{CC18E151-5792-4DA5-ADE6-7CFBA16A593E}.Release|iPhoneSimulator.ActiveCfg = Release|Any CPU
		{CC18E151-5792-4DA5-ADE6-7CFBA16A593E}.Release|iPhoneSimulator.Build.0 = Release|Any CPU
		{CC18E151-5792-4DA5-ADE6-7CFBA16A593E}.Release|x64.ActiveCfg = Release|Any CPU
		{CC18E151-5792-4DA5-ADE6-7CFBA16A593E}.Release|x64.Build.0 = Release|Any CPU
		{CC18E151-5792-4DA5-ADE6-7CFBA16A593E}.Release|x86.ActiveCfg = Release|Any CPU
		{CC18E151-5792-4DA5-ADE6-7CFBA16A593E}.Release|x86.Build.0 = Release|Any CPU
		{3AC4ED82-3D1E-4767-8C17-39EF6337AA64}.Debug|Any CPU.ActiveCfg = Debug|Any CPU
		{3AC4ED82-3D1E-4767-8C17-39EF6337AA64}.Debug|Any CPU.Build.0 = Debug|Any CPU
		{3AC4ED82-3D1E-4767-8C17-39EF6337AA64}.Debug|Any CPU.Deploy.0 = Debug|Any CPU
		{3AC4ED82-3D1E-4767-8C17-39EF6337AA64}.Debug|ARM.ActiveCfg = Debug|Any CPU
		{3AC4ED82-3D1E-4767-8C17-39EF6337AA64}.Debug|ARM.Build.0 = Debug|Any CPU
		{3AC4ED82-3D1E-4767-8C17-39EF6337AA64}.Debug|ARM.Deploy.0 = Debug|Any CPU
		{3AC4ED82-3D1E-4767-8C17-39EF6337AA64}.Debug|iPhone.ActiveCfg = Debug|Any CPU
		{3AC4ED82-3D1E-4767-8C17-39EF6337AA64}.Debug|iPhone.Build.0 = Debug|Any CPU
		{3AC4ED82-3D1E-4767-8C17-39EF6337AA64}.Debug|iPhone.Deploy.0 = Debug|Any CPU
		{3AC4ED82-3D1E-4767-8C17-39EF6337AA64}.Debug|iPhoneSimulator.ActiveCfg = Debug|Any CPU
		{3AC4ED82-3D1E-4767-8C17-39EF6337AA64}.Debug|iPhoneSimulator.Build.0 = Debug|Any CPU
		{3AC4ED82-3D1E-4767-8C17-39EF6337AA64}.Debug|iPhoneSimulator.Deploy.0 = Debug|Any CPU
		{3AC4ED82-3D1E-4767-8C17-39EF6337AA64}.Debug|x64.ActiveCfg = Debug|Any CPU
		{3AC4ED82-3D1E-4767-8C17-39EF6337AA64}.Debug|x64.Build.0 = Debug|Any CPU
		{3AC4ED82-3D1E-4767-8C17-39EF6337AA64}.Debug|x64.Deploy.0 = Debug|Any CPU
		{3AC4ED82-3D1E-4767-8C17-39EF6337AA64}.Debug|x86.ActiveCfg = Debug|Any CPU
		{3AC4ED82-3D1E-4767-8C17-39EF6337AA64}.Debug|x86.Build.0 = Debug|Any CPU
		{3AC4ED82-3D1E-4767-8C17-39EF6337AA64}.Debug|x86.Deploy.0 = Debug|Any CPU
		{3AC4ED82-3D1E-4767-8C17-39EF6337AA64}.Release|Any CPU.ActiveCfg = Release|Any CPU
		{3AC4ED82-3D1E-4767-8C17-39EF6337AA64}.Release|Any CPU.Build.0 = Release|Any CPU
		{3AC4ED82-3D1E-4767-8C17-39EF6337AA64}.Release|Any CPU.Deploy.0 = Release|Any CPU
		{3AC4ED82-3D1E-4767-8C17-39EF6337AA64}.Release|ARM.ActiveCfg = Release|Any CPU
		{3AC4ED82-3D1E-4767-8C17-39EF6337AA64}.Release|ARM.Build.0 = Release|Any CPU
		{3AC4ED82-3D1E-4767-8C17-39EF6337AA64}.Release|ARM.Deploy.0 = Release|Any CPU
		{3AC4ED82-3D1E-4767-8C17-39EF6337AA64}.Release|iPhone.ActiveCfg = Release|Any CPU
		{3AC4ED82-3D1E-4767-8C17-39EF6337AA64}.Release|iPhone.Build.0 = Release|Any CPU
		{3AC4ED82-3D1E-4767-8C17-39EF6337AA64}.Release|iPhone.Deploy.0 = Release|Any CPU
		{3AC4ED82-3D1E-4767-8C17-39EF6337AA64}.Release|iPhoneSimulator.ActiveCfg = Release|Any CPU
		{3AC4ED82-3D1E-4767-8C17-39EF6337AA64}.Release|iPhoneSimulator.Build.0 = Release|Any CPU
		{3AC4ED82-3D1E-4767-8C17-39EF6337AA64}.Release|iPhoneSimulator.Deploy.0 = Release|Any CPU
		{3AC4ED82-3D1E-4767-8C17-39EF6337AA64}.Release|x64.ActiveCfg = Release|Any CPU
		{3AC4ED82-3D1E-4767-8C17-39EF6337AA64}.Release|x64.Build.0 = Release|Any CPU
		{3AC4ED82-3D1E-4767-8C17-39EF6337AA64}.Release|x64.Deploy.0 = Release|Any CPU
		{3AC4ED82-3D1E-4767-8C17-39EF6337AA64}.Release|x86.ActiveCfg = Release|Any CPU
		{3AC4ED82-3D1E-4767-8C17-39EF6337AA64}.Release|x86.Build.0 = Release|Any CPU
		{3AC4ED82-3D1E-4767-8C17-39EF6337AA64}.Release|x86.Deploy.0 = Release|Any CPU
		{2142B859-21E9-484D-880A-26AD708569DB}.Debug|Any CPU.ActiveCfg = Debug|iPhoneSimulator
		{2142B859-21E9-484D-880A-26AD708569DB}.Debug|Any CPU.Build.0 = Debug|iPhoneSimulator
		{2142B859-21E9-484D-880A-26AD708569DB}.Debug|ARM.ActiveCfg = Debug|iPhone
		{2142B859-21E9-484D-880A-26AD708569DB}.Debug|ARM.Build.0 = Debug|iPhone
		{2142B859-21E9-484D-880A-26AD708569DB}.Debug|iPhone.ActiveCfg = Debug|iPhone
		{2142B859-21E9-484D-880A-26AD708569DB}.Debug|iPhone.Build.0 = Debug|iPhone
		{2142B859-21E9-484D-880A-26AD708569DB}.Debug|iPhoneSimulator.ActiveCfg = Debug|iPhoneSimulator
		{2142B859-21E9-484D-880A-26AD708569DB}.Debug|iPhoneSimulator.Build.0 = Debug|iPhoneSimulator
		{2142B859-21E9-484D-880A-26AD708569DB}.Debug|x64.ActiveCfg = Debug|iPhoneSimulator
		{2142B859-21E9-484D-880A-26AD708569DB}.Debug|x64.Build.0 = Debug|iPhoneSimulator
		{2142B859-21E9-484D-880A-26AD708569DB}.Debug|x86.ActiveCfg = Debug|iPhoneSimulator
		{2142B859-21E9-484D-880A-26AD708569DB}.Debug|x86.Build.0 = Debug|iPhoneSimulator
		{2142B859-21E9-484D-880A-26AD708569DB}.Release|Any CPU.ActiveCfg = Release|iPhoneSimulator
		{2142B859-21E9-484D-880A-26AD708569DB}.Release|Any CPU.Build.0 = Release|iPhoneSimulator
		{2142B859-21E9-484D-880A-26AD708569DB}.Release|ARM.ActiveCfg = Release|iPhone
		{2142B859-21E9-484D-880A-26AD708569DB}.Release|ARM.Build.0 = Release|iPhone
		{2142B859-21E9-484D-880A-26AD708569DB}.Release|iPhone.ActiveCfg = Release|iPhone
		{2142B859-21E9-484D-880A-26AD708569DB}.Release|iPhone.Build.0 = Release|iPhone
		{2142B859-21E9-484D-880A-26AD708569DB}.Release|iPhoneSimulator.ActiveCfg = Release|iPhoneSimulator
		{2142B859-21E9-484D-880A-26AD708569DB}.Release|iPhoneSimulator.Build.0 = Release|iPhoneSimulator
		{2142B859-21E9-484D-880A-26AD708569DB}.Release|x64.ActiveCfg = Release|iPhoneSimulator
		{2142B859-21E9-484D-880A-26AD708569DB}.Release|x64.Build.0 = Release|iPhoneSimulator
		{2142B859-21E9-484D-880A-26AD708569DB}.Release|x86.ActiveCfg = Release|iPhoneSimulator
		{2142B859-21E9-484D-880A-26AD708569DB}.Release|x86.Build.0 = Release|iPhoneSimulator
		{5446C4A3-ED4C-48F0-99BD-F2B60F867475}.Debug|Any CPU.ActiveCfg = Debug|Any CPU
		{5446C4A3-ED4C-48F0-99BD-F2B60F867475}.Debug|Any CPU.Build.0 = Debug|Any CPU
		{5446C4A3-ED4C-48F0-99BD-F2B60F867475}.Debug|Any CPU.Deploy.0 = Debug|Any CPU
		{5446C4A3-ED4C-48F0-99BD-F2B60F867475}.Debug|ARM.ActiveCfg = Debug|ARM
		{5446C4A3-ED4C-48F0-99BD-F2B60F867475}.Debug|ARM.Build.0 = Debug|ARM
		{5446C4A3-ED4C-48F0-99BD-F2B60F867475}.Debug|ARM.Deploy.0 = Debug|ARM
		{5446C4A3-ED4C-48F0-99BD-F2B60F867475}.Debug|iPhone.ActiveCfg = Debug|ARM
		{5446C4A3-ED4C-48F0-99BD-F2B60F867475}.Debug|iPhone.Build.0 = Debug|ARM
		{5446C4A3-ED4C-48F0-99BD-F2B60F867475}.Debug|iPhone.Deploy.0 = Debug|ARM
		{5446C4A3-ED4C-48F0-99BD-F2B60F867475}.Debug|iPhoneSimulator.ActiveCfg = Debug|x86
		{5446C4A3-ED4C-48F0-99BD-F2B60F867475}.Debug|iPhoneSimulator.Build.0 = Debug|x86
		{5446C4A3-ED4C-48F0-99BD-F2B60F867475}.Debug|iPhoneSimulator.Deploy.0 = Debug|x86
		{5446C4A3-ED4C-48F0-99BD-F2B60F867475}.Debug|x64.ActiveCfg = Debug|x86
		{5446C4A3-ED4C-48F0-99BD-F2B60F867475}.Debug|x64.Build.0 = Debug|x86
		{5446C4A3-ED4C-48F0-99BD-F2B60F867475}.Debug|x64.Deploy.0 = Debug|x86
		{5446C4A3-ED4C-48F0-99BD-F2B60F867475}.Debug|x86.ActiveCfg = Debug|x86
		{5446C4A3-ED4C-48F0-99BD-F2B60F867475}.Debug|x86.Build.0 = Debug|x86
		{5446C4A3-ED4C-48F0-99BD-F2B60F867475}.Debug|x86.Deploy.0 = Debug|x86
		{5446C4A3-ED4C-48F0-99BD-F2B60F867475}.Release|Any CPU.ActiveCfg = Release|Any CPU
		{5446C4A3-ED4C-48F0-99BD-F2B60F867475}.Release|Any CPU.Build.0 = Release|Any CPU
		{5446C4A3-ED4C-48F0-99BD-F2B60F867475}.Release|Any CPU.Deploy.0 = Release|Any CPU
		{5446C4A3-ED4C-48F0-99BD-F2B60F867475}.Release|ARM.ActiveCfg = Release|ARM
		{5446C4A3-ED4C-48F0-99BD-F2B60F867475}.Release|ARM.Build.0 = Release|ARM
		{5446C4A3-ED4C-48F0-99BD-F2B60F867475}.Release|ARM.Deploy.0 = Release|ARM
		{5446C4A3-ED4C-48F0-99BD-F2B60F867475}.Release|iPhone.ActiveCfg = Release|ARM
		{5446C4A3-ED4C-48F0-99BD-F2B60F867475}.Release|iPhone.Build.0 = Release|ARM
		{5446C4A3-ED4C-48F0-99BD-F2B60F867475}.Release|iPhone.Deploy.0 = Release|ARM
		{5446C4A3-ED4C-48F0-99BD-F2B60F867475}.Release|iPhoneSimulator.ActiveCfg = Release|x86
		{5446C4A3-ED4C-48F0-99BD-F2B60F867475}.Release|iPhoneSimulator.Build.0 = Release|x86
		{5446C4A3-ED4C-48F0-99BD-F2B60F867475}.Release|iPhoneSimulator.Deploy.0 = Release|x86
		{5446C4A3-ED4C-48F0-99BD-F2B60F867475}.Release|x64.ActiveCfg = Release|x86
		{5446C4A3-ED4C-48F0-99BD-F2B60F867475}.Release|x64.Build.0 = Release|x86
		{5446C4A3-ED4C-48F0-99BD-F2B60F867475}.Release|x64.Deploy.0 = Release|x86
		{5446C4A3-ED4C-48F0-99BD-F2B60F867475}.Release|x86.ActiveCfg = Release|x86
		{5446C4A3-ED4C-48F0-99BD-F2B60F867475}.Release|x86.Build.0 = Release|x86
		{5446C4A3-ED4C-48F0-99BD-F2B60F867475}.Release|x86.Deploy.0 = Release|x86
		{DDFB13E8-92EC-4F6F-AAEF-90A71F12812E}.Debug|Any CPU.ActiveCfg = Debug|x64
		{DDFB13E8-92EC-4F6F-AAEF-90A71F12812E}.Debug|Any CPU.Build.0 = Debug|x64
		{DDFB13E8-92EC-4F6F-AAEF-90A71F12812E}.Debug|Any CPU.Deploy.0 = Debug|x64
		{DDFB13E8-92EC-4F6F-AAEF-90A71F12812E}.Debug|ARM.ActiveCfg = Debug|ARM
		{DDFB13E8-92EC-4F6F-AAEF-90A71F12812E}.Debug|ARM.Build.0 = Debug|ARM
		{DDFB13E8-92EC-4F6F-AAEF-90A71F12812E}.Debug|ARM.Deploy.0 = Debug|ARM
		{DDFB13E8-92EC-4F6F-AAEF-90A71F12812E}.Debug|iPhone.ActiveCfg = Debug|ARM
		{DDFB13E8-92EC-4F6F-AAEF-90A71F12812E}.Debug|iPhone.Build.0 = Debug|ARM
		{DDFB13E8-92EC-4F6F-AAEF-90A71F12812E}.Debug|iPhone.Deploy.0 = Debug|ARM
		{DDFB13E8-92EC-4F6F-AAEF-90A71F12812E}.Debug|iPhoneSimulator.ActiveCfg = Debug|x86
		{DDFB13E8-92EC-4F6F-AAEF-90A71F12812E}.Debug|iPhoneSimulator.Build.0 = Debug|x86
		{DDFB13E8-92EC-4F6F-AAEF-90A71F12812E}.Debug|iPhoneSimulator.Deploy.0 = Debug|x86
		{DDFB13E8-92EC-4F6F-AAEF-90A71F12812E}.Debug|x64.ActiveCfg = Debug|x64
		{DDFB13E8-92EC-4F6F-AAEF-90A71F12812E}.Debug|x64.Build.0 = Debug|x64
		{DDFB13E8-92EC-4F6F-AAEF-90A71F12812E}.Debug|x64.Deploy.0 = Debug|x64
		{DDFB13E8-92EC-4F6F-AAEF-90A71F12812E}.Debug|x86.ActiveCfg = Debug|x86
		{DDFB13E8-92EC-4F6F-AAEF-90A71F12812E}.Debug|x86.Build.0 = Debug|x86
		{DDFB13E8-92EC-4F6F-AAEF-90A71F12812E}.Debug|x86.Deploy.0 = Debug|x86
		{DDFB13E8-92EC-4F6F-AAEF-90A71F12812E}.Release|Any CPU.ActiveCfg = Release|x64
		{DDFB13E8-92EC-4F6F-AAEF-90A71F12812E}.Release|Any CPU.Build.0 = Release|x64
		{DDFB13E8-92EC-4F6F-AAEF-90A71F12812E}.Release|Any CPU.Deploy.0 = Release|x64
		{DDFB13E8-92EC-4F6F-AAEF-90A71F12812E}.Release|ARM.ActiveCfg = Release|ARM
		{DDFB13E8-92EC-4F6F-AAEF-90A71F12812E}.Release|ARM.Build.0 = Release|ARM
		{DDFB13E8-92EC-4F6F-AAEF-90A71F12812E}.Release|ARM.Deploy.0 = Release|ARM
		{DDFB13E8-92EC-4F6F-AAEF-90A71F12812E}.Release|iPhone.ActiveCfg = Release|ARM
		{DDFB13E8-92EC-4F6F-AAEF-90A71F12812E}.Release|iPhone.Build.0 = Release|ARM
		{DDFB13E8-92EC-4F6F-AAEF-90A71F12812E}.Release|iPhone.Deploy.0 = Release|ARM
		{DDFB13E8-92EC-4F6F-AAEF-90A71F12812E}.Release|iPhoneSimulator.ActiveCfg = Release|x86
		{DDFB13E8-92EC-4F6F-AAEF-90A71F12812E}.Release|iPhoneSimulator.Build.0 = Release|x86
		{DDFB13E8-92EC-4F6F-AAEF-90A71F12812E}.Release|iPhoneSimulator.Deploy.0 = Release|x86
		{DDFB13E8-92EC-4F6F-AAEF-90A71F12812E}.Release|x64.ActiveCfg = Release|x64
		{DDFB13E8-92EC-4F6F-AAEF-90A71F12812E}.Release|x64.Build.0 = Release|x64
		{DDFB13E8-92EC-4F6F-AAEF-90A71F12812E}.Release|x64.Deploy.0 = Release|x64
		{DDFB13E8-92EC-4F6F-AAEF-90A71F12812E}.Release|x86.ActiveCfg = Release|x86
		{DDFB13E8-92EC-4F6F-AAEF-90A71F12812E}.Release|x86.Build.0 = Release|x86
		{DDFB13E8-92EC-4F6F-AAEF-90A71F12812E}.Release|x86.Deploy.0 = Release|x86
		{16131FDC-D50B-4EF2-8ECC-661184FF80DB}.Debug|Any CPU.ActiveCfg = Debug|Any CPU
		{16131FDC-D50B-4EF2-8ECC-661184FF80DB}.Debug|Any CPU.Build.0 = Debug|Any CPU
		{16131FDC-D50B-4EF2-8ECC-661184FF80DB}.Debug|ARM.ActiveCfg = Debug|Any CPU
		{16131FDC-D50B-4EF2-8ECC-661184FF80DB}.Debug|ARM.Build.0 = Debug|Any CPU
		{16131FDC-D50B-4EF2-8ECC-661184FF80DB}.Debug|iPhone.ActiveCfg = Debug|Any CPU
		{16131FDC-D50B-4EF2-8ECC-661184FF80DB}.Debug|iPhone.Build.0 = Debug|Any CPU
		{16131FDC-D50B-4EF2-8ECC-661184FF80DB}.Debug|iPhoneSimulator.ActiveCfg = Debug|Any CPU
		{16131FDC-D50B-4EF2-8ECC-661184FF80DB}.Debug|iPhoneSimulator.Build.0 = Debug|Any CPU
		{16131FDC-D50B-4EF2-8ECC-661184FF80DB}.Debug|x64.ActiveCfg = Debug|Any CPU
		{16131FDC-D50B-4EF2-8ECC-661184FF80DB}.Debug|x64.Build.0 = Debug|Any CPU
		{16131FDC-D50B-4EF2-8ECC-661184FF80DB}.Debug|x86.ActiveCfg = Debug|Any CPU
		{16131FDC-D50B-4EF2-8ECC-661184FF80DB}.Debug|x86.Build.0 = Debug|Any CPU
		{16131FDC-D50B-4EF2-8ECC-661184FF80DB}.Release|Any CPU.ActiveCfg = Release|Any CPU
		{16131FDC-D50B-4EF2-8ECC-661184FF80DB}.Release|Any CPU.Build.0 = Release|Any CPU
		{16131FDC-D50B-4EF2-8ECC-661184FF80DB}.Release|ARM.ActiveCfg = Release|Any CPU
		{16131FDC-D50B-4EF2-8ECC-661184FF80DB}.Release|ARM.Build.0 = Release|Any CPU
		{16131FDC-D50B-4EF2-8ECC-661184FF80DB}.Release|iPhone.ActiveCfg = Release|Any CPU
		{16131FDC-D50B-4EF2-8ECC-661184FF80DB}.Release|iPhone.Build.0 = Release|Any CPU
		{16131FDC-D50B-4EF2-8ECC-661184FF80DB}.Release|iPhoneSimulator.ActiveCfg = Release|Any CPU
		{16131FDC-D50B-4EF2-8ECC-661184FF80DB}.Release|iPhoneSimulator.Build.0 = Release|Any CPU
		{16131FDC-D50B-4EF2-8ECC-661184FF80DB}.Release|x64.ActiveCfg = Release|Any CPU
		{16131FDC-D50B-4EF2-8ECC-661184FF80DB}.Release|x64.Build.0 = Release|Any CPU
		{16131FDC-D50B-4EF2-8ECC-661184FF80DB}.Release|x86.ActiveCfg = Release|Any CPU
		{16131FDC-D50B-4EF2-8ECC-661184FF80DB}.Release|x86.Build.0 = Release|Any CPU
		{6FC62387-6717-4577-A48B-D15848741F08}.Debug|Any CPU.ActiveCfg = Debug|Any CPU
		{6FC62387-6717-4577-A48B-D15848741F08}.Debug|Any CPU.Build.0 = Debug|Any CPU
		{6FC62387-6717-4577-A48B-D15848741F08}.Debug|ARM.ActiveCfg = Debug|Any CPU
		{6FC62387-6717-4577-A48B-D15848741F08}.Debug|ARM.Build.0 = Debug|Any CPU
		{6FC62387-6717-4577-A48B-D15848741F08}.Debug|iPhone.ActiveCfg = Debug|Any CPU
		{6FC62387-6717-4577-A48B-D15848741F08}.Debug|iPhone.Build.0 = Debug|Any CPU
		{6FC62387-6717-4577-A48B-D15848741F08}.Debug|iPhoneSimulator.ActiveCfg = Debug|Any CPU
		{6FC62387-6717-4577-A48B-D15848741F08}.Debug|iPhoneSimulator.Build.0 = Debug|Any CPU
		{6FC62387-6717-4577-A48B-D15848741F08}.Debug|x64.ActiveCfg = Debug|Any CPU
		{6FC62387-6717-4577-A48B-D15848741F08}.Debug|x64.Build.0 = Debug|Any CPU
		{6FC62387-6717-4577-A48B-D15848741F08}.Debug|x86.ActiveCfg = Debug|Any CPU
		{6FC62387-6717-4577-A48B-D15848741F08}.Debug|x86.Build.0 = Debug|Any CPU
		{6FC62387-6717-4577-A48B-D15848741F08}.Release|Any CPU.ActiveCfg = Release|Any CPU
		{6FC62387-6717-4577-A48B-D15848741F08}.Release|Any CPU.Build.0 = Release|Any CPU
		{6FC62387-6717-4577-A48B-D15848741F08}.Release|ARM.ActiveCfg = Release|Any CPU
		{6FC62387-6717-4577-A48B-D15848741F08}.Release|ARM.Build.0 = Release|Any CPU
		{6FC62387-6717-4577-A48B-D15848741F08}.Release|iPhone.ActiveCfg = Release|Any CPU
		{6FC62387-6717-4577-A48B-D15848741F08}.Release|iPhone.Build.0 = Release|Any CPU
		{6FC62387-6717-4577-A48B-D15848741F08}.Release|iPhoneSimulator.ActiveCfg = Release|Any CPU
		{6FC62387-6717-4577-A48B-D15848741F08}.Release|iPhoneSimulator.Build.0 = Release|Any CPU
		{6FC62387-6717-4577-A48B-D15848741F08}.Release|x64.ActiveCfg = Release|Any CPU
		{6FC62387-6717-4577-A48B-D15848741F08}.Release|x64.Build.0 = Release|Any CPU
		{6FC62387-6717-4577-A48B-D15848741F08}.Release|x86.ActiveCfg = Release|Any CPU
		{6FC62387-6717-4577-A48B-D15848741F08}.Release|x86.Build.0 = Release|Any CPU
		{D084E70F-D32B-4E17-8583-73BFA4D1EDE6}.Debug|Any CPU.ActiveCfg = Debug|Any CPU
		{D084E70F-D32B-4E17-8583-73BFA4D1EDE6}.Debug|Any CPU.Build.0 = Debug|Any CPU
		{D084E70F-D32B-4E17-8583-73BFA4D1EDE6}.Debug|ARM.ActiveCfg = Debug|Any CPU
		{D084E70F-D32B-4E17-8583-73BFA4D1EDE6}.Debug|ARM.Build.0 = Debug|Any CPU
		{D084E70F-D32B-4E17-8583-73BFA4D1EDE6}.Debug|iPhone.ActiveCfg = Debug|Any CPU
		{D084E70F-D32B-4E17-8583-73BFA4D1EDE6}.Debug|iPhone.Build.0 = Debug|Any CPU
		{D084E70F-D32B-4E17-8583-73BFA4D1EDE6}.Debug|iPhoneSimulator.ActiveCfg = Debug|Any CPU
		{D084E70F-D32B-4E17-8583-73BFA4D1EDE6}.Debug|iPhoneSimulator.Build.0 = Debug|Any CPU
		{D084E70F-D32B-4E17-8583-73BFA4D1EDE6}.Debug|x64.ActiveCfg = Debug|Any CPU
		{D084E70F-D32B-4E17-8583-73BFA4D1EDE6}.Debug|x64.Build.0 = Debug|Any CPU
		{D084E70F-D32B-4E17-8583-73BFA4D1EDE6}.Debug|x86.ActiveCfg = Debug|Any CPU
		{D084E70F-D32B-4E17-8583-73BFA4D1EDE6}.Debug|x86.Build.0 = Debug|Any CPU
		{D084E70F-D32B-4E17-8583-73BFA4D1EDE6}.Release|Any CPU.ActiveCfg = Release|Any CPU
		{D084E70F-D32B-4E17-8583-73BFA4D1EDE6}.Release|Any CPU.Build.0 = Release|Any CPU
		{D084E70F-D32B-4E17-8583-73BFA4D1EDE6}.Release|ARM.ActiveCfg = Release|Any CPU
		{D084E70F-D32B-4E17-8583-73BFA4D1EDE6}.Release|ARM.Build.0 = Release|Any CPU
		{D084E70F-D32B-4E17-8583-73BFA4D1EDE6}.Release|iPhone.ActiveCfg = Release|Any CPU
		{D084E70F-D32B-4E17-8583-73BFA4D1EDE6}.Release|iPhone.Build.0 = Release|Any CPU
		{D084E70F-D32B-4E17-8583-73BFA4D1EDE6}.Release|iPhoneSimulator.ActiveCfg = Release|Any CPU
		{D084E70F-D32B-4E17-8583-73BFA4D1EDE6}.Release|iPhoneSimulator.Build.0 = Release|Any CPU
		{D084E70F-D32B-4E17-8583-73BFA4D1EDE6}.Release|x64.ActiveCfg = Release|Any CPU
		{D084E70F-D32B-4E17-8583-73BFA4D1EDE6}.Release|x64.Build.0 = Release|Any CPU
		{D084E70F-D32B-4E17-8583-73BFA4D1EDE6}.Release|x86.ActiveCfg = Release|Any CPU
		{D084E70F-D32B-4E17-8583-73BFA4D1EDE6}.Release|x86.Build.0 = Release|Any CPU
		{F7B2FD45-EAC0-4CF1-8BFD-43E2C080ED3E}.Debug|Any CPU.ActiveCfg = Debug|Any CPU
		{F7B2FD45-EAC0-4CF1-8BFD-43E2C080ED3E}.Debug|Any CPU.Build.0 = Debug|Any CPU
		{F7B2FD45-EAC0-4CF1-8BFD-43E2C080ED3E}.Debug|ARM.ActiveCfg = Debug|Any CPU
		{F7B2FD45-EAC0-4CF1-8BFD-43E2C080ED3E}.Debug|ARM.Build.0 = Debug|Any CPU
		{F7B2FD45-EAC0-4CF1-8BFD-43E2C080ED3E}.Debug|iPhone.ActiveCfg = Debug|Any CPU
		{F7B2FD45-EAC0-4CF1-8BFD-43E2C080ED3E}.Debug|iPhone.Build.0 = Debug|Any CPU
		{F7B2FD45-EAC0-4CF1-8BFD-43E2C080ED3E}.Debug|iPhoneSimulator.ActiveCfg = Debug|Any CPU
		{F7B2FD45-EAC0-4CF1-8BFD-43E2C080ED3E}.Debug|iPhoneSimulator.Build.0 = Debug|Any CPU
		{F7B2FD45-EAC0-4CF1-8BFD-43E2C080ED3E}.Debug|x64.ActiveCfg = Debug|Any CPU
		{F7B2FD45-EAC0-4CF1-8BFD-43E2C080ED3E}.Debug|x64.Build.0 = Debug|Any CPU
		{F7B2FD45-EAC0-4CF1-8BFD-43E2C080ED3E}.Debug|x86.ActiveCfg = Debug|Any CPU
		{F7B2FD45-EAC0-4CF1-8BFD-43E2C080ED3E}.Debug|x86.Build.0 = Debug|Any CPU
		{F7B2FD45-EAC0-4CF1-8BFD-43E2C080ED3E}.Release|Any CPU.ActiveCfg = Release|Any CPU
		{F7B2FD45-EAC0-4CF1-8BFD-43E2C080ED3E}.Release|Any CPU.Build.0 = Release|Any CPU
		{F7B2FD45-EAC0-4CF1-8BFD-43E2C080ED3E}.Release|ARM.ActiveCfg = Release|Any CPU
		{F7B2FD45-EAC0-4CF1-8BFD-43E2C080ED3E}.Release|ARM.Build.0 = Release|Any CPU
		{F7B2FD45-EAC0-4CF1-8BFD-43E2C080ED3E}.Release|iPhone.ActiveCfg = Release|Any CPU
		{F7B2FD45-EAC0-4CF1-8BFD-43E2C080ED3E}.Release|iPhone.Build.0 = Release|Any CPU
		{F7B2FD45-EAC0-4CF1-8BFD-43E2C080ED3E}.Release|iPhoneSimulator.ActiveCfg = Release|Any CPU
		{F7B2FD45-EAC0-4CF1-8BFD-43E2C080ED3E}.Release|iPhoneSimulator.Build.0 = Release|Any CPU
		{F7B2FD45-EAC0-4CF1-8BFD-43E2C080ED3E}.Release|x64.ActiveCfg = Release|Any CPU
		{F7B2FD45-EAC0-4CF1-8BFD-43E2C080ED3E}.Release|x64.Build.0 = Release|Any CPU
		{F7B2FD45-EAC0-4CF1-8BFD-43E2C080ED3E}.Release|x86.ActiveCfg = Release|Any CPU
		{F7B2FD45-EAC0-4CF1-8BFD-43E2C080ED3E}.Release|x86.Build.0 = Release|Any CPU
		{71AC63E4-ECE4-4412-B318-D5E7BD65EC50}.Debug|Any CPU.ActiveCfg = Debug|Any CPU
		{71AC63E4-ECE4-4412-B318-D5E7BD65EC50}.Debug|Any CPU.Build.0 = Debug|Any CPU
		{71AC63E4-ECE4-4412-B318-D5E7BD65EC50}.Debug|ARM.ActiveCfg = Debug|Any CPU
		{71AC63E4-ECE4-4412-B318-D5E7BD65EC50}.Debug|ARM.Build.0 = Debug|Any CPU
		{71AC63E4-ECE4-4412-B318-D5E7BD65EC50}.Debug|iPhone.ActiveCfg = Debug|Any CPU
		{71AC63E4-ECE4-4412-B318-D5E7BD65EC50}.Debug|iPhone.Build.0 = Debug|Any CPU
		{71AC63E4-ECE4-4412-B318-D5E7BD65EC50}.Debug|iPhoneSimulator.ActiveCfg = Debug|Any CPU
		{71AC63E4-ECE4-4412-B318-D5E7BD65EC50}.Debug|iPhoneSimulator.Build.0 = Debug|Any CPU
		{71AC63E4-ECE4-4412-B318-D5E7BD65EC50}.Debug|x64.ActiveCfg = Debug|Any CPU
		{71AC63E4-ECE4-4412-B318-D5E7BD65EC50}.Debug|x64.Build.0 = Debug|Any CPU
		{71AC63E4-ECE4-4412-B318-D5E7BD65EC50}.Debug|x86.ActiveCfg = Debug|Any CPU
		{71AC63E4-ECE4-4412-B318-D5E7BD65EC50}.Debug|x86.Build.0 = Debug|Any CPU
		{71AC63E4-ECE4-4412-B318-D5E7BD65EC50}.Release|Any CPU.ActiveCfg = Release|Any CPU
		{71AC63E4-ECE4-4412-B318-D5E7BD65EC50}.Release|Any CPU.Build.0 = Release|Any CPU
		{71AC63E4-ECE4-4412-B318-D5E7BD65EC50}.Release|ARM.ActiveCfg = Release|Any CPU
		{71AC63E4-ECE4-4412-B318-D5E7BD65EC50}.Release|ARM.Build.0 = Release|Any CPU
		{71AC63E4-ECE4-4412-B318-D5E7BD65EC50}.Release|iPhone.ActiveCfg = Release|Any CPU
		{71AC63E4-ECE4-4412-B318-D5E7BD65EC50}.Release|iPhone.Build.0 = Release|Any CPU
		{71AC63E4-ECE4-4412-B318-D5E7BD65EC50}.Release|iPhoneSimulator.ActiveCfg = Release|Any CPU
		{71AC63E4-ECE4-4412-B318-D5E7BD65EC50}.Release|iPhoneSimulator.Build.0 = Release|Any CPU
		{71AC63E4-ECE4-4412-B318-D5E7BD65EC50}.Release|x64.ActiveCfg = Release|Any CPU
		{71AC63E4-ECE4-4412-B318-D5E7BD65EC50}.Release|x64.Build.0 = Release|Any CPU
		{71AC63E4-ECE4-4412-B318-D5E7BD65EC50}.Release|x86.ActiveCfg = Release|Any CPU
		{71AC63E4-ECE4-4412-B318-D5E7BD65EC50}.Release|x86.Build.0 = Release|Any CPU
		{8BC139B3-13FE-489D-A8E0-976418E846AA}.Debug|Any CPU.ActiveCfg = Debug|Any CPU
		{8BC139B3-13FE-489D-A8E0-976418E846AA}.Debug|Any CPU.Build.0 = Debug|Any CPU
		{8BC139B3-13FE-489D-A8E0-976418E846AA}.Debug|Any CPU.Deploy.0 = Debug|Any CPU
		{8BC139B3-13FE-489D-A8E0-976418E846AA}.Debug|ARM.ActiveCfg = Debug|ARM
		{8BC139B3-13FE-489D-A8E0-976418E846AA}.Debug|ARM.Build.0 = Debug|ARM
		{8BC139B3-13FE-489D-A8E0-976418E846AA}.Debug|ARM.Deploy.0 = Debug|ARM
		{8BC139B3-13FE-489D-A8E0-976418E846AA}.Debug|iPhone.ActiveCfg = Debug|ARM
		{8BC139B3-13FE-489D-A8E0-976418E846AA}.Debug|iPhone.Build.0 = Debug|ARM
		{8BC139B3-13FE-489D-A8E0-976418E846AA}.Debug|iPhone.Deploy.0 = Debug|ARM
		{8BC139B3-13FE-489D-A8E0-976418E846AA}.Debug|iPhoneSimulator.ActiveCfg = Debug|x86
		{8BC139B3-13FE-489D-A8E0-976418E846AA}.Debug|iPhoneSimulator.Build.0 = Debug|x86
		{8BC139B3-13FE-489D-A8E0-976418E846AA}.Debug|iPhoneSimulator.Deploy.0 = Debug|x86
		{8BC139B3-13FE-489D-A8E0-976418E846AA}.Debug|x64.ActiveCfg = Debug|x64
		{8BC139B3-13FE-489D-A8E0-976418E846AA}.Debug|x64.Build.0 = Debug|x64
		{8BC139B3-13FE-489D-A8E0-976418E846AA}.Debug|x64.Deploy.0 = Debug|x64
		{8BC139B3-13FE-489D-A8E0-976418E846AA}.Debug|x86.ActiveCfg = Debug|x86
		{8BC139B3-13FE-489D-A8E0-976418E846AA}.Debug|x86.Build.0 = Debug|x86
		{8BC139B3-13FE-489D-A8E0-976418E846AA}.Debug|x86.Deploy.0 = Debug|x86
		{8BC139B3-13FE-489D-A8E0-976418E846AA}.Release|Any CPU.ActiveCfg = Release|Any CPU
		{8BC139B3-13FE-489D-A8E0-976418E846AA}.Release|Any CPU.Build.0 = Release|Any CPU
		{8BC139B3-13FE-489D-A8E0-976418E846AA}.Release|Any CPU.Deploy.0 = Release|Any CPU
		{8BC139B3-13FE-489D-A8E0-976418E846AA}.Release|ARM.ActiveCfg = Release|ARM
		{8BC139B3-13FE-489D-A8E0-976418E846AA}.Release|ARM.Build.0 = Release|ARM
		{8BC139B3-13FE-489D-A8E0-976418E846AA}.Release|ARM.Deploy.0 = Release|ARM
		{8BC139B3-13FE-489D-A8E0-976418E846AA}.Release|iPhone.ActiveCfg = Release|ARM
		{8BC139B3-13FE-489D-A8E0-976418E846AA}.Release|iPhone.Build.0 = Release|ARM
		{8BC139B3-13FE-489D-A8E0-976418E846AA}.Release|iPhone.Deploy.0 = Release|ARM
		{8BC139B3-13FE-489D-A8E0-976418E846AA}.Release|iPhoneSimulator.ActiveCfg = Release|x86
		{8BC139B3-13FE-489D-A8E0-976418E846AA}.Release|iPhoneSimulator.Build.0 = Release|x86
		{8BC139B3-13FE-489D-A8E0-976418E846AA}.Release|iPhoneSimulator.Deploy.0 = Release|x86
		{8BC139B3-13FE-489D-A8E0-976418E846AA}.Release|x64.ActiveCfg = Release|x64
		{8BC139B3-13FE-489D-A8E0-976418E846AA}.Release|x64.Build.0 = Release|x64
		{8BC139B3-13FE-489D-A8E0-976418E846AA}.Release|x64.Deploy.0 = Release|x64
		{8BC139B3-13FE-489D-A8E0-976418E846AA}.Release|x86.ActiveCfg = Release|x86
		{8BC139B3-13FE-489D-A8E0-976418E846AA}.Release|x86.Build.0 = Release|x86
		{8BC139B3-13FE-489D-A8E0-976418E846AA}.Release|x86.Deploy.0 = Release|x86
		{F36EE8E1-F28E-48EE-852E-274186D49DF3}.Debug|Any CPU.ActiveCfg = Debug|Any CPU
		{F36EE8E1-F28E-48EE-852E-274186D49DF3}.Debug|Any CPU.Build.0 = Debug|Any CPU
		{F36EE8E1-F28E-48EE-852E-274186D49DF3}.Debug|ARM.ActiveCfg = Debug|Any CPU
		{F36EE8E1-F28E-48EE-852E-274186D49DF3}.Debug|ARM.Build.0 = Debug|Any CPU
		{F36EE8E1-F28E-48EE-852E-274186D49DF3}.Debug|iPhone.ActiveCfg = Debug|Any CPU
		{F36EE8E1-F28E-48EE-852E-274186D49DF3}.Debug|iPhone.Build.0 = Debug|Any CPU
		{F36EE8E1-F28E-48EE-852E-274186D49DF3}.Debug|iPhoneSimulator.ActiveCfg = Debug|Any CPU
		{F36EE8E1-F28E-48EE-852E-274186D49DF3}.Debug|iPhoneSimulator.Build.0 = Debug|Any CPU
		{F36EE8E1-F28E-48EE-852E-274186D49DF3}.Debug|x64.ActiveCfg = Debug|Any CPU
		{F36EE8E1-F28E-48EE-852E-274186D49DF3}.Debug|x64.Build.0 = Debug|Any CPU
		{F36EE8E1-F28E-48EE-852E-274186D49DF3}.Debug|x86.ActiveCfg = Debug|Any CPU
		{F36EE8E1-F28E-48EE-852E-274186D49DF3}.Debug|x86.Build.0 = Debug|Any CPU
		{F36EE8E1-F28E-48EE-852E-274186D49DF3}.Release|Any CPU.ActiveCfg = Release|Any CPU
		{F36EE8E1-F28E-48EE-852E-274186D49DF3}.Release|Any CPU.Build.0 = Release|Any CPU
		{F36EE8E1-F28E-48EE-852E-274186D49DF3}.Release|ARM.ActiveCfg = Release|Any CPU
		{F36EE8E1-F28E-48EE-852E-274186D49DF3}.Release|ARM.Build.0 = Release|Any CPU
		{F36EE8E1-F28E-48EE-852E-274186D49DF3}.Release|iPhone.ActiveCfg = Release|Any CPU
		{F36EE8E1-F28E-48EE-852E-274186D49DF3}.Release|iPhone.Build.0 = Release|Any CPU
		{F36EE8E1-F28E-48EE-852E-274186D49DF3}.Release|iPhoneSimulator.ActiveCfg = Release|Any CPU
		{F36EE8E1-F28E-48EE-852E-274186D49DF3}.Release|iPhoneSimulator.Build.0 = Release|Any CPU
		{F36EE8E1-F28E-48EE-852E-274186D49DF3}.Release|x64.ActiveCfg = Release|Any CPU
		{F36EE8E1-F28E-48EE-852E-274186D49DF3}.Release|x64.Build.0 = Release|Any CPU
		{F36EE8E1-F28E-48EE-852E-274186D49DF3}.Release|x86.ActiveCfg = Release|Any CPU
		{F36EE8E1-F28E-48EE-852E-274186D49DF3}.Release|x86.Build.0 = Release|Any CPU
		{FFF4B94A-54F1-4C45-9027-211AD220391C}.Debug|Any CPU.ActiveCfg = Debug|Any CPU
		{FFF4B94A-54F1-4C45-9027-211AD220391C}.Debug|Any CPU.Build.0 = Debug|Any CPU
		{FFF4B94A-54F1-4C45-9027-211AD220391C}.Debug|ARM.ActiveCfg = Debug|Any CPU
		{FFF4B94A-54F1-4C45-9027-211AD220391C}.Debug|ARM.Build.0 = Debug|Any CPU
		{FFF4B94A-54F1-4C45-9027-211AD220391C}.Debug|iPhone.ActiveCfg = Debug|Any CPU
		{FFF4B94A-54F1-4C45-9027-211AD220391C}.Debug|iPhone.Build.0 = Debug|Any CPU
		{FFF4B94A-54F1-4C45-9027-211AD220391C}.Debug|iPhoneSimulator.ActiveCfg = Debug|Any CPU
		{FFF4B94A-54F1-4C45-9027-211AD220391C}.Debug|iPhoneSimulator.Build.0 = Debug|Any CPU
		{FFF4B94A-54F1-4C45-9027-211AD220391C}.Debug|x64.ActiveCfg = Debug|Any CPU
		{FFF4B94A-54F1-4C45-9027-211AD220391C}.Debug|x64.Build.0 = Debug|Any CPU
		{FFF4B94A-54F1-4C45-9027-211AD220391C}.Debug|x86.ActiveCfg = Debug|Any CPU
		{FFF4B94A-54F1-4C45-9027-211AD220391C}.Debug|x86.Build.0 = Debug|Any CPU
		{FFF4B94A-54F1-4C45-9027-211AD220391C}.Release|Any CPU.ActiveCfg = Release|Any CPU
		{FFF4B94A-54F1-4C45-9027-211AD220391C}.Release|Any CPU.Build.0 = Release|Any CPU
		{FFF4B94A-54F1-4C45-9027-211AD220391C}.Release|ARM.ActiveCfg = Release|Any CPU
		{FFF4B94A-54F1-4C45-9027-211AD220391C}.Release|ARM.Build.0 = Release|Any CPU
		{FFF4B94A-54F1-4C45-9027-211AD220391C}.Release|iPhone.ActiveCfg = Release|Any CPU
		{FFF4B94A-54F1-4C45-9027-211AD220391C}.Release|iPhone.Build.0 = Release|Any CPU
		{FFF4B94A-54F1-4C45-9027-211AD220391C}.Release|iPhoneSimulator.ActiveCfg = Release|Any CPU
		{FFF4B94A-54F1-4C45-9027-211AD220391C}.Release|iPhoneSimulator.Build.0 = Release|Any CPU
		{FFF4B94A-54F1-4C45-9027-211AD220391C}.Release|x64.ActiveCfg = Release|Any CPU
		{FFF4B94A-54F1-4C45-9027-211AD220391C}.Release|x64.Build.0 = Release|Any CPU
		{FFF4B94A-54F1-4C45-9027-211AD220391C}.Release|x86.ActiveCfg = Release|Any CPU
		{FFF4B94A-54F1-4C45-9027-211AD220391C}.Release|x86.Build.0 = Release|Any CPU
		{02B59E22-8682-4C38-907F-866A7497FE3F}.Debug|Any CPU.ActiveCfg = Debug|Any CPU
		{02B59E22-8682-4C38-907F-866A7497FE3F}.Debug|Any CPU.Build.0 = Debug|Any CPU
		{02B59E22-8682-4C38-907F-866A7497FE3F}.Debug|Any CPU.Deploy.0 = Debug|Any CPU
		{02B59E22-8682-4C38-907F-866A7497FE3F}.Debug|ARM.ActiveCfg = Debug|ARM
		{02B59E22-8682-4C38-907F-866A7497FE3F}.Debug|ARM.Build.0 = Debug|ARM
		{02B59E22-8682-4C38-907F-866A7497FE3F}.Debug|ARM.Deploy.0 = Debug|ARM
		{02B59E22-8682-4C38-907F-866A7497FE3F}.Debug|iPhone.ActiveCfg = Debug|ARM
		{02B59E22-8682-4C38-907F-866A7497FE3F}.Debug|iPhone.Build.0 = Debug|ARM
		{02B59E22-8682-4C38-907F-866A7497FE3F}.Debug|iPhone.Deploy.0 = Debug|ARM
		{02B59E22-8682-4C38-907F-866A7497FE3F}.Debug|iPhoneSimulator.ActiveCfg = Debug|x86
		{02B59E22-8682-4C38-907F-866A7497FE3F}.Debug|iPhoneSimulator.Build.0 = Debug|x86
		{02B59E22-8682-4C38-907F-866A7497FE3F}.Debug|iPhoneSimulator.Deploy.0 = Debug|x86
		{02B59E22-8682-4C38-907F-866A7497FE3F}.Debug|x64.ActiveCfg = Debug|x86
		{02B59E22-8682-4C38-907F-866A7497FE3F}.Debug|x64.Build.0 = Debug|x86
		{02B59E22-8682-4C38-907F-866A7497FE3F}.Debug|x64.Deploy.0 = Debug|x86
		{02B59E22-8682-4C38-907F-866A7497FE3F}.Debug|x86.ActiveCfg = Debug|x86
		{02B59E22-8682-4C38-907F-866A7497FE3F}.Debug|x86.Build.0 = Debug|x86
		{02B59E22-8682-4C38-907F-866A7497FE3F}.Debug|x86.Deploy.0 = Debug|x86
		{02B59E22-8682-4C38-907F-866A7497FE3F}.Release|Any CPU.ActiveCfg = Release|Any CPU
		{02B59E22-8682-4C38-907F-866A7497FE3F}.Release|Any CPU.Build.0 = Release|Any CPU
		{02B59E22-8682-4C38-907F-866A7497FE3F}.Release|Any CPU.Deploy.0 = Release|Any CPU
		{02B59E22-8682-4C38-907F-866A7497FE3F}.Release|ARM.ActiveCfg = Release|ARM
		{02B59E22-8682-4C38-907F-866A7497FE3F}.Release|ARM.Build.0 = Release|ARM
		{02B59E22-8682-4C38-907F-866A7497FE3F}.Release|ARM.Deploy.0 = Release|ARM
		{02B59E22-8682-4C38-907F-866A7497FE3F}.Release|iPhone.ActiveCfg = Release|ARM
		{02B59E22-8682-4C38-907F-866A7497FE3F}.Release|iPhone.Build.0 = Release|ARM
		{02B59E22-8682-4C38-907F-866A7497FE3F}.Release|iPhone.Deploy.0 = Release|ARM
		{02B59E22-8682-4C38-907F-866A7497FE3F}.Release|iPhoneSimulator.ActiveCfg = Release|x86
		{02B59E22-8682-4C38-907F-866A7497FE3F}.Release|iPhoneSimulator.Build.0 = Release|x86
		{02B59E22-8682-4C38-907F-866A7497FE3F}.Release|iPhoneSimulator.Deploy.0 = Release|x86
		{02B59E22-8682-4C38-907F-866A7497FE3F}.Release|x64.ActiveCfg = Release|x86
		{02B59E22-8682-4C38-907F-866A7497FE3F}.Release|x64.Build.0 = Release|x86
		{02B59E22-8682-4C38-907F-866A7497FE3F}.Release|x64.Deploy.0 = Release|x86
		{02B59E22-8682-4C38-907F-866A7497FE3F}.Release|x86.ActiveCfg = Release|x86
		{02B59E22-8682-4C38-907F-866A7497FE3F}.Release|x86.Build.0 = Release|x86
		{02B59E22-8682-4C38-907F-866A7497FE3F}.Release|x86.Deploy.0 = Release|x86
	EndGlobalSection
	GlobalSection(SolutionProperties) = preSolution
		HideSolutionNode = FALSE
	EndGlobalSection
EndGlobal
