
Microsoft Visual Studio Solution File, Format Version 12.00
# Visual Studio 14
VisualStudioVersion = 14.0.25123.0
MinimumVisualStudioVersion = 10.0.40219.1
Project("{FAE04EC0-301F-11D3-BF4B-00C04F79EFBC}") = "SignaturePad.WP8", "..\..\src\SignaturePad.WP8\SignaturePad.WP8.csproj", "{105D08DE-982A-4F39-9FB2-82735CF2F3F1}"
EndProject
Project("{FAE04EC0-301F-11D3-BF4B-00C04F79EFBC}") = "SignaturePad.Android", "..\..\src\SignaturePad.Android\SignaturePad.Android.csproj", "{F1A16CB9-A759-42C8-8F0B-3C9698A55336}"
EndProject
Project("{FAE04EC0-301F-11D3-BF4B-00C04F79EFBC}") = "SignaturePad.Forms", "..\..\src\SignaturePad.Forms\SignaturePad.Forms.csproj", "{B2AF970D-D640-451C-95AF-92AF531B8C1E}"
EndProject
Project("{FAE04EC0-301F-11D3-BF4B-00C04F79EFBC}") = "SignaturePad.Forms.Droid", "..\..\src\SignaturePad.Forms.Droid\SignaturePad.Forms.Droid.csproj", "{1D5482F6-AA89-422C-9E34-88A8A1AD8AB6}"
EndProject
Project("{FAE04EC0-301F-11D3-BF4B-00C04F79EFBC}") = "SignaturePad.Forms.WindowsPhone", "..\..\src\SignaturePad.Forms.WindowsPhone\SignaturePad.Forms.WindowsPhone.csproj", "{FB73D461-D197-42A2-8928-086333277E54}"
EndProject
Project("{FAE04EC0-301F-11D3-BF4B-00C04F79EFBC}") = "Samples", "Samples\Samples.csproj", "{CC18E151-5792-4DA5-ADE6-7CFBA16A593E}"
EndProject
Project("{FAE04EC0-301F-11D3-BF4B-00C04F79EFBC}") = "Samples.Android", "Samples.Android\Samples.Android.csproj", "{3AC4ED82-3D1E-4767-8C17-39EF6337AA64}"
EndProject
Project("{FAE04EC0-301F-11D3-BF4B-00C04F79EFBC}") = "Samples.WinPhone", "Samples.WinPhone\Samples.WinPhone.csproj", "{5446C4A3-ED4C-48F0-99BD-F2B60F867475}"
EndProject
Project("{D954291E-2A0B-460D-934E-DC6B0785DB48}") = "SignaturePad.Forms.Platform.Shared", "..\..\src\SignaturePad.Forms.Platform.Shared\SignaturePad.Forms.Platform.Shared.shproj", "{4C55BDD7-F049-4742-9E00-CDD480E53A54}"
EndProject
Global
	GlobalSection(SharedMSBuildProjectFiles) = preSolution
		..\..\src\SignaturePad.Forms.Platform.Shared\SignaturePad.Forms.Platform.Shared.projitems*{b12d20aa-0edf-4903-b385-bb8090848532}*SharedItemsImports = 4
		..\..\src\SignaturePad.Forms.Platform.Shared\SignaturePad.Forms.Platform.Shared.projitems*{fb73d461-d197-42a2-8928-086333277e54}*SharedItemsImports = 4
		..\..\src\SignaturePad.Forms.Platform.Shared\SignaturePad.Forms.Platform.Shared.projitems*{1d5482f6-aa89-422c-9e34-88a8a1ad8ab6}*SharedItemsImports = 4
		..\..\src\SignaturePad.Forms.Platform.Shared\SignaturePad.Forms.Platform.Shared.projitems*{4c55bdd7-f049-4742-9e00-cdd480e53a54}*SharedItemsImports = 13
	EndGlobalSection
	GlobalSection(SolutionConfigurationPlatforms) = preSolution
		Debug|Any CPU = Debug|Any CPU
		Debug|ARM = Debug|ARM
		Debug|iPhone = Debug|iPhone
		Debug|iPhoneSimulator = Debug|iPhoneSimulator
		Debug|x86 = Debug|x86
		Release|Any CPU = Release|Any CPU
		Release|ARM = Release|ARM
		Release|iPhone = Release|iPhone
		Release|iPhoneSimulator = Release|iPhoneSimulator
		Release|x86 = Release|x86
	EndGlobalSection
	GlobalSection(ProjectConfigurationPlatforms) = postSolution
		{105D08DE-982A-4F39-9FB2-82735CF2F3F1}.Debug|Any CPU.ActiveCfg = Debug|Any CPU
		{105D08DE-982A-4F39-9FB2-82735CF2F3F1}.Debug|Any CPU.Build.0 = Debug|Any CPU
		{105D08DE-982A-4F39-9FB2-82735CF2F3F1}.Debug|ARM.ActiveCfg = Debug|ARM
		{105D08DE-982A-4F39-9FB2-82735CF2F3F1}.Debug|ARM.Build.0 = Debug|ARM
		{105D08DE-982A-4F39-9FB2-82735CF2F3F1}.Debug|iPhone.ActiveCfg = Debug|ARM
		{105D08DE-982A-4F39-9FB2-82735CF2F3F1}.Debug|iPhone.Build.0 = Debug|ARM
		{105D08DE-982A-4F39-9FB2-82735CF2F3F1}.Debug|iPhoneSimulator.ActiveCfg = Debug|x86
		{105D08DE-982A-4F39-9FB2-82735CF2F3F1}.Debug|iPhoneSimulator.Build.0 = Debug|x86
		{105D08DE-982A-4F39-9FB2-82735CF2F3F1}.Debug|x86.ActiveCfg = Debug|x86
		{105D08DE-982A-4F39-9FB2-82735CF2F3F1}.Debug|x86.Build.0 = Debug|x86
		{105D08DE-982A-4F39-9FB2-82735CF2F3F1}.Release|Any CPU.ActiveCfg = Release|Any CPU
		{105D08DE-982A-4F39-9FB2-82735CF2F3F1}.Release|Any CPU.Build.0 = Release|Any CPU
		{105D08DE-982A-4F39-9FB2-82735CF2F3F1}.Release|ARM.ActiveCfg = Release|ARM
		{105D08DE-982A-4F39-9FB2-82735CF2F3F1}.Release|ARM.Build.0 = Release|ARM
		{105D08DE-982A-4F39-9FB2-82735CF2F3F1}.Release|iPhone.ActiveCfg = Release|ARM
		{105D08DE-982A-4F39-9FB2-82735CF2F3F1}.Release|iPhone.Build.0 = Release|ARM
		{105D08DE-982A-4F39-9FB2-82735CF2F3F1}.Release|iPhoneSimulator.ActiveCfg = Release|x86
		{105D08DE-982A-4F39-9FB2-82735CF2F3F1}.Release|iPhoneSimulator.Build.0 = Release|x86
		{105D08DE-982A-4F39-9FB2-82735CF2F3F1}.Release|x86.ActiveCfg = Release|x86
		{105D08DE-982A-4F39-9FB2-82735CF2F3F1}.Release|x86.Build.0 = Release|x86
		{F1A16CB9-A759-42C8-8F0B-3C9698A55336}.Debug|Any CPU.ActiveCfg = Debug|Any CPU
		{F1A16CB9-A759-42C8-8F0B-3C9698A55336}.Debug|Any CPU.Build.0 = Debug|Any CPU
		{F1A16CB9-A759-42C8-8F0B-3C9698A55336}.Debug|ARM.ActiveCfg = Debug|Any CPU
		{F1A16CB9-A759-42C8-8F0B-3C9698A55336}.Debug|ARM.Build.0 = Debug|Any CPU
		{F1A16CB9-A759-42C8-8F0B-3C9698A55336}.Debug|iPhone.ActiveCfg = Debug|Any CPU
		{F1A16CB9-A759-42C8-8F0B-3C9698A55336}.Debug|iPhone.Build.0 = Debug|Any CPU
		{F1A16CB9-A759-42C8-8F0B-3C9698A55336}.Debug|iPhoneSimulator.ActiveCfg = Debug|Any CPU
		{F1A16CB9-A759-42C8-8F0B-3C9698A55336}.Debug|iPhoneSimulator.Build.0 = Debug|Any CPU
		{F1A16CB9-A759-42C8-8F0B-3C9698A55336}.Debug|x86.ActiveCfg = Debug|Any CPU
		{F1A16CB9-A759-42C8-8F0B-3C9698A55336}.Debug|x86.Build.0 = Debug|Any CPU
		{F1A16CB9-A759-42C8-8F0B-3C9698A55336}.Release|Any CPU.ActiveCfg = Release|Any CPU
		{F1A16CB9-A759-42C8-8F0B-3C9698A55336}.Release|Any CPU.Build.0 = Release|Any CPU
		{F1A16CB9-A759-42C8-8F0B-3C9698A55336}.Release|ARM.ActiveCfg = Release|Any CPU
		{F1A16CB9-A759-42C8-8F0B-3C9698A55336}.Release|ARM.Build.0 = Release|Any CPU
		{F1A16CB9-A759-42C8-8F0B-3C9698A55336}.Release|iPhone.ActiveCfg = Release|Any CPU
		{F1A16CB9-A759-42C8-8F0B-3C9698A55336}.Release|iPhone.Build.0 = Release|Any CPU
		{F1A16CB9-A759-42C8-8F0B-3C9698A55336}.Release|iPhoneSimulator.ActiveCfg = Release|Any CPU
		{F1A16CB9-A759-42C8-8F0B-3C9698A55336}.Release|iPhoneSimulator.Build.0 = Release|Any CPU
		{F1A16CB9-A759-42C8-8F0B-3C9698A55336}.Release|x86.ActiveCfg = Release|Any CPU
		{F1A16CB9-A759-42C8-8F0B-3C9698A55336}.Release|x86.Build.0 = Release|Any CPU
		{B2AF970D-D640-451C-95AF-92AF531B8C1E}.Debug|Any CPU.ActiveCfg = Debug|Any CPU
		{B2AF970D-D640-451C-95AF-92AF531B8C1E}.Debug|Any CPU.Build.0 = Debug|Any CPU
		{B2AF970D-D640-451C-95AF-92AF531B8C1E}.Debug|ARM.ActiveCfg = Debug|Any CPU
		{B2AF970D-D640-451C-95AF-92AF531B8C1E}.Debug|ARM.Build.0 = Debug|Any CPU
		{B2AF970D-D640-451C-95AF-92AF531B8C1E}.Debug|iPhone.ActiveCfg = Debug|Any CPU
		{B2AF970D-D640-451C-95AF-92AF531B8C1E}.Debug|iPhone.Build.0 = Debug|Any CPU
		{B2AF970D-D640-451C-95AF-92AF531B8C1E}.Debug|iPhoneSimulator.ActiveCfg = Debug|Any CPU
		{B2AF970D-D640-451C-95AF-92AF531B8C1E}.Debug|iPhoneSimulator.Build.0 = Debug|Any CPU
		{B2AF970D-D640-451C-95AF-92AF531B8C1E}.Debug|x86.ActiveCfg = Debug|Any CPU
		{B2AF970D-D640-451C-95AF-92AF531B8C1E}.Debug|x86.Build.0 = Debug|Any CPU
		{B2AF970D-D640-451C-95AF-92AF531B8C1E}.Release|Any CPU.ActiveCfg = Release|Any CPU
		{B2AF970D-D640-451C-95AF-92AF531B8C1E}.Release|Any CPU.Build.0 = Release|Any CPU
		{B2AF970D-D640-451C-95AF-92AF531B8C1E}.Release|ARM.ActiveCfg = Release|Any CPU
		{B2AF970D-D640-451C-95AF-92AF531B8C1E}.Release|ARM.Build.0 = Release|Any CPU
		{B2AF970D-D640-451C-95AF-92AF531B8C1E}.Release|iPhone.ActiveCfg = Release|Any CPU
		{B2AF970D-D640-451C-95AF-92AF531B8C1E}.Release|iPhone.Build.0 = Release|Any CPU
		{B2AF970D-D640-451C-95AF-92AF531B8C1E}.Release|iPhoneSimulator.ActiveCfg = Release|Any CPU
		{B2AF970D-D640-451C-95AF-92AF531B8C1E}.Release|iPhoneSimulator.Build.0 = Release|Any CPU
		{B2AF970D-D640-451C-95AF-92AF531B8C1E}.Release|x86.ActiveCfg = Release|Any CPU
		{B2AF970D-D640-451C-95AF-92AF531B8C1E}.Release|x86.Build.0 = Release|Any CPU
		{1D5482F6-AA89-422C-9E34-88A8A1AD8AB6}.Debug|Any CPU.ActiveCfg = Debug|Any CPU
		{1D5482F6-AA89-422C-9E34-88A8A1AD8AB6}.Debug|Any CPU.Build.0 = Debug|Any CPU
		{1D5482F6-AA89-422C-9E34-88A8A1AD8AB6}.Debug|ARM.ActiveCfg = Debug|Any CPU
		{1D5482F6-AA89-422C-9E34-88A8A1AD8AB6}.Debug|ARM.Build.0 = Debug|Any CPU
		{1D5482F6-AA89-422C-9E34-88A8A1AD8AB6}.Debug|iPhone.ActiveCfg = Debug|Any CPU
		{1D5482F6-AA89-422C-9E34-88A8A1AD8AB6}.Debug|iPhone.Build.0 = Debug|Any CPU
		{1D5482F6-AA89-422C-9E34-88A8A1AD8AB6}.Debug|iPhoneSimulator.ActiveCfg = Debug|Any CPU
		{1D5482F6-AA89-422C-9E34-88A8A1AD8AB6}.Debug|iPhoneSimulator.Build.0 = Debug|Any CPU
		{1D5482F6-AA89-422C-9E34-88A8A1AD8AB6}.Debug|x86.ActiveCfg = Debug|Any CPU
		{1D5482F6-AA89-422C-9E34-88A8A1AD8AB6}.Debug|x86.Build.0 = Debug|Any CPU
		{1D5482F6-AA89-422C-9E34-88A8A1AD8AB6}.Release|Any CPU.ActiveCfg = Release|Any CPU
		{1D5482F6-AA89-422C-9E34-88A8A1AD8AB6}.Release|Any CPU.Build.0 = Release|Any CPU
		{1D5482F6-AA89-422C-9E34-88A8A1AD8AB6}.Release|ARM.ActiveCfg = Release|Any CPU
		{1D5482F6-AA89-422C-9E34-88A8A1AD8AB6}.Release|ARM.Build.0 = Release|Any CPU
		{1D5482F6-AA89-422C-9E34-88A8A1AD8AB6}.Release|iPhone.ActiveCfg = Release|Any CPU
		{1D5482F6-AA89-422C-9E34-88A8A1AD8AB6}.Release|iPhone.Build.0 = Release|Any CPU
		{1D5482F6-AA89-422C-9E34-88A8A1AD8AB6}.Release|iPhoneSimulator.ActiveCfg = Release|Any CPU
		{1D5482F6-AA89-422C-9E34-88A8A1AD8AB6}.Release|iPhoneSimulator.Build.0 = Release|Any CPU
		{1D5482F6-AA89-422C-9E34-88A8A1AD8AB6}.Release|x86.ActiveCfg = Release|Any CPU
		{1D5482F6-AA89-422C-9E34-88A8A1AD8AB6}.Release|x86.Build.0 = Release|Any CPU
		{FB73D461-D197-42A2-8928-086333277E54}.Debug|Any CPU.ActiveCfg = Debug|Any CPU
		{FB73D461-D197-42A2-8928-086333277E54}.Debug|Any CPU.Build.0 = Debug|Any CPU
		{FB73D461-D197-42A2-8928-086333277E54}.Debug|ARM.ActiveCfg = Debug|ARM
		{FB73D461-D197-42A2-8928-086333277E54}.Debug|ARM.Build.0 = Debug|ARM
		{FB73D461-D197-42A2-8928-086333277E54}.Debug|iPhone.ActiveCfg = Debug|ARM
		{FB73D461-D197-42A2-8928-086333277E54}.Debug|iPhone.Build.0 = Debug|ARM
		{FB73D461-D197-42A2-8928-086333277E54}.Debug|iPhoneSimulator.ActiveCfg = Debug|x86
		{FB73D461-D197-42A2-8928-086333277E54}.Debug|iPhoneSimulator.Build.0 = Debug|x86
		{FB73D461-D197-42A2-8928-086333277E54}.Debug|x86.ActiveCfg = Debug|x86
		{FB73D461-D197-42A2-8928-086333277E54}.Debug|x86.Build.0 = Debug|x86
		{FB73D461-D197-42A2-8928-086333277E54}.Release|Any CPU.ActiveCfg = Release|Any CPU
		{FB73D461-D197-42A2-8928-086333277E54}.Release|Any CPU.Build.0 = Release|Any CPU
		{FB73D461-D197-42A2-8928-086333277E54}.Release|ARM.ActiveCfg = Release|ARM
		{FB73D461-D197-42A2-8928-086333277E54}.Release|ARM.Build.0 = Release|ARM
		{FB73D461-D197-42A2-8928-086333277E54}.Release|iPhone.ActiveCfg = Release|ARM
		{FB73D461-D197-42A2-8928-086333277E54}.Release|iPhone.Build.0 = Release|ARM
		{FB73D461-D197-42A2-8928-086333277E54}.Release|iPhoneSimulator.ActiveCfg = Release|x86
		{FB73D461-D197-42A2-8928-086333277E54}.Release|iPhoneSimulator.Build.0 = Release|x86
		{FB73D461-D197-42A2-8928-086333277E54}.Release|x86.ActiveCfg = Release|x86
		{FB73D461-D197-42A2-8928-086333277E54}.Release|x86.Build.0 = Release|x86
		{CC18E151-5792-4DA5-ADE6-7CFBA16A593E}.Debug|Any CPU.ActiveCfg = Debug|Any CPU
		{CC18E151-5792-4DA5-ADE6-7CFBA16A593E}.Debug|Any CPU.Build.0 = Debug|Any CPU
		{CC18E151-5792-4DA5-ADE6-7CFBA16A593E}.Debug|ARM.ActiveCfg = Debug|Any CPU
		{CC18E151-5792-4DA5-ADE6-7CFBA16A593E}.Debug|ARM.Build.0 = Debug|Any CPU
		{CC18E151-5792-4DA5-ADE6-7CFBA16A593E}.Debug|iPhone.ActiveCfg = Debug|Any CPU
		{CC18E151-5792-4DA5-ADE6-7CFBA16A593E}.Debug|iPhone.Build.0 = Debug|Any CPU
		{CC18E151-5792-4DA5-ADE6-7CFBA16A593E}.Debug|iPhoneSimulator.ActiveCfg = Debug|Any CPU
		{CC18E151-5792-4DA5-ADE6-7CFBA16A593E}.Debug|iPhoneSimulator.Build.0 = Debug|Any CPU
		{CC18E151-5792-4DA5-ADE6-7CFBA16A593E}.Debug|x86.ActiveCfg = Debug|Any CPU
		{CC18E151-5792-4DA5-ADE6-7CFBA16A593E}.Debug|x86.Build.0 = Debug|Any CPU
		{CC18E151-5792-4DA5-ADE6-7CFBA16A593E}.Release|Any CPU.ActiveCfg = Release|Any CPU
		{CC18E151-5792-4DA5-ADE6-7CFBA16A593E}.Release|Any CPU.Build.0 = Release|Any CPU
		{CC18E151-5792-4DA5-ADE6-7CFBA16A593E}.Release|ARM.ActiveCfg = Release|Any CPU
		{CC18E151-5792-4DA5-ADE6-7CFBA16A593E}.Release|ARM.Build.0 = Release|Any CPU
		{CC18E151-5792-4DA5-ADE6-7CFBA16A593E}.Release|iPhone.ActiveCfg = Release|Any CPU
		{CC18E151-5792-4DA5-ADE6-7CFBA16A593E}.Release|iPhone.Build.0 = Release|Any CPU
		{CC18E151-5792-4DA5-ADE6-7CFBA16A593E}.Release|iPhoneSimulator.ActiveCfg = Release|Any CPU
		{CC18E151-5792-4DA5-ADE6-7CFBA16A593E}.Release|iPhoneSimulator.Build.0 = Release|Any CPU
		{CC18E151-5792-4DA5-ADE6-7CFBA16A593E}.Release|x86.ActiveCfg = Release|Any CPU
		{CC18E151-5792-4DA5-ADE6-7CFBA16A593E}.Release|x86.Build.0 = Release|Any CPU
		{3AC4ED82-3D1E-4767-8C17-39EF6337AA64}.Debug|Any CPU.ActiveCfg = Debug|Any CPU
		{3AC4ED82-3D1E-4767-8C17-39EF6337AA64}.Debug|Any CPU.Build.0 = Debug|Any CPU
		{3AC4ED82-3D1E-4767-8C17-39EF6337AA64}.Debug|Any CPU.Deploy.0 = Debug|Any CPU
		{3AC4ED82-3D1E-4767-8C17-39EF6337AA64}.Debug|ARM.ActiveCfg = Debug|Any CPU
		{3AC4ED82-3D1E-4767-8C17-39EF6337AA64}.Debug|ARM.Build.0 = Debug|Any CPU
		{3AC4ED82-3D1E-4767-8C17-39EF6337AA64}.Debug|ARM.Deploy.0 = Debug|Any CPU
		{3AC4ED82-3D1E-4767-8C17-39EF6337AA64}.Debug|iPhone.ActiveCfg = Debug|Any CPU
		{3AC4ED82-3D1E-4767-8C17-39EF6337AA64}.Debug|iPhone.Build.0 = Debug|Any CPU
		{3AC4ED82-3D1E-4767-8C17-39EF6337AA64}.Debug|iPhone.Deploy.0 = Debug|Any CPU
		{3AC4ED82-3D1E-4767-8C17-39EF6337AA64}.Debug|iPhoneSimulator.ActiveCfg = Debug|Any CPU
		{3AC4ED82-3D1E-4767-8C17-39EF6337AA64}.Debug|iPhoneSimulator.Build.0 = Debug|Any CPU
		{3AC4ED82-3D1E-4767-8C17-39EF6337AA64}.Debug|iPhoneSimulator.Deploy.0 = Debug|Any CPU
		{3AC4ED82-3D1E-4767-8C17-39EF6337AA64}.Debug|x86.ActiveCfg = Debug|Any CPU
		{3AC4ED82-3D1E-4767-8C17-39EF6337AA64}.Debug|x86.Build.0 = Debug|Any CPU
		{3AC4ED82-3D1E-4767-8C17-39EF6337AA64}.Debug|x86.Deploy.0 = Debug|Any CPU
		{3AC4ED82-3D1E-4767-8C17-39EF6337AA64}.Release|Any CPU.ActiveCfg = Release|Any CPU
		{3AC4ED82-3D1E-4767-8C17-39EF6337AA64}.Release|Any CPU.Build.0 = Release|Any CPU
		{3AC4ED82-3D1E-4767-8C17-39EF6337AA64}.Release|Any CPU.Deploy.0 = Release|Any CPU
		{3AC4ED82-3D1E-4767-8C17-39EF6337AA64}.Release|ARM.ActiveCfg = Release|Any CPU
		{3AC4ED82-3D1E-4767-8C17-39EF6337AA64}.Release|ARM.Build.0 = Release|Any CPU
		{3AC4ED82-3D1E-4767-8C17-39EF6337AA64}.Release|ARM.Deploy.0 = Release|Any CPU
		{3AC4ED82-3D1E-4767-8C17-39EF6337AA64}.Release|iPhone.ActiveCfg = Release|Any CPU
		{3AC4ED82-3D1E-4767-8C17-39EF6337AA64}.Release|iPhone.Build.0 = Release|Any CPU
		{3AC4ED82-3D1E-4767-8C17-39EF6337AA64}.Release|iPhone.Deploy.0 = Release|Any CPU
		{3AC4ED82-3D1E-4767-8C17-39EF6337AA64}.Release|iPhoneSimulator.ActiveCfg = Release|Any CPU
		{3AC4ED82-3D1E-4767-8C17-39EF6337AA64}.Release|iPhoneSimulator.Build.0 = Release|Any CPU
		{3AC4ED82-3D1E-4767-8C17-39EF6337AA64}.Release|iPhoneSimulator.Deploy.0 = Release|Any CPU
		{3AC4ED82-3D1E-4767-8C17-39EF6337AA64}.Release|x86.ActiveCfg = Release|Any CPU
		{3AC4ED82-3D1E-4767-8C17-39EF6337AA64}.Release|x86.Build.0 = Release|Any CPU
		{3AC4ED82-3D1E-4767-8C17-39EF6337AA64}.Release|x86.Deploy.0 = Release|Any CPU
		{5446C4A3-ED4C-48F0-99BD-F2B60F867475}.Debug|Any CPU.ActiveCfg = Debug|Any CPU
		{5446C4A3-ED4C-48F0-99BD-F2B60F867475}.Debug|Any CPU.Build.0 = Debug|Any CPU
		{5446C4A3-ED4C-48F0-99BD-F2B60F867475}.Debug|Any CPU.Deploy.0 = Debug|Any CPU
		{5446C4A3-ED4C-48F0-99BD-F2B60F867475}.Debug|ARM.ActiveCfg = Debug|ARM
		{5446C4A3-ED4C-48F0-99BD-F2B60F867475}.Debug|ARM.Build.0 = Debug|ARM
		{5446C4A3-ED4C-48F0-99BD-F2B60F867475}.Debug|ARM.Deploy.0 = Debug|ARM
		{5446C4A3-ED4C-48F0-99BD-F2B60F867475}.Debug|iPhone.ActiveCfg = Debug|ARM
		{5446C4A3-ED4C-48F0-99BD-F2B60F867475}.Debug|iPhone.Build.0 = Debug|ARM
		{5446C4A3-ED4C-48F0-99BD-F2B60F867475}.Debug|iPhone.Deploy.0 = Debug|ARM
		{5446C4A3-ED4C-48F0-99BD-F2B60F867475}.Debug|iPhoneSimulator.ActiveCfg = Debug|x86
		{5446C4A3-ED4C-48F0-99BD-F2B60F867475}.Debug|iPhoneSimulator.Build.0 = Debug|x86
		{5446C4A3-ED4C-48F0-99BD-F2B60F867475}.Debug|iPhoneSimulator.Deploy.0 = Debug|x86
		{5446C4A3-ED4C-48F0-99BD-F2B60F867475}.Debug|x86.ActiveCfg = Debug|x86
		{5446C4A3-ED4C-48F0-99BD-F2B60F867475}.Debug|x86.Build.0 = Debug|x86
		{5446C4A3-ED4C-48F0-99BD-F2B60F867475}.Debug|x86.Deploy.0 = Debug|x86
		{5446C4A3-ED4C-48F0-99BD-F2B60F867475}.Release|Any CPU.ActiveCfg = Release|Any CPU
		{5446C4A3-ED4C-48F0-99BD-F2B60F867475}.Release|Any CPU.Build.0 = Release|Any CPU
		{5446C4A3-ED4C-48F0-99BD-F2B60F867475}.Release|Any CPU.Deploy.0 = Release|Any CPU
		{5446C4A3-ED4C-48F0-99BD-F2B60F867475}.Release|ARM.ActiveCfg = Release|ARM
		{5446C4A3-ED4C-48F0-99BD-F2B60F867475}.Release|ARM.Build.0 = Release|ARM
		{5446C4A3-ED4C-48F0-99BD-F2B60F867475}.Release|ARM.Deploy.0 = Release|ARM
		{5446C4A3-ED4C-48F0-99BD-F2B60F867475}.Release|iPhone.ActiveCfg = Release|ARM
		{5446C4A3-ED4C-48F0-99BD-F2B60F867475}.Release|iPhone.Build.0 = Release|ARM
		{5446C4A3-ED4C-48F0-99BD-F2B60F867475}.Release|iPhone.Deploy.0 = Release|ARM
		{5446C4A3-ED4C-48F0-99BD-F2B60F867475}.Release|iPhoneSimulator.ActiveCfg = Release|x86
		{5446C4A3-ED4C-48F0-99BD-F2B60F867475}.Release|iPhoneSimulator.Build.0 = Release|x86
		{5446C4A3-ED4C-48F0-99BD-F2B60F867475}.Release|iPhoneSimulator.Deploy.0 = Release|x86
		{5446C4A3-ED4C-48F0-99BD-F2B60F867475}.Release|x86.ActiveCfg = Release|x86
		{5446C4A3-ED4C-48F0-99BD-F2B60F867475}.Release|x86.Build.0 = Release|x86
		{5446C4A3-ED4C-48F0-99BD-F2B60F867475}.Release|x86.Deploy.0 = Release|x86
	EndGlobalSection
	GlobalSection(SolutionProperties) = preSolution
		HideSolutionNode = FALSE
	EndGlobalSection
EndGlobal
