
Microsoft Visual Studio Solution File, Format Version 12.00
# Visual Studio 15
VisualStudioVersion = 15.0.26228.10
MinimumVisualStudioVersion = 10.0.40219.1
Project("{FAE04EC0-301F-11D3-BF4B-00C04F79EFBC}") = "Sample.iOS", "Sample.iOS.csproj", "{36FA6AFC-AF0C-4C0B-87B8-6DC29B00AF8C}"
EndProject
Project("{FAE04EC0-301F-11D3-BF4B-00C04F79EFBC}") = "SignaturePad.iOS", "..\..\src\SignaturePad.iOS\SignaturePad.iOS.csproj", "{BEF71536-787B-431F-AC7F-A6469710D11F}"
EndProject
Project("{D954291E-2A0B-460D-934E-DC6B0785DB48}") = "SignaturePad.Shared", "..\..\src\SignaturePad.Shared\SignaturePad.Shared.shproj", "{05D1E7C0-73FC-41DE-A7D6-01AE4C1A4DD3}"
EndProject
Project("{D954291E-2A0B-460D-934E-DC6B0785DB48}") = "SignaturePad.InkPresenter.Shared", "..\..\src\SignaturePad.InkPresenter.Shared\SignaturePad.InkPresenter.Shared.shproj", "{A839EE31-E686-433E-B1F4-52A56C384D30}"
EndProject
Global
	GlobalSection(SharedMSBuildProjectFiles) = preSolution
		..\..\src\SignaturePad.Shared\SignaturePad.Shared.projitems*{05d1e7c0-73fc-41de-a7d6-01ae4c1a4dd3}*SharedItemsImports = 13
		..\..\src\SignaturePad.InkPresenter.Shared\SignaturePad.InkPresenter.Shared.projitems*{bef71536-787b-431f-ac7f-a6469710d11f}*SharedItemsImports = 4
		..\..\src\SignaturePad.Shared\SignaturePad.Shared.projitems*{bef71536-787b-431f-ac7f-a6469710d11f}*SharedItemsImports = 4
	EndGlobalSection
	GlobalSection(SolutionConfigurationPlatforms) = preSolution
		Debug|iPhone = Debug|iPhone
		Debug|iPhoneSimulator = Debug|iPhoneSimulator
		Release|iPhone = Release|iPhone
		Release|iPhoneSimulator = Release|iPhoneSimulator
	EndGlobalSection
	GlobalSection(ProjectConfigurationPlatforms) = postSolution
		{36FA6AFC-AF0C-4C0B-87B8-6DC29B00AF8C}.Debug|iPhone.ActiveCfg = Debug|iPhone
		{36FA6AFC-AF0C-4C0B-87B8-6DC29B00AF8C}.Debug|iPhone.Build.0 = Debug|iPhone
		{36FA6AFC-AF0C-4C0B-87B8-6DC29B00AF8C}.Debug|iPhoneSimulator.ActiveCfg = Debug|iPhoneSimulator
		{36FA6AFC-AF0C-4C0B-87B8-6DC29B00AF8C}.Debug|iPhoneSimulator.Build.0 = Debug|iPhoneSimulator
		{36FA6AFC-AF0C-4C0B-87B8-6DC29B00AF8C}.Release|iPhone.ActiveCfg = Release|iPhone
		{36FA6AFC-AF0C-4C0B-87B8-6DC29B00AF8C}.Release|iPhone.Build.0 = Release|iPhone
		{36FA6AFC-AF0C-4C0B-87B8-6DC29B00AF8C}.Release|iPhoneSimulator.ActiveCfg = Release|iPhoneSimulator
		{36FA6AFC-AF0C-4C0B-87B8-6DC29B00AF8C}.Release|iPhoneSimulator.Build.0 = Release|iPhoneSimulator
		{BEF71536-787B-431F-AC7F-A6469710D11F}.Debug|iPhone.ActiveCfg = Debug|Any CPU
		{BEF71536-787B-431F-AC7F-A6469710D11F}.Debug|iPhone.Build.0 = Debug|Any CPU
		{BEF71536-787B-431F-AC7F-A6469710D11F}.Debug|iPhoneSimulator.ActiveCfg = Debug|Any CPU
		{BEF71536-787B-431F-AC7F-A6469710D11F}.Debug|iPhoneSimulator.Build.0 = Debug|Any CPU
		{BEF71536-787B-431F-AC7F-A6469710D11F}.Release|iPhone.ActiveCfg = Release|Any CPU
		{BEF71536-787B-431F-AC7F-A6469710D11F}.Release|iPhone.Build.0 = Release|Any CPU
		{BEF71536-787B-431F-AC7F-A6469710D11F}.Release|iPhoneSimulator.ActiveCfg = Release|Any CPU
		{BEF71536-787B-431F-AC7F-A6469710D11F}.Release|iPhoneSimulator.Build.0 = Release|Any CPU
	EndGlobalSection
	GlobalSection(SolutionProperties) = preSolution
		HideSolutionNode = FALSE
	EndGlobalSection
	GlobalSection(MonoDevelopProperties) = preSolution
		StartupItem = Sample.iOS.csproj
	EndGlobalSection
EndGlobal
