
Microsoft Visual Studio Solution File, Format Version 12.00
# Visual Studio 14
VisualStudioVersion = 14.0.25123.0
MinimumVisualStudioVersion = 10.0.40219.1
Project("{FAE04EC0-301F-11D3-BF4B-00C04F79EFBC}") = "Sample-Classic", "Sample-Classic.csproj", "{733E5CA3-D51E-48A9-81C8-5509C0BA90CF}"
EndProject
Project("{FAE04EC0-301F-11D3-BF4B-00C04F79EFBC}") = "SignaturePad.iOS-Classic", "..\..\src\SignaturePad.iOS\SignaturePad.iOS-Classic.csproj", "{1E112A81-4384-42E3-84CF-CDEDC5FD1B24}"
EndProject
Global
	GlobalSection(SolutionConfigurationPlatforms) = preSolution
		Debug|iPhone = Debug|iPhone
		Debug|iPhoneSimulator = Debug|iPhoneSimulator
		Release|iPhone = Release|iPhone
		Release|iPhoneSimulator = Release|iPhoneSimulator
	EndGlobalSection
	GlobalSection(ProjectConfigurationPlatforms) = postSolution
		{733E5CA3-D51E-48A9-81C8-5509C0BA90CF}.Debug|iPhone.ActiveCfg = Debug|iPhone
		{733E5CA3-D51E-48A9-81C8-5509C0BA90CF}.Debug|iPhone.Build.0 = Debug|iPhone
		{733E5CA3-D51E-48A9-81C8-5509C0BA90CF}.Debug|iPhoneSimulator.ActiveCfg = Debug|iPhoneSimulator
		{733E5CA3-D51E-48A9-81C8-5509C0BA90CF}.Debug|iPhoneSimulator.Build.0 = Debug|iPhoneSimulator
		{733E5CA3-D51E-48A9-81C8-5509C0BA90CF}.Release|iPhone.ActiveCfg = Release|iPhone
		{733E5CA3-D51E-48A9-81C8-5509C0BA90CF}.Release|iPhone.Build.0 = Release|iPhone
		{733E5CA3-D51E-48A9-81C8-5509C0BA90CF}.Release|iPhoneSimulator.ActiveCfg = Release|iPhoneSimulator
		{733E5CA3-D51E-48A9-81C8-5509C0BA90CF}.Release|iPhoneSimulator.Build.0 = Release|iPhoneSimulator
		{1E112A81-4384-42E3-84CF-CDEDC5FD1B24}.Debug|iPhone.ActiveCfg = Debug|Any CPU
		{1E112A81-4384-42E3-84CF-CDEDC5FD1B24}.Debug|iPhone.Build.0 = Debug|Any CPU
		{1E112A81-4384-42E3-84CF-CDEDC5FD1B24}.Debug|iPhoneSimulator.ActiveCfg = Debug|Any CPU
		{1E112A81-4384-42E3-84CF-CDEDC5FD1B24}.Debug|iPhoneSimulator.Build.0 = Debug|Any CPU
		{1E112A81-4384-42E3-84CF-CDEDC5FD1B24}.Release|iPhone.ActiveCfg = Release|Any CPU
		{1E112A81-4384-42E3-84CF-CDEDC5FD1B24}.Release|iPhone.Build.0 = Release|Any CPU
		{1E112A81-4384-42E3-84CF-CDEDC5FD1B24}.Release|iPhoneSimulator.ActiveCfg = Release|Any CPU
		{1E112A81-4384-42E3-84CF-CDEDC5FD1B24}.Release|iPhoneSimulator.Build.0 = Release|Any CPU
	EndGlobalSection
	GlobalSection(SolutionProperties) = preSolution
		HideSolutionNode = FALSE
	EndGlobalSection
	GlobalSection(MonoDevelopProperties) = preSolution
		StartupItem = Sample-Classic.csproj
	EndGlobalSection
EndGlobal
