
Microsoft Visual Studio Solution File, Format Version 12.00
# Visual Studio 14
VisualStudioVersion = 14.0.25420.1
MinimumVisualStudioVersion = 10.0.40219.1
Project("{FAE04EC0-301F-11D3-BF4B-00C04F79EFBC}") = "SignaturePad.WP8", "SignaturePad.WP8\SignaturePad.WP8.csproj", "{105D08DE-982A-4F39-9FB2-82735CF2F3F1}"
EndProject
Project("{FAE04EC0-301F-11D3-BF4B-00C04F79EFBC}") = "SignaturePad.Forms", "SignaturePad.Forms\SignaturePad.Forms.csproj", "{B2AF970D-D640-451C-95AF-92AF531B8C1E}"
EndProject
Project("{FAE04EC0-301F-11D3-BF4B-00C04F79EFBC}") = "SignaturePad.Forms.WindowsPhone", "SignaturePad.Forms.WindowsPhone\SignaturePad.Forms.WindowsPhone.csproj", "{FB73D461-D197-42A2-8928-086333277E54}"
EndProject
Project("{2150E333-8FDC-42A3-9474-1A3956D46DE8}") = "Forms", "Forms", "{2E0B4682-FC63-4CCE-A52F-E8ED176B3EC6}"
EndProject
Project("{D954291E-2A0B-460D-934E-DC6B0785DB48}") = "SignaturePad.Forms.Platform.Shared", "SignaturePad.Forms.Platform.Shared\SignaturePad.Forms.Platform.Shared.shproj", "{4C55BDD7-F049-4742-9E00-CDD480E53A54}"
EndProject
Project("{D954291E-2A0B-460D-934E-DC6B0785DB48}") = "SignaturePad.Shared", "SignaturePad.Shared\SignaturePad.Shared.shproj", "{05D1E7C0-73FC-41DE-A7D6-01AE4C1A4DD3}"
EndProject
Project("{D954291E-2A0B-460D-934E-DC6B0785DB48}") = "SignaturePad.InkPresenter.Shared", "SignaturePad.InkPresenter.Shared\SignaturePad.InkPresenter.Shared.shproj", "{A839EE31-E686-433E-B1F4-52A56C384D30}"
EndProject
Project("{D954291E-2A0B-460D-934E-DC6B0785DB48}") = "SignaturePad.Forms.Shared", "SignaturePad.Forms.Shared\SignaturePad.Forms.Shared.shproj", "{D522B5D1-E475-4E17-9282-564952CAD281}"
EndProject
Project("{FAE04EC0-301F-11D3-BF4B-00C04F79EFBC}") = "SignaturePad.WindowsPhone81", "SignaturePad.WindowsPhone81\SignaturePad.WindowsPhone81.csproj", "{F7B2FD45-EAC0-4CF1-8BFD-43E2C080ED3E}"
EndProject
Project("{FAE04EC0-301F-11D3-BF4B-00C04F79EFBC}") = "SignaturePad.Windows81", "SignaturePad.Windows81\SignaturePad.Windows81.csproj", "{D084E70F-D32B-4E17-8583-73BFA4D1EDE6}"
EndProject
Project("{FAE04EC0-301F-11D3-BF4B-00C04F79EFBC}") = "SignaturePad.WindowsRuntime81", "SignaturePad.WindowsRuntime81\SignaturePad.WindowsRuntime81.csproj", "{71AC63E4-ECE4-4412-B318-D5E7BD65EC50}"
EndProject
Project("{FAE04EC0-301F-11D3-BF4B-00C04F79EFBC}") = "SignaturePad.Forms.Windows81", "SignaturePad.Forms.Windows81\SignaturePad.Forms.Windows81.csproj", "{FFF4B94A-54F1-4C45-9027-211AD220391C}"
EndProject
Project("{FAE04EC0-301F-11D3-BF4B-00C04F79EFBC}") = "SignaturePad.Forms.WindowsPhone81", "SignaturePad.Forms.WindowsPhone81\SignaturePad.Forms.WindowsPhone81.csproj", "{F36EE8E1-F28E-48EE-852E-274186D49DF3}"
EndProject
Global
	GlobalSection(SharedMSBuildProjectFiles) = preSolution
		SignaturePad.Shared\SignaturePad.Shared.projitems*{05d1e7c0-73fc-41de-a7d6-01ae4c1a4dd3}*SharedItemsImports = 13
		SignaturePad.Shared\SignaturePad.Shared.projitems*{105d08de-982a-4f39-9fb2-82735cf2f3f1}*SharedItemsImports = 4
		SignaturePad.Forms.Platform.Shared\SignaturePad.Forms.Platform.Shared.projitems*{4c55bdd7-f049-4742-9e00-cdd480e53a54}*SharedItemsImports = 13
		SignaturePad.InkPresenter.Shared\SignaturePad.InkPresenter.Shared.projitems*{a839ee31-e686-433e-b1f4-52a56c384d30}*SharedItemsImports = 13
		SignaturePad.Forms.Shared\SignaturePad.Forms.Shared.projitems*{b2af970d-d640-451c-95af-92af531b8c1e}*SharedItemsImports = 4
		SignaturePad.Shared\SignaturePad.Shared.projitems*{d084e70f-d32b-4e17-8583-73bfa4d1ede6}*SharedItemsImports = 4
		SignaturePad.Forms.Shared\SignaturePad.Forms.Shared.projitems*{d522b5d1-e475-4e17-9282-564952cad281}*SharedItemsImports = 13
		SignaturePad.Forms.Platform.Shared\SignaturePad.Forms.Platform.Shared.projitems*{f36ee8e1-f28e-48ee-852e-274186d49df3}*SharedItemsImports = 4
		SignaturePad.Forms.Shared\SignaturePad.Forms.Shared.projitems*{f36ee8e1-f28e-48ee-852e-274186d49df3}*SharedItemsImports = 4
		SignaturePad.InkPresenter.Shared\SignaturePad.InkPresenter.Shared.projitems*{f7b2fd45-eac0-4cf1-8bfd-43e2c080ed3e}*SharedItemsImports = 4
		SignaturePad.Shared\SignaturePad.Shared.projitems*{f7b2fd45-eac0-4cf1-8bfd-43e2c080ed3e}*SharedItemsImports = 4
		SignaturePad.Forms.Platform.Shared\SignaturePad.Forms.Platform.Shared.projitems*{fb73d461-d197-42a2-8928-086333277e54}*SharedItemsImports = 4
		SignaturePad.Forms.Shared\SignaturePad.Forms.Shared.projitems*{fb73d461-d197-42a2-8928-086333277e54}*SharedItemsImports = 4
		SignaturePad.Forms.Platform.Shared\SignaturePad.Forms.Platform.Shared.projitems*{fff4b94a-54f1-4c45-9027-211ad220391c}*SharedItemsImports = 4
		SignaturePad.Forms.Shared\SignaturePad.Forms.Shared.projitems*{fff4b94a-54f1-4c45-9027-211ad220391c}*SharedItemsImports = 4
	EndGlobalSection
	GlobalSection(SolutionConfigurationPlatforms) = preSolution
		Debug|Any CPU = Debug|Any CPU
		Release|Any CPU = Release|Any CPU
	EndGlobalSection
	GlobalSection(ProjectConfigurationPlatforms) = postSolution
		{105D08DE-982A-4F39-9FB2-82735CF2F3F1}.Debug|Any CPU.ActiveCfg = Debug|Any CPU
		{105D08DE-982A-4F39-9FB2-82735CF2F3F1}.Debug|Any CPU.Build.0 = Debug|Any CPU
		{105D08DE-982A-4F39-9FB2-82735CF2F3F1}.Release|Any CPU.ActiveCfg = Release|Any CPU
		{105D08DE-982A-4F39-9FB2-82735CF2F3F1}.Release|Any CPU.Build.0 = Release|Any CPU
		{B2AF970D-D640-451C-95AF-92AF531B8C1E}.Debug|Any CPU.ActiveCfg = Debug|Any CPU
		{B2AF970D-D640-451C-95AF-92AF531B8C1E}.Debug|Any CPU.Build.0 = Debug|Any CPU
		{B2AF970D-D640-451C-95AF-92AF531B8C1E}.Release|Any CPU.ActiveCfg = Release|Any CPU
		{B2AF970D-D640-451C-95AF-92AF531B8C1E}.Release|Any CPU.Build.0 = Release|Any CPU
		{FB73D461-D197-42A2-8928-086333277E54}.Debug|Any CPU.ActiveCfg = Debug|Any CPU
		{FB73D461-D197-42A2-8928-086333277E54}.Debug|Any CPU.Build.0 = Debug|Any CPU
		{FB73D461-D197-42A2-8928-086333277E54}.Release|Any CPU.ActiveCfg = Release|Any CPU
		{FB73D461-D197-42A2-8928-086333277E54}.Release|Any CPU.Build.0 = Release|Any CPU
		{F7B2FD45-EAC0-4CF1-8BFD-43E2C080ED3E}.Debug|Any CPU.ActiveCfg = Debug|Any CPU
		{F7B2FD45-EAC0-4CF1-8BFD-43E2C080ED3E}.Debug|Any CPU.Build.0 = Debug|Any CPU
		{F7B2FD45-EAC0-4CF1-8BFD-43E2C080ED3E}.Release|Any CPU.ActiveCfg = Release|Any CPU
		{F7B2FD45-EAC0-4CF1-8BFD-43E2C080ED3E}.Release|Any CPU.Build.0 = Release|Any CPU
		{D084E70F-D32B-4E17-8583-73BFA4D1EDE6}.Debug|Any CPU.ActiveCfg = Debug|Any CPU
		{D084E70F-D32B-4E17-8583-73BFA4D1EDE6}.Debug|Any CPU.Build.0 = Debug|Any CPU
		{D084E70F-D32B-4E17-8583-73BFA4D1EDE6}.Release|Any CPU.ActiveCfg = Release|Any CPU
		{D084E70F-D32B-4E17-8583-73BFA4D1EDE6}.Release|Any CPU.Build.0 = Release|Any CPU
		{71AC63E4-ECE4-4412-B318-D5E7BD65EC50}.Debug|Any CPU.ActiveCfg = Debug|Any CPU
		{71AC63E4-ECE4-4412-B318-D5E7BD65EC50}.Debug|Any CPU.Build.0 = Debug|Any CPU
		{71AC63E4-ECE4-4412-B318-D5E7BD65EC50}.Release|Any CPU.ActiveCfg = Release|Any CPU
		{71AC63E4-ECE4-4412-B318-D5E7BD65EC50}.Release|Any CPU.Build.0 = Release|Any CPU
		{FFF4B94A-54F1-4C45-9027-211AD220391C}.Debug|Any CPU.ActiveCfg = Debug|Any CPU
		{FFF4B94A-54F1-4C45-9027-211AD220391C}.Debug|Any CPU.Build.0 = Debug|Any CPU
		{FFF4B94A-54F1-4C45-9027-211AD220391C}.Release|Any CPU.ActiveCfg = Release|Any CPU
		{FFF4B94A-54F1-4C45-9027-211AD220391C}.Release|Any CPU.Build.0 = Release|Any CPU
		{F36EE8E1-F28E-48EE-852E-274186D49DF3}.Debug|Any CPU.ActiveCfg = Debug|Any CPU
		{F36EE8E1-F28E-48EE-852E-274186D49DF3}.Debug|Any CPU.Build.0 = Debug|Any CPU
		{F36EE8E1-F28E-48EE-852E-274186D49DF3}.Release|Any CPU.ActiveCfg = Release|Any CPU
		{F36EE8E1-F28E-48EE-852E-274186D49DF3}.Release|Any CPU.Build.0 = Release|Any CPU
	EndGlobalSection
	GlobalSection(SolutionProperties) = preSolution
		HideSolutionNode = FALSE
	EndGlobalSection
	GlobalSection(NestedProjects) = preSolution
		{B2AF970D-D640-451C-95AF-92AF531B8C1E} = {2E0B4682-FC63-4CCE-A52F-E8ED176B3EC6}
		{FB73D461-D197-42A2-8928-086333277E54} = {2E0B4682-FC63-4CCE-A52F-E8ED176B3EC6}
		{4C55BDD7-F049-4742-9E00-CDD480E53A54} = {2E0B4682-FC63-4CCE-A52F-E8ED176B3EC6}
		{D522B5D1-E475-4E17-9282-564952CAD281} = {2E0B4682-FC63-4CCE-A52F-E8ED176B3EC6}
		{FFF4B94A-54F1-4C45-9027-211AD220391C} = {2E0B4682-FC63-4CCE-A52F-E8ED176B3EC6}
		{F36EE8E1-F28E-48EE-852E-274186D49DF3} = {2E0B4682-FC63-4CCE-A52F-E8ED176B3EC6}
	EndGlobalSection
EndGlobal
