
Microsoft Visual Studio Solution File, Format Version 12.00
# Visual Studio 15
VisualStudioVersion = 15.0.26730.15
MinimumVisualStudioVersion = 10.0.40219.1
Project("{9A19103F-16F7-4668-BE54-9A1E7A4F7556}") = "SignaturePad.iOS", "SignaturePad.iOS\SignaturePad.iOS.csproj", "{BEF71536-787B-431F-AC7F-A6469710D11F}"
EndProject
Project("{9A19103F-16F7-4668-BE54-9A1E7A4F7556}") = "SignaturePad.Android", "SignaturePad.Android\SignaturePad.Android.csproj", "{F1A16CB9-A759-42C8-8F0B-3C9698A55336}"
EndProject
Project("{9A19103F-16F7-4668-BE54-9A1E7A4F7556}") = "SignaturePad.Forms", "SignaturePad.Forms\SignaturePad.Forms.csproj", "{B2AF970D-D640-451C-95AF-92AF531B8C1E}"
EndProject
Project("{9A19103F-16F7-4668-BE54-9A1E7A4F7556}") = "SignaturePad.Forms.Droid", "SignaturePad.Forms.Droid\SignaturePad.Forms.Droid.csproj", "{1D5482F6-AA89-422C-9E34-88A8A1AD8AB6}"
EndProject
Project("{9A19103F-16F7-4668-BE54-9A1E7A4F7556}") = "SignaturePad.Forms.iOS", "SignaturePad.Forms.iOS\SignaturePad.Forms.iOS.csproj", "{B12D20AA-0EDF-4903-B385-BB8090848532}"
EndProject
Project("{9A19103F-16F7-4668-BE54-9A1E7A4F7556}") = "SignaturePad.UWP", "SignaturePad.UWP\SignaturePad.UWP.csproj", "{16131FDC-D50B-4EF2-8ECC-661184FF80DB}"
EndProject
Project("{9A19103F-16F7-4668-BE54-9A1E7A4F7556}") = "SignaturePad.Forms.UWP", "SignaturePad.Forms.UWP\SignaturePad.Forms.UWP.csproj", "{6FC62387-6717-4577-A48B-D15848741F08}"
EndProject
Global
	GlobalSection(SolutionConfigurationPlatforms) = preSolution
		Debug|Any CPU = Debug|Any CPU
		Release|Any CPU = Release|Any CPU
	EndGlobalSection
	GlobalSection(ProjectConfigurationPlatforms) = postSolution
		{BEF71536-787B-431F-AC7F-A6469710D11F}.Debug|Any CPU.ActiveCfg = Debug|Any CPU
		{BEF71536-787B-431F-AC7F-A6469710D11F}.Debug|Any CPU.Build.0 = Debug|Any CPU
		{BEF71536-787B-431F-AC7F-A6469710D11F}.Release|Any CPU.ActiveCfg = Release|Any CPU
		{BEF71536-787B-431F-AC7F-A6469710D11F}.Release|Any CPU.Build.0 = Release|Any CPU
		{F1A16CB9-A759-42C8-8F0B-3C9698A55336}.Debug|Any CPU.ActiveCfg = Debug|Any CPU
		{F1A16CB9-A759-42C8-8F0B-3C9698A55336}.Debug|Any CPU.Build.0 = Debug|Any CPU
		{F1A16CB9-A759-42C8-8F0B-3C9698A55336}.Release|Any CPU.ActiveCfg = Release|Any CPU
		{F1A16CB9-A759-42C8-8F0B-3C9698A55336}.Release|Any CPU.Build.0 = Release|Any CPU
		{B2AF970D-D640-451C-95AF-92AF531B8C1E}.Debug|Any CPU.ActiveCfg = Debug|Any CPU
		{B2AF970D-D640-451C-95AF-92AF531B8C1E}.Debug|Any CPU.Build.0 = Debug|Any CPU
		{B2AF970D-D640-451C-95AF-92AF531B8C1E}.Release|Any CPU.ActiveCfg = Release|Any CPU
		{B2AF970D-D640-451C-95AF-92AF531B8C1E}.Release|Any CPU.Build.0 = Release|Any CPU
		{1D5482F6-AA89-422C-9E34-88A8A1AD8AB6}.Debug|Any CPU.ActiveCfg = Debug|Any CPU
		{1D5482F6-AA89-422C-9E34-88A8A1AD8AB6}.Debug|Any CPU.Build.0 = Debug|Any CPU
		{1D5482F6-AA89-422C-9E34-88A8A1AD8AB6}.Release|Any CPU.ActiveCfg = Release|Any CPU
		{1D5482F6-AA89-422C-9E34-88A8A1AD8AB6}.Release|Any CPU.Build.0 = Release|Any CPU
		{B12D20AA-0EDF-4903-B385-BB8090848532}.Debug|Any CPU.ActiveCfg = Debug|Any CPU
		{B12D20AA-0EDF-4903-B385-BB8090848532}.Debug|Any CPU.Build.0 = Debug|Any CPU
		{B12D20AA-0EDF-4903-B385-BB8090848532}.Release|Any CPU.ActiveCfg = Release|Any CPU
		{B12D20AA-0EDF-4903-B385-BB8090848532}.Release|Any CPU.Build.0 = Release|Any CPU
		{16131FDC-D50B-4EF2-8ECC-661184FF80DB}.Debug|Any CPU.ActiveCfg = Debug|Any CPU
		{16131FDC-D50B-4EF2-8ECC-661184FF80DB}.Debug|Any CPU.Build.0 = Debug|Any CPU
		{16131FDC-D50B-4EF2-8ECC-661184FF80DB}.Release|Any CPU.ActiveCfg = Release|Any CPU
		{16131FDC-D50B-4EF2-8ECC-661184FF80DB}.Release|Any CPU.Build.0 = Release|Any CPU
		{6FC62387-6717-4577-A48B-D15848741F08}.Debug|Any CPU.ActiveCfg = Debug|Any CPU
		{6FC62387-6717-4577-A48B-D15848741F08}.Debug|Any CPU.Build.0 = Debug|Any CPU
		{6FC62387-6717-4577-A48B-D15848741F08}.Release|Any CPU.ActiveCfg = Release|Any CPU
		{6FC62387-6717-4577-A48B-D15848741F08}.Release|Any CPU.Build.0 = Release|Any CPU
	EndGlobalSection
	GlobalSection(SolutionProperties) = preSolution
		HideSolutionNode = FALSE
	EndGlobalSection
	GlobalSection(ExtensibilityGlobals) = postSolution
		SolutionGuid = {151CF82C-49C4-42D5-8023-2684A3D42EF8}
	EndGlobalSection
EndGlobal
