
Microsoft Visual Studio Solution File, Format Version 12.00
# Visual Studio 15
VisualStudioVersion = 15.0.26228.10
MinimumVisualStudioVersion = 10.0.40219.1
Project("{FAE04EC0-301F-11D3-BF4B-00C04F79EFBC}") = "Sample.UWP", "Sample.UWP.csproj", "{1864E65A-B7F5-49AE-BF54-6A06C5CFD625}"
EndProject
Project("{9A19103F-16F7-4668-BE54-9A1E7A4F7556}") = "SignaturePad.UWP", "..\..\src\SignaturePad.UWP\SignaturePad.UWP.csproj", "{16131FDC-D50B-4EF2-8ECC-661184FF80DB}"
EndProject
Global
	GlobalSection(SolutionConfigurationPlatforms) = preSolution
		Debug|Any CPU = Debug|Any CPU
		Debug|ARM = Debug|ARM
		Debug|x64 = Debug|x64
		Debug|x86 = Debug|x86
		Release|Any CPU = Release|Any CPU
		Release|ARM = Release|ARM
		Release|x64 = Release|x64
		Release|x86 = Release|x86
	EndGlobalSection
	GlobalSection(ProjectConfigurationPlatforms) = postSolution
		{1864E65A-B7F5-49AE-BF54-6A06C5CFD625}.Debug|Any CPU.ActiveCfg = Debug|x86
		{1864E65A-B7F5-49AE-BF54-6A06C5CFD625}.Debug|Any CPU.Build.0 = Debug|x86
		{1864E65A-B7F5-49AE-BF54-6A06C5CFD625}.Debug|Any CPU.Deploy.0 = Debug|x86
		{1864E65A-B7F5-49AE-BF54-6A06C5CFD625}.Debug|ARM.ActiveCfg = Debug|ARM
		{1864E65A-B7F5-49AE-BF54-6A06C5CFD625}.Debug|ARM.Build.0 = Debug|ARM
		{1864E65A-B7F5-49AE-BF54-6A06C5CFD625}.Debug|ARM.Deploy.0 = Debug|ARM
		{1864E65A-B7F5-49AE-BF54-6A06C5CFD625}.Debug|x64.ActiveCfg = Debug|x64
		{1864E65A-B7F5-49AE-BF54-6A06C5CFD625}.Debug|x64.Build.0 = Debug|x64
		{1864E65A-B7F5-49AE-BF54-6A06C5CFD625}.Debug|x64.Deploy.0 = Debug|x64
		{1864E65A-B7F5-49AE-BF54-6A06C5CFD625}.Debug|x86.ActiveCfg = Debug|x86
		{1864E65A-B7F5-49AE-BF54-6A06C5CFD625}.Debug|x86.Build.0 = Debug|x86
		{1864E65A-B7F5-49AE-BF54-6A06C5CFD625}.Debug|x86.Deploy.0 = Debug|x86
		{1864E65A-B7F5-49AE-BF54-6A06C5CFD625}.Release|Any CPU.ActiveCfg = Release|x86
		{1864E65A-B7F5-49AE-BF54-6A06C5CFD625}.Release|Any CPU.Build.0 = Release|x86
		{1864E65A-B7F5-49AE-BF54-6A06C5CFD625}.Release|Any CPU.Deploy.0 = Release|x86
		{1864E65A-B7F5-49AE-BF54-6A06C5CFD625}.Release|ARM.ActiveCfg = Release|ARM
		{1864E65A-B7F5-49AE-BF54-6A06C5CFD625}.Release|ARM.Build.0 = Release|ARM
		{1864E65A-B7F5-49AE-BF54-6A06C5CFD625}.Release|ARM.Deploy.0 = Release|ARM
		{1864E65A-B7F5-49AE-BF54-6A06C5CFD625}.Release|x64.ActiveCfg = Release|x64
		{1864E65A-B7F5-49AE-BF54-6A06C5CFD625}.Release|x64.Build.0 = Release|x64
		{1864E65A-B7F5-49AE-BF54-6A06C5CFD625}.Release|x64.Deploy.0 = Release|x64
		{1864E65A-B7F5-49AE-BF54-6A06C5CFD625}.Release|x86.ActiveCfg = Release|x86
		{1864E65A-B7F5-49AE-BF54-6A06C5CFD625}.Release|x86.Build.0 = Release|x86
		{1864E65A-B7F5-49AE-BF54-6A06C5CFD625}.Release|x86.Deploy.0 = Release|x86
		{16131FDC-D50B-4EF2-8ECC-661184FF80DB}.Debug|Any CPU.ActiveCfg = Debug|Any CPU
		{16131FDC-D50B-4EF2-8ECC-661184FF80DB}.Debug|Any CPU.Build.0 = Debug|Any CPU
		{16131FDC-D50B-4EF2-8ECC-661184FF80DB}.Debug|ARM.ActiveCfg = Debug|Any CPU
		{16131FDC-D50B-4EF2-8ECC-661184FF80DB}.Debug|ARM.Build.0 = Debug|Any CPU
		{16131FDC-D50B-4EF2-8ECC-661184FF80DB}.Debug|x64.ActiveCfg = Debug|Any CPU
		{16131FDC-D50B-4EF2-8ECC-661184FF80DB}.Debug|x64.Build.0 = Debug|Any CPU
		{16131FDC-D50B-4EF2-8ECC-661184FF80DB}.Debug|x86.ActiveCfg = Debug|Any CPU
		{16131FDC-D50B-4EF2-8ECC-661184FF80DB}.Debug|x86.Build.0 = Debug|Any CPU
		{16131FDC-D50B-4EF2-8ECC-661184FF80DB}.Release|Any CPU.ActiveCfg = Release|Any CPU
		{16131FDC-D50B-4EF2-8ECC-661184FF80DB}.Release|Any CPU.Build.0 = Release|Any CPU
		{16131FDC-D50B-4EF2-8ECC-661184FF80DB}.Release|ARM.ActiveCfg = Release|Any CPU
		{16131FDC-D50B-4EF2-8ECC-661184FF80DB}.Release|ARM.Build.0 = Release|Any CPU
		{16131FDC-D50B-4EF2-8ECC-661184FF80DB}.Release|x64.ActiveCfg = Release|Any CPU
		{16131FDC-D50B-4EF2-8ECC-661184FF80DB}.Release|x64.Build.0 = Release|Any CPU
		{16131FDC-D50B-4EF2-8ECC-661184FF80DB}.Release|x86.ActiveCfg = Release|Any CPU
		{16131FDC-D50B-4EF2-8ECC-661184FF80DB}.Release|x86.Build.0 = Release|Any CPU
	EndGlobalSection
	GlobalSection(SolutionProperties) = preSolution
		HideSolutionNode = FALSE
	EndGlobalSection
	GlobalSection(ExtensibilityGlobals) = postSolution
		SolutionGuid = {C5C464A1-5A66-41CD-9338-F56E7C671A9A}
	EndGlobalSection
EndGlobal
